Microsoft Visual Studio Solution File, Format Version 12.00
# Visual Studio 15
VisualStudioVersion = 15.0.27130.2024
MinimumVisualStudioVersion = 15.0.26124.0
Project("{9A19103F-16F7-4668-BE54-9A1E7A4F7556}") = "MathClient", "MathClient\MathClient.csproj", "{E06CDFAA-7523-4E40-8A05-27A7BCD1682D}"
EndProject
Project("{9A19103F-16F7-4668-BE54-9A1E7A4F7556}") = "MathCommon", "MathCommon\MathCommon.csproj", "{AA4D042A-EAF3-4071-BCDA-0DF58495A883}"
EndProject
Project("{9A19103F-16F7-4668-BE54-9A1E7A4F7556}") = "MathServer", "MathServer\MathServer.csproj", "{5C6AEAE6-96C2-44D1-B390-AEB225512797}"
EndProject
Project("{2150E333-8FDC-42A3-9474-1A3956D46DE8}") = "sample", "sample", "{E57B21D8-1EBE-4724-B708-49778A4F9E92}"
EndProject
Global
	GlobalSection(SolutionConfigurationPlatforms) = preSolution
		Debug|Any CPU = Debug|Any CPU
		Debug|x64 = Debug|x64
		Debug|x86 = Debug|x86
		Release|Any CPU = Release|Any CPU
		Release|x64 = Release|x64
		Release|x86 = Release|x86
	EndGlobalSection
	GlobalSection(ProjectConfigurationPlatforms) = postSolution
		{E06CDFAA-7523-4E40-8A05-27A7BCD1682D}.Debug|Any CPU.ActiveCfg = Debug|Any CPU
		{E06CDFAA-7523-4E40-8A05-27A7BCD1682D}.Debug|Any CPU.Build.0 = Debug|Any CPU
		{E06CDFAA-7523-4E40-8A05-27A7BCD1682D}.Debug|x64.ActiveCfg = Debug|Any CPU
		{E06CDFAA-7523-4E40-8A05-27A7BCD1682D}.Debug|x64.Build.0 = Debug|Any CPU
		{E06CDFAA-7523-4E40-8A05-27A7BCD1682D}.Debug|x86.ActiveCfg = Debug|Any CPU
		{E06CDFAA-7523-4E40-8A05-27A7BCD1682D}.Debug|x86.Build.0 = Debug|Any CPU
		{E06CDFAA-7523-4E40-8A05-27A7BCD1682D}.Release|Any CPU.ActiveCfg = Release|Any CPU
		{E06CDFAA-7523-4E40-8A05-27A7BCD1682D}.Release|Any CPU.Build.0 = Release|Any CPU
		{E06CDFAA-7523-4E40-8A05-27A7BCD1682D}.Release|x64.ActiveCfg = Release|Any CPU
		{E06CDFAA-7523-4E40-8A05-27A7BCD1682D}.Release|x64.Build.0 = Release|Any CPU
		{E06CDFAA-7523-4E40-8A05-27A7BCD1682D}.Release|x86.ActiveCfg = Release|Any CPU
		{E06CDFAA-7523-4E40-8A05-27A7BCD1682D}.Release|x86.Build.0 = Release|Any CPU
		{AA4D042A-EAF3-4071-BCDA-0DF58495A883}.Debug|Any CPU.ActiveCfg = Debug|Any CPU
		{AA4D042A-EAF3-4071-BCDA-0DF58495A883}.Debug|Any CPU.Build.0 = Debug|Any CPU
		{AA4D042A-EAF3-4071-BCDA-0DF58495A883}.Debug|x64.ActiveCfg = Debug|Any CPU
		{AA4D042A-EAF3-4071-BCDA-0DF58495A883}.Debug|x64.Build.0 = Debug|Any CPU
		{AA4D042A-EAF3-4071-BCDA-0DF58495A883}.Debug|x86.ActiveCfg = Debug|Any CPU
		{AA4D042A-EAF3-4071-BCDA-0DF58495A883}.Debug|x86.Build.0 = Debug|Any CPU
		{AA4D042A-EAF3-4071-BCDA-0DF58495A883}.Release|Any CPU.ActiveCfg = Release|Any CPU
		{AA4D042A-EAF3-4071-BCDA-0DF58495A883}.Release|Any CPU.Build.0 = Release|Any CPU
		{AA4D042A-EAF3-4071-BCDA-0DF58495A883}.Release|x64.ActiveCfg = Release|Any CPU
		{AA4D042A-EAF3-4071-BCDA-0DF58495A883}.Release|x64.Build.0 = Release|Any CPU
		{AA4D042A-EAF3-4071-BCDA-0DF58495A883}.Release|x86.ActiveCfg = Release|Any CPU
		{AA4D042A-EAF3-4071-BCDA-0DF58495A883}.Release|x86.Build.0 = Release|Any CPU
		{5C6AEAE6-96C2-44D1-B390-AEB225512797}.Debug|Any CPU.ActiveCfg = Debug|Any CPU
		{5C6AEAE6-96C2-44D1-B390-AEB225512797}.Debug|Any CPU.Build.0 = Debug|Any CPU
		{5C6AEAE6-96C2-44D1-B390-AEB225512797}.Debug|x64.ActiveCfg = Debug|Any CPU
		{5C6AEAE6-96C2-44D1-B390-AEB225512797}.Debug|x64.Build.0 = Debug|Any CPU
		{5C6AEAE6-96C2-44D1-B390-AEB225512797}.Debug|x86.ActiveCfg = Debug|Any CPU
		{5C6AEAE6-96C2-44D1-B390-AEB225512797}.Debug|x86.Build.0 = Debug|Any CPU
		{5C6AEAE6-96C2-44D1-B390-AEB225512797}.Release|Any CPU.ActiveCfg = Release|Any CPU
		{5C6AEAE6-96C2-44D1-B390-AEB225512797}.Release|Any CPU.Build.0 = Release|Any CPU
		{5C6AEAE6-96C2-44D1-B390-AEB225512797}.Release|x64.ActiveCfg = Release|Any CPU
		{5C6AEAE6-96C2-44D1-B390-AEB225512797}.Release|x64.Build.0 = Release|Any CPU
		{5C6AEAE6-96C2-44D1-B390-AEB225512797}.Release|x86.ActiveCfg = Release|Any CPU
		{5C6AEAE6-96C2-44D1-B390-AEB225512797}.Release|x86.Build.0 = Release|Any CPU
	EndGlobalSection
	GlobalSection(SolutionProperties) = preSolution
		HideSolutionNode = FALSE
	EndGlobalSection
	GlobalSection(NestedProjects) = preSolution
		{E06CDFAA-7523-4E40-8A05-27A7BCD1682D} = {E57B21D8-1EBE-4724-B708-49778A4F9E92}
		{AA4D042A-EAF3-4071-BCDA-0DF58495A883} = {E57B21D8-1EBE-4724-B708-49778A4F9E92}
		{5C6AEAE6-96C2-44D1-B390-AEB225512797} = {E57B21D8-1EBE-4724-B708-49778A4F9E92}
	EndGlobalSection
	GlobalSection(ExtensibilityGlobals) = postSolution
		SolutionGuid = {CD111F2F-8039-4A73-8289-CABDC10A8827}
	EndGlobalSection
EndGlobal
