Microsoft Visual Studio Solution File, Format Version 12.00
# Visual Studio 15
VisualStudioVersion = 15.0.27130.2003
MinimumVisualStudioVersion = 15.0.26124.0
Project("{9A19103F-16F7-4668-BE54-9A1E7A4F7556}") = "MathClient", "MathClient\MathClient.csproj", "{E06CDFAA-7523-4E40-8A05-27A7BCD1682D}"
EndProject
Project("{9A19103F-16F7-4668-BE54-9A1E7A4F7556}") = "MathCommon", "MathCommon\MathCommon.csproj", "{AA4D042A-EAF3-4071-BCDA-0DF58495A883}"
EndProject
Project("{9A19103F-16F7-4668-BE54-9A1E7A4F7556}") = "MathServer", "MathServer\MathServer.csproj", "{5C6AEAE6-96C2-44D1-B390-AEB225512797}"
EndProject
Project("{2150E333-8FDC-42A3-9474-1A3956D46DE8}") = "sample", "sample", "{E57B21D8-1EBE-4724-B708-49778A4F9E92}"
EndProject
Project("{2150E333-8FDC-42A3-9474-1A3956D46DE8}") = "core", "core", "{50A2DBAD-FE7C-4402-8CF4-D07F80C439DA}"
EndProject
Project("{2150E333-8FDC-42A3-9474-1A3956D46DE8}") = "protocol", "protocol", "{3C110640-9A5D-4E30-85FD-F8937F1E5100}"
EndProject
Project("{9A19103F-16F7-4668-BE54-9A1E7A4F7556}") = "DotBPE.Protocol.Amp", "..\..\protocol\DotBPE.Protocol.Amp\DotBPE.Protocol.Amp.csproj", "{8A53DEFD-EA04-4836-B702-E329894A9785}"
EndProject
Project("{9A19103F-16F7-4668-BE54-9A1E7A4F7556}") = "DotBPE.Protobuf", "..\..\protocol\DotBPE.ProtoBuf\DotBPE.Protobuf.csproj", "{790A5725-95B4-44CE-A8BA-EEF6D4E078AA}"
EndProject
Project("{9A19103F-16F7-4668-BE54-9A1E7A4F7556}") = "DotBPE.Rpc.Netty", "..\..\core\DotBPE.Rpc.Netty\DotBPE.Rpc.Netty.csproj", "{5EC9D50A-44D3-433F-859F-AF2DA5C9290F}"
EndProject
Project("{9A19103F-16F7-4668-BE54-9A1E7A4F7556}") = "DotBPE.Rpc", "..\..\core\DotBPE.Rpc\DotBPE.Rpc.csproj", "{71D3C17E-CBF5-4666-89AF-A109C887ADDF}"
EndProject
Global
	GlobalSection(SolutionConfigurationPlatforms) = preSolution
		Debug|Any CPU = Debug|Any CPU
		Debug|x64 = Debug|x64
		Debug|x86 = Debug|x86
		Release|Any CPU = Release|Any CPU
		Release|x64 = Release|x64
		Release|x86 = Release|x86
	EndGlobalSection
	GlobalSection(ProjectConfigurationPlatforms) = postSolution
		{E06CDFAA-7523-4E40-8A05-27A7BCD1682D}.Debug|Any CPU.ActiveCfg = Debug|Any CPU
		{E06CDFAA-7523-4E40-8A05-27A7BCD1682D}.Debug|Any CPU.Build.0 = Debug|Any CPU
		{E06CDFAA-7523-4E40-8A05-27A7BCD1682D}.Debug|x64.ActiveCfg = Debug|Any CPU
		{E06CDFAA-7523-4E40-8A05-27A7BCD1682D}.Debug|x64.Build.0 = Debug|Any CPU
		{E06CDFAA-7523-4E40-8A05-27A7BCD1682D}.Debug|x86.ActiveCfg = Debug|Any CPU
		{E06CDFAA-7523-4E40-8A05-27A7BCD1682D}.Debug|x86.Build.0 = Debug|Any CPU
		{E06CDFAA-7523-4E40-8A05-27A7BCD1682D}.Release|Any CPU.ActiveCfg = Release|Any CPU
		{E06CDFAA-7523-4E40-8A05-27A7BCD1682D}.Release|Any CPU.Build.0 = Release|Any CPU
		{E06CDFAA-7523-4E40-8A05-27A7BCD1682D}.Release|x64.ActiveCfg = Release|Any CPU
		{E06CDFAA-7523-4E40-8A05-27A7BCD1682D}.Release|x64.Build.0 = Release|Any CPU
		{E06CDFAA-7523-4E40-8A05-27A7BCD1682D}.Release|x86.ActiveCfg = Release|Any CPU
		{E06CDFAA-7523-4E40-8A05-27A7BCD1682D}.Release|x86.Build.0 = Release|Any CPU
		{AA4D042A-EAF3-4071-BCDA-0DF58495A883}.Debug|Any CPU.ActiveCfg = Debug|Any CPU
		{AA4D042A-EAF3-4071-BCDA-0DF58495A883}.Debug|Any CPU.Build.0 = Debug|Any CPU
		{AA4D042A-EAF3-4071-BCDA-0DF58495A883}.Debug|x64.ActiveCfg = Debug|Any CPU
		{AA4D042A-EAF3-4071-BCDA-0DF58495A883}.Debug|x64.Build.0 = Debug|Any CPU
		{AA4D042A-EAF3-4071-BCDA-0DF58495A883}.Debug|x86.ActiveCfg = Debug|Any CPU
		{AA4D042A-EAF3-4071-BCDA-0DF58495A883}.Debug|x86.Build.0 = Debug|Any CPU
		{AA4D042A-EAF3-4071-BCDA-0DF58495A883}.Release|Any CPU.ActiveCfg = Release|Any CPU
		{AA4D042A-EAF3-4071-BCDA-0DF58495A883}.Release|Any CPU.Build.0 = Release|Any CPU
		{AA4D042A-EAF3-4071-BCDA-0DF58495A883}.Release|x64.ActiveCfg = Release|Any CPU
		{AA4D042A-EAF3-4071-BCDA-0DF58495A883}.Release|x64.Build.0 = Release|Any CPU
		{AA4D042A-EAF3-4071-BCDA-0DF58495A883}.Release|x86.ActiveCfg = Release|Any CPU
		{AA4D042A-EAF3-4071-BCDA-0DF58495A883}.Release|x86.Build.0 = Release|Any CPU
		{5C6AEAE6-96C2-44D1-B390-AEB225512797}.Debug|Any CPU.ActiveCfg = Debug|Any CPU
		{5C6AEAE6-96C2-44D1-B390-AEB225512797}.Debug|Any CPU.Build.0 = Debug|Any CPU
		{5C6AEAE6-96C2-44D1-B390-AEB225512797}.Debug|x64.ActiveCfg = Debug|Any CPU
		{5C6AEAE6-96C2-44D1-B390-AEB225512797}.Debug|x64.Build.0 = Debug|Any CPU
		{5C6AEAE6-96C2-44D1-B390-AEB225512797}.Debug|x86.ActiveCfg = Debug|Any CPU
		{5C6AEAE6-96C2-44D1-B390-AEB225512797}.Debug|x86.Build.0 = Debug|Any CPU
		{5C6AEAE6-96C2-44D1-B390-AEB225512797}.Release|Any CPU.ActiveCfg = Release|Any CPU
		{5C6AEAE6-96C2-44D1-B390-AEB225512797}.Release|Any CPU.Build.0 = Release|Any CPU
		{5C6AEAE6-96C2-44D1-B390-AEB225512797}.Release|x64.ActiveCfg = Release|Any CPU
		{5C6AEAE6-96C2-44D1-B390-AEB225512797}.Release|x64.Build.0 = Release|Any CPU
		{5C6AEAE6-96C2-44D1-B390-AEB225512797}.Release|x86.ActiveCfg = Release|Any CPU
		{5C6AEAE6-96C2-44D1-B390-AEB225512797}.Release|x86.Build.0 = Release|Any CPU
		{8A53DEFD-EA04-4836-B702-E329894A9785}.Debug|Any CPU.ActiveCfg = Debug|Any CPU
		{8A53DEFD-EA04-4836-B702-E329894A9785}.Debug|Any CPU.Build.0 = Debug|Any CPU
		{8A53DEFD-EA04-4836-B702-E329894A9785}.Debug|x64.ActiveCfg = Debug|Any CPU
		{8A53DEFD-EA04-4836-B702-E329894A9785}.Debug|x64.Build.0 = Debug|Any CPU
		{8A53DEFD-EA04-4836-B702-E329894A9785}.Debug|x86.ActiveCfg = Debug|Any CPU
		{8A53DEFD-EA04-4836-B702-E329894A9785}.Debug|x86.Build.0 = Debug|Any CPU
		{8A53DEFD-EA04-4836-B702-E329894A9785}.Release|Any CPU.ActiveCfg = Release|Any CPU
		{8A53DEFD-EA04-4836-B702-E329894A9785}.Release|Any CPU.Build.0 = Release|Any CPU
		{8A53DEFD-EA04-4836-B702-E329894A9785}.Release|x64.ActiveCfg = Release|Any CPU
		{8A53DEFD-EA04-4836-B702-E329894A9785}.Release|x64.Build.0 = Release|Any CPU
		{8A53DEFD-EA04-4836-B702-E329894A9785}.Release|x86.ActiveCfg = Release|Any CPU
		{8A53DEFD-EA04-4836-B702-E329894A9785}.Release|x86.Build.0 = Release|Any CPU
		{790A5725-95B4-44CE-A8BA-EEF6D4E078AA}.Debug|Any CPU.ActiveCfg = Debug|Any CPU
		{790A5725-95B4-44CE-A8BA-EEF6D4E078AA}.Debug|Any CPU.Build.0 = Debug|Any CPU
		{790A5725-95B4-44CE-A8BA-EEF6D4E078AA}.Debug|x64.ActiveCfg = Debug|Any CPU
		{790A5725-95B4-44CE-A8BA-EEF6D4E078AA}.Debug|x64.Build.0 = Debug|Any CPU
		{790A5725-95B4-44CE-A8BA-EEF6D4E078AA}.Debug|x86.ActiveCfg = Debug|Any CPU
		{790A5725-95B4-44CE-A8BA-EEF6D4E078AA}.Debug|x86.Build.0 = Debug|Any CPU
		{790A5725-95B4-44CE-A8BA-EEF6D4E078AA}.Release|Any CPU.ActiveCfg = Release|Any CPU
		{790A5725-95B4-44CE-A8BA-EEF6D4E078AA}.Release|Any CPU.Build.0 = Release|Any CPU
		{790A5725-95B4-44CE-A8BA-EEF6D4E078AA}.Release|x64.ActiveCfg = Release|Any CPU
		{790A5725-95B4-44CE-A8BA-EEF6D4E078AA}.Release|x64.Build.0 = Release|Any CPU
		{790A5725-95B4-44CE-A8BA-EEF6D4E078AA}.Release|x86.ActiveCfg = Release|Any CPU
		{790A5725-95B4-44CE-A8BA-EEF6D4E078AA}.Release|x86.Build.0 = Release|Any CPU
		{5EC9D50A-44D3-433F-859F-AF2DA5C9290F}.Debug|Any CPU.ActiveCfg = Debug|Any CPU
		{5EC9D50A-44D3-433F-859F-AF2DA5C9290F}.Debug|Any CPU.Build.0 = Debug|Any CPU
		{5EC9D50A-44D3-433F-859F-AF2DA5C9290F}.Debug|x64.ActiveCfg = Debug|Any CPU
		{5EC9D50A-44D3-433F-859F-AF2DA5C9290F}.Debug|x64.Build.0 = Debug|Any CPU
		{5EC9D50A-44D3-433F-859F-AF2DA5C9290F}.Debug|x86.ActiveCfg = Debug|Any CPU
		{5EC9D50A-44D3-433F-859F-AF2DA5C9290F}.Debug|x86.Build.0 = Debug|Any CPU
		{5EC9D50A-44D3-433F-859F-AF2DA5C9290F}.Release|Any CPU.ActiveCfg = Release|Any CPU
		{5EC9D50A-44D3-433F-859F-AF2DA5C9290F}.Release|Any CPU.Build.0 = Release|Any CPU
		{5EC9D50A-44D3-433F-859F-AF2DA5C9290F}.Release|x64.ActiveCfg = Release|Any CPU
		{5EC9D50A-44D3-433F-859F-AF2DA5C9290F}.Release|x64.Build.0 = Release|Any CPU
		{5EC9D50A-44D3-433F-859F-AF2DA5C9290F}.Release|x86.ActiveCfg = Release|Any CPU
		{5EC9D50A-44D3-433F-859F-AF2DA5C9290F}.Release|x86.Build.0 = Release|Any CPU
		{71D3C17E-CBF5-4666-89AF-A109C887ADDF}.Debug|Any CPU.ActiveCfg = Debug|Any CPU
		{71D3C17E-CBF5-4666-89AF-A109C887ADDF}.Debug|Any CPU.Build.0 = Debug|Any CPU
		{71D3C17E-CBF5-4666-89AF-A109C887ADDF}.Debug|x64.ActiveCfg = Debug|Any CPU
		{71D3C17E-CBF5-4666-89AF-A109C887ADDF}.Debug|x64.Build.0 = Debug|Any CPU
		{71D3C17E-CBF5-4666-89AF-A109C887ADDF}.Debug|x86.ActiveCfg = Debug|Any CPU
		{71D3C17E-CBF5-4666-89AF-A109C887ADDF}.Debug|x86.Build.0 = Debug|Any CPU
		{71D3C17E-CBF5-4666-89AF-A109C887ADDF}.Release|Any CPU.ActiveCfg = Release|Any CPU
		{71D3C17E-CBF5-4666-89AF-A109C887ADDF}.Release|Any CPU.Build.0 = Release|Any CPU
		{71D3C17E-CBF5-4666-89AF-A109C887ADDF}.Release|x64.ActiveCfg = Release|Any CPU
		{71D3C17E-CBF5-4666-89AF-A109C887ADDF}.Release|x64.Build.0 = Release|Any CPU
		{71D3C17E-CBF5-4666-89AF-A109C887ADDF}.Release|x86.ActiveCfg = Release|Any CPU
		{71D3C17E-CBF5-4666-89AF-A109C887ADDF}.Release|x86.Build.0 = Release|Any CPU
	EndGlobalSection
	GlobalSection(SolutionProperties) = preSolution
		HideSolutionNode = FALSE
	EndGlobalSection
	GlobalSection(NestedProjects) = preSolution
		{E06CDFAA-7523-4E40-8A05-27A7BCD1682D} = {E57B21D8-1EBE-4724-B708-49778A4F9E92}
		{AA4D042A-EAF3-4071-BCDA-0DF58495A883} = {E57B21D8-1EBE-4724-B708-49778A4F9E92}
		{5C6AEAE6-96C2-44D1-B390-AEB225512797} = {E57B21D8-1EBE-4724-B708-49778A4F9E92}
		{8A53DEFD-EA04-4836-B702-E329894A9785} = {3C110640-9A5D-4E30-85FD-F8937F1E5100}
		{790A5725-95B4-44CE-A8BA-EEF6D4E078AA} = {3C110640-9A5D-4E30-85FD-F8937F1E5100}
		{5EC9D50A-44D3-433F-859F-AF2DA5C9290F} = {50A2DBAD-FE7C-4402-8CF4-D07F80C439DA}
		{71D3C17E-CBF5-4666-89AF-A109C887ADDF} = {50A2DBAD-FE7C-4402-8CF4-D07F80C439DA}
	EndGlobalSection
	GlobalSection(ExtensibilityGlobals) = postSolution
		SolutionGuid = {CD111F2F-8039-4A73-8289-CABDC10A8827}
	EndGlobalSection
EndGlobal
