
Microsoft Visual Studio Solution File, Format Version 12.00
# Visual Studio Version 17
VisualStudioVersion = 17.0.32014.148
MinimumVisualStudioVersion = 15.0.26124.0
Project("{2150E333-8FDC-42A3-9474-1A3956D46DE8}") = "src", "src", "{02381A10-08FD-11E9-83FD-7DC2C1B049B2}"
EndProject
Project("{2150E333-8FDC-42A3-9474-1A3956D46DE8}") = "tests", "tests", "{462356E0-08FD-11E9-83FD-7DC2C1B049B2}"
EndProject
Project("{9A19103F-16F7-4668-BE54-9A1E7A4F7556}") = "DotBPE.Rpc.Tests", "tests\DotBPE.Rpc.Tests\DotBPE.Rpc.Tests.csproj", "{CAC458BB-BD6D-4929-9E6F-5C6F979B6C8B}"
EndProject
Project("{9A19103F-16F7-4668-BE54-9A1E7A4F7556}") = "DotBPE.Baseline", "src\DotBPE.Baseline\DotBPE.Baseline.csproj", "{40169A16-C347-4B77-ABDD-648E909730A4}"
EndProject
Project("{2150E333-8FDC-42A3-9474-1A3956D46DE8}") = "samples", "samples", "{C88E5785-665B-446D-A811-38E8EA84D59A}"
EndProject
Project("{9A19103F-16F7-4668-BE54-9A1E7A4F7556}") = "DotBPE.Extra.Castle", "src\DotBPE.Extra.Castle\DotBPE.Extra.Castle.csproj", "{F2C3539F-6F39-45A6-B99F-66EDD7E28E3B}"
EndProject
Project("{9A19103F-16F7-4668-BE54-9A1E7A4F7556}") = "DotBPE.Extra.Castle.Tests", "tests\DotBPE.Extra.Castle.Tests\DotBPE.Extra.Castle.Tests.csproj", "{F362E67E-FE5C-4688-8C56-7B8061647A1F}"
EndProject
Project("{9A19103F-16F7-4668-BE54-9A1E7A4F7556}") = "DotBPE.Extra.MessagePack", "src\DotBPE.Extra.MessagePack\DotBPE.Extra.MessagePack.csproj", "{CCEBBE09-F28D-42B5-AFA0-14B50AD84AEE}"
EndProject
Project("{9A19103F-16F7-4668-BE54-9A1E7A4F7556}") = "DotBPE.Extra.Protobuf", "src\DotBPE.Extra.Protobuf\DotBPE.Extra.Protobuf.csproj", "{50A35B5E-CA54-4478-BA2D-37636191C332}"
EndProject
Project("{9A19103F-16F7-4668-BE54-9A1E7A4F7556}") = "MathService.Definition", "samples\MathService.Definition\MathService.Definition.csproj", "{12B266A7-0863-4065-B739-84001FA549B2}"
EndProject
Project("{9A19103F-16F7-4668-BE54-9A1E7A4F7556}") = "MathService", "samples\MathService\MathService.csproj", "{03FE9838-B11C-4E02-84D6-AE63A7E53FB8}"
EndProject
Project("{9A19103F-16F7-4668-BE54-9A1E7A4F7556}") = "MathClient", "samples\MathClient\MathClient.csproj", "{A1CDF5F1-3499-43D9-A365-39EA0733EBB2}"
EndProject
Project("{9A19103F-16F7-4668-BE54-9A1E7A4F7556}") = "DotBPE.Extra.JsonNet", "src\DotBPE.Extra.JsonNet\DotBPE.Extra.JsonNet.csproj", "{D9302E75-08FD-4E63-A338-DAF4DF4DFD85}"
EndProject
Project("{9A19103F-16F7-4668-BE54-9A1E7A4F7556}") = "DotBPE.Extra.Consul", "src\DotBPE.Extra.Consul\DotBPE.Extra.Consul.csproj", "{AFF5A9B0-7636-47F3-8B48-DBA282642EF1}"
EndProject
Project("{9A19103F-16F7-4668-BE54-9A1E7A4F7556}") = "DotBPE.Gateway", "src\DotBPE.Gateway\DotBPE.Gateway.csproj", "{0E43B22F-B59C-4379-8850-906E482062D2}"
EndProject
Project("{9A19103F-16F7-4668-BE54-9A1E7A4F7556}") = "GreeterHttpService", "samples\GreeterHttpService\GreeterHttpService.csproj", "{ECAD0192-1643-4876-AAE4-D39A507DAACC}"
EndProject
Project("{9A19103F-16F7-4668-BE54-9A1E7A4F7556}") = "DotBPE.BestPractice", "src\DotBPE.BestPractice\DotBPE.BestPractice.csproj", "{FB527682-BCDC-4FDC-9C38-CA979409BEE0}"
EndProject
Project("{9A19103F-16F7-4668-BE54-9A1E7A4F7556}") = "DotBPE.Extra.Json", "src\DotBPE.Extra.Json\DotBPE.Extra.Json.csproj", "{206E4793-C075-4166-852A-642FB0B118D5}"
EndProject
Project("{9A19103F-16F7-4668-BE54-9A1E7A4F7556}") = "DotBPE.Extra.Pipeline", "src\DotBPE.Extra.Pipeline\DotBPE.Extra.Pipeline.csproj", "{CD90913B-E193-4907-B296-7481C03A44D3}"
EndProject
Project("{9A19103F-16F7-4668-BE54-9A1E7A4F7556}") = "PipelineSample", "samples\PipelineSample\PipelineSample.csproj", "{C9BBA1AC-FDFA-465C-9343-B935452C3B43}"
EndProject
Project("{2150E333-8FDC-42A3-9474-1A3956D46DE8}") = "Solution Items", "Solution Items", "{9019BBF0-D06C-44A1-948B-6E63BF6C3655}"
	ProjectSection(SolutionItems) = preProject
		.editorconfig = .editorconfig
	EndProjectSection
EndProject
Project("{9A19103F-16F7-4668-BE54-9A1E7A4F7556}") = "DotBPE.Rpc", "src\DotBPE.Rpc\DotBPE.Rpc.csproj", "{04E1CC77-5190-4BB1-BEB6-E8FD3AE63CCD}"
EndProject
Project("{9A19103F-16F7-4668-BE54-9A1E7A4F7556}") = "DotBPE.TestBase", "tests\DotBPE.TestBase\DotBPE.TestBase.csproj", "{5E97F107-C6BA-4BCF-BF3E-8E78F95C484A}"
EndProject
Global
	GlobalSection(SolutionConfigurationPlatforms) = preSolution
		Debug|Any CPU = Debug|Any CPU
		Release|Any CPU = Release|Any CPU
	EndGlobalSection
	GlobalSection(ProjectConfigurationPlatforms) = postSolution
		{CAC458BB-BD6D-4929-9E6F-5C6F979B6C8B}.Debug|Any CPU.ActiveCfg = Debug|Any CPU
		{CAC458BB-BD6D-4929-9E6F-5C6F979B6C8B}.Debug|Any CPU.Build.0 = Debug|Any CPU
		{CAC458BB-BD6D-4929-9E6F-5C6F979B6C8B}.Release|Any CPU.ActiveCfg = Release|Any CPU
		{CAC458BB-BD6D-4929-9E6F-5C6F979B6C8B}.Release|Any CPU.Build.0 = Release|Any CPU
		{40169A16-C347-4B77-ABDD-648E909730A4}.Debug|Any CPU.ActiveCfg = Debug|Any CPU
		{40169A16-C347-4B77-ABDD-648E909730A4}.Debug|Any CPU.Build.0 = Debug|Any CPU
		{40169A16-C347-4B77-ABDD-648E909730A4}.Release|Any CPU.ActiveCfg = Release|Any CPU
		{40169A16-C347-4B77-ABDD-648E909730A4}.Release|Any CPU.Build.0 = Release|Any CPU
		{F2C3539F-6F39-45A6-B99F-66EDD7E28E3B}.Debug|Any CPU.ActiveCfg = Debug|Any CPU
		{F2C3539F-6F39-45A6-B99F-66EDD7E28E3B}.Debug|Any CPU.Build.0 = Debug|Any CPU
		{F2C3539F-6F39-45A6-B99F-66EDD7E28E3B}.Release|Any CPU.ActiveCfg = Release|Any CPU
		{F2C3539F-6F39-45A6-B99F-66EDD7E28E3B}.Release|Any CPU.Build.0 = Release|Any CPU
		{F362E67E-FE5C-4688-8C56-7B8061647A1F}.Debug|Any CPU.ActiveCfg = Debug|Any CPU
		{F362E67E-FE5C-4688-8C56-7B8061647A1F}.Debug|Any CPU.Build.0 = Debug|Any CPU
		{F362E67E-FE5C-4688-8C56-7B8061647A1F}.Release|Any CPU.ActiveCfg = Release|Any CPU
		{F362E67E-FE5C-4688-8C56-7B8061647A1F}.Release|Any CPU.Build.0 = Release|Any CPU
		{CCEBBE09-F28D-42B5-AFA0-14B50AD84AEE}.Debug|Any CPU.ActiveCfg = Debug|Any CPU
		{CCEBBE09-F28D-42B5-AFA0-14B50AD84AEE}.Debug|Any CPU.Build.0 = Debug|Any CPU
		{CCEBBE09-F28D-42B5-AFA0-14B50AD84AEE}.Release|Any CPU.ActiveCfg = Release|Any CPU
		{CCEBBE09-F28D-42B5-AFA0-14B50AD84AEE}.Release|Any CPU.Build.0 = Release|Any CPU
		{50A35B5E-CA54-4478-BA2D-37636191C332}.Debug|Any CPU.ActiveCfg = Debug|Any CPU
		{50A35B5E-CA54-4478-BA2D-37636191C332}.Debug|Any CPU.Build.0 = Debug|Any CPU
		{50A35B5E-CA54-4478-BA2D-37636191C332}.Release|Any CPU.ActiveCfg = Release|Any CPU
		{50A35B5E-CA54-4478-BA2D-37636191C332}.Release|Any CPU.Build.0 = Release|Any CPU
		{12B266A7-0863-4065-B739-84001FA549B2}.Debug|Any CPU.ActiveCfg = Debug|Any CPU
		{12B266A7-0863-4065-B739-84001FA549B2}.Debug|Any CPU.Build.0 = Debug|Any CPU
		{12B266A7-0863-4065-B739-84001FA549B2}.Release|Any CPU.ActiveCfg = Release|Any CPU
		{12B266A7-0863-4065-B739-84001FA549B2}.Release|Any CPU.Build.0 = Release|Any CPU
		{03FE9838-B11C-4E02-84D6-AE63A7E53FB8}.Debug|Any CPU.ActiveCfg = Debug|Any CPU
		{03FE9838-B11C-4E02-84D6-AE63A7E53FB8}.Debug|Any CPU.Build.0 = Debug|Any CPU
		{03FE9838-B11C-4E02-84D6-AE63A7E53FB8}.Release|Any CPU.ActiveCfg = Release|Any CPU
		{03FE9838-B11C-4E02-84D6-AE63A7E53FB8}.Release|Any CPU.Build.0 = Release|Any CPU
		{A1CDF5F1-3499-43D9-A365-39EA0733EBB2}.Debug|Any CPU.ActiveCfg = Debug|Any CPU
		{A1CDF5F1-3499-43D9-A365-39EA0733EBB2}.Debug|Any CPU.Build.0 = Debug|Any CPU
		{A1CDF5F1-3499-43D9-A365-39EA0733EBB2}.Release|Any CPU.ActiveCfg = Release|Any CPU
		{A1CDF5F1-3499-43D9-A365-39EA0733EBB2}.Release|Any CPU.Build.0 = Release|Any CPU
		{D9302E75-08FD-4E63-A338-DAF4DF4DFD85}.Debug|Any CPU.ActiveCfg = Debug|Any CPU
		{D9302E75-08FD-4E63-A338-DAF4DF4DFD85}.Debug|Any CPU.Build.0 = Debug|Any CPU
		{D9302E75-08FD-4E63-A338-DAF4DF4DFD85}.Release|Any CPU.ActiveCfg = Release|Any CPU
		{D9302E75-08FD-4E63-A338-DAF4DF4DFD85}.Release|Any CPU.Build.0 = Release|Any CPU
		{AFF5A9B0-7636-47F3-8B48-DBA282642EF1}.Debug|Any CPU.ActiveCfg = Debug|Any CPU
		{AFF5A9B0-7636-47F3-8B48-DBA282642EF1}.Debug|Any CPU.Build.0 = Debug|Any CPU
		{AFF5A9B0-7636-47F3-8B48-DBA282642EF1}.Release|Any CPU.ActiveCfg = Release|Any CPU
		{AFF5A9B0-7636-47F3-8B48-DBA282642EF1}.Release|Any CPU.Build.0 = Release|Any CPU
		{0E43B22F-B59C-4379-8850-906E482062D2}.Debug|Any CPU.ActiveCfg = Debug|Any CPU
		{0E43B22F-B59C-4379-8850-906E482062D2}.Debug|Any CPU.Build.0 = Debug|Any CPU
		{0E43B22F-B59C-4379-8850-906E482062D2}.Release|Any CPU.ActiveCfg = Release|Any CPU
		{0E43B22F-B59C-4379-8850-906E482062D2}.Release|Any CPU.Build.0 = Release|Any CPU
		{ECAD0192-1643-4876-AAE4-D39A507DAACC}.Debug|Any CPU.ActiveCfg = Debug|Any CPU
		{ECAD0192-1643-4876-AAE4-D39A507DAACC}.Debug|Any CPU.Build.0 = Debug|Any CPU
		{ECAD0192-1643-4876-AAE4-D39A507DAACC}.Release|Any CPU.ActiveCfg = Release|Any CPU
		{ECAD0192-1643-4876-AAE4-D39A507DAACC}.Release|Any CPU.Build.0 = Release|Any CPU
		{FB527682-BCDC-4FDC-9C38-CA979409BEE0}.Debug|Any CPU.ActiveCfg = Debug|Any CPU
		{FB527682-BCDC-4FDC-9C38-CA979409BEE0}.Debug|Any CPU.Build.0 = Debug|Any CPU
		{FB527682-BCDC-4FDC-9C38-CA979409BEE0}.Release|Any CPU.ActiveCfg = Release|Any CPU
		{FB527682-BCDC-4FDC-9C38-CA979409BEE0}.Release|Any CPU.Build.0 = Release|Any CPU
		{206E4793-C075-4166-852A-642FB0B118D5}.Debug|Any CPU.ActiveCfg = Debug|Any CPU
		{206E4793-C075-4166-852A-642FB0B118D5}.Debug|Any CPU.Build.0 = Debug|Any CPU
		{206E4793-C075-4166-852A-642FB0B118D5}.Release|Any CPU.ActiveCfg = Release|Any CPU
		{206E4793-C075-4166-852A-642FB0B118D5}.Release|Any CPU.Build.0 = Release|Any CPU
		{CD90913B-E193-4907-B296-7481C03A44D3}.Debug|Any CPU.ActiveCfg = Debug|Any CPU
		{CD90913B-E193-4907-B296-7481C03A44D3}.Debug|Any CPU.Build.0 = Debug|Any CPU
		{CD90913B-E193-4907-B296-7481C03A44D3}.Release|Any CPU.ActiveCfg = Release|Any CPU
		{CD90913B-E193-4907-B296-7481C03A44D3}.Release|Any CPU.Build.0 = Release|Any CPU
		{C9BBA1AC-FDFA-465C-9343-B935452C3B43}.Debug|Any CPU.ActiveCfg = Debug|Any CPU
		{C9BBA1AC-FDFA-465C-9343-B935452C3B43}.Debug|Any CPU.Build.0 = Debug|Any CPU
		{C9BBA1AC-FDFA-465C-9343-B935452C3B43}.Release|Any CPU.ActiveCfg = Release|Any CPU
		{C9BBA1AC-FDFA-465C-9343-B935452C3B43}.Release|Any CPU.Build.0 = Release|Any CPU
		{04E1CC77-5190-4BB1-BEB6-E8FD3AE63CCD}.Debug|Any CPU.ActiveCfg = Debug|Any CPU
		{04E1CC77-5190-4BB1-BEB6-E8FD3AE63CCD}.Debug|Any CPU.Build.0 = Debug|Any CPU
		{04E1CC77-5190-4BB1-BEB6-E8FD3AE63CCD}.Release|Any CPU.ActiveCfg = Release|Any CPU
		{04E1CC77-5190-4BB1-BEB6-E8FD3AE63CCD}.Release|Any CPU.Build.0 = Release|Any CPU
		{5E97F107-C6BA-4BCF-BF3E-8E78F95C484A}.Debug|Any CPU.ActiveCfg = Debug|Any CPU
		{5E97F107-C6BA-4BCF-BF3E-8E78F95C484A}.Debug|Any CPU.Build.0 = Debug|Any CPU
		{5E97F107-C6BA-4BCF-BF3E-8E78F95C484A}.Release|Any CPU.ActiveCfg = Release|Any CPU
		{5E97F107-C6BA-4BCF-BF3E-8E78F95C484A}.Release|Any CPU.Build.0 = Release|Any CPU
	EndGlobalSection
	GlobalSection(SolutionProperties) = preSolution
		HideSolutionNode = FALSE
	EndGlobalSection
	GlobalSection(NestedProjects) = preSolution
		{CAC458BB-BD6D-4929-9E6F-5C6F979B6C8B} = {462356E0-08FD-11E9-83FD-7DC2C1B049B2}
		{40169A16-C347-4B77-ABDD-648E909730A4} = {02381A10-08FD-11E9-83FD-7DC2C1B049B2}
		{F2C3539F-6F39-45A6-B99F-66EDD7E28E3B} = {02381A10-08FD-11E9-83FD-7DC2C1B049B2}
		{F362E67E-FE5C-4688-8C56-7B8061647A1F} = {462356E0-08FD-11E9-83FD-7DC2C1B049B2}
		{CCEBBE09-F28D-42B5-AFA0-14B50AD84AEE} = {02381A10-08FD-11E9-83FD-7DC2C1B049B2}
		{50A35B5E-CA54-4478-BA2D-37636191C332} = {02381A10-08FD-11E9-83FD-7DC2C1B049B2}
		{12B266A7-0863-4065-B739-84001FA549B2} = {C88E5785-665B-446D-A811-38E8EA84D59A}
		{03FE9838-B11C-4E02-84D6-AE63A7E53FB8} = {C88E5785-665B-446D-A811-38E8EA84D59A}
		{A1CDF5F1-3499-43D9-A365-39EA0733EBB2} = {C88E5785-665B-446D-A811-38E8EA84D59A}
		{D9302E75-08FD-4E63-A338-DAF4DF4DFD85} = {02381A10-08FD-11E9-83FD-7DC2C1B049B2}
		{AFF5A9B0-7636-47F3-8B48-DBA282642EF1} = {02381A10-08FD-11E9-83FD-7DC2C1B049B2}
		{0E43B22F-B59C-4379-8850-906E482062D2} = {02381A10-08FD-11E9-83FD-7DC2C1B049B2}
		{ECAD0192-1643-4876-AAE4-D39A507DAACC} = {C88E5785-665B-446D-A811-38E8EA84D59A}
		{FB527682-BCDC-4FDC-9C38-CA979409BEE0} = {02381A10-08FD-11E9-83FD-7DC2C1B049B2}
		{206E4793-C075-4166-852A-642FB0B118D5} = {02381A10-08FD-11E9-83FD-7DC2C1B049B2}
		{CD90913B-E193-4907-B296-7481C03A44D3} = {02381A10-08FD-11E9-83FD-7DC2C1B049B2}
		{C9BBA1AC-FDFA-465C-9343-B935452C3B43} = {C88E5785-665B-446D-A811-38E8EA84D59A}
		{04E1CC77-5190-4BB1-BEB6-E8FD3AE63CCD} = {02381A10-08FD-11E9-83FD-7DC2C1B049B2}
		{5E97F107-C6BA-4BCF-BF3E-8E78F95C484A} = {462356E0-08FD-11E9-83FD-7DC2C1B049B2}
	EndGlobalSection
	GlobalSection(ExtensibilityGlobals) = postSolution
		SolutionGuid = {96FD52AC-7DCC-41EB-87E6-C84D43E8CD1A}
	EndGlobalSection
EndGlobal
