
Microsoft Visual Studio Solution File, Format Version 12.00
# Visual Studio 15
VisualStudioVersion = 15.0.27130.2036
MinimumVisualStudioVersion = 15.0.26124.0
Project("{2150E333-8FDC-42A3-9474-1A3956D46DE8}") = "src", "src", "{02381A10-08FD-11E9-83FD-7DC2C1B049B2}"
EndProject
Project("{9A19103F-16F7-4668-BE54-9A1E7A4F7556}") = "DotBPE.Rpc", "src\DotBPE.Rpc\DotBPE.Rpc.csproj", "{C5D0D7B3-BE54-4C15-9C13-6056D114CD2C}"
EndProject
Project("{2150E333-8FDC-42A3-9474-1A3956D46DE8}") = "tests", "tests", "{462356E0-08FD-11E9-83FD-7DC2C1B049B2}"
EndProject
Project("{9A19103F-16F7-4668-BE54-9A1E7A4F7556}") = "DotBPE.Rpc.Tests", "tests\DotBPE.Rpc.Tests\DotBPE.Rpc.Tests.csproj", "{CAC458BB-BD6D-4929-9E6F-5C6F979B6C8B}"
EndProject
Project("{9A19103F-16F7-4668-BE54-9A1E7A4F7556}") = "DotBPE.Baseline", "src\DotBPE.Baseline\DotBPE.Baseline.csproj", "{40169A16-C347-4B77-ABDD-648E909730A4}"
EndProject
Project("{9A19103F-16F7-4668-BE54-9A1E7A4F7556}") = "Peach", "src\Peach\Peach.csproj", "{11F7DB0F-1D8C-4F78-B9F6-C7BF951E4A5A}"
EndProject
Project("{2150E333-8FDC-42A3-9474-1A3956D46DE8}") = "samples", "samples", "{C88E5785-665B-446D-A811-38E8EA84D59A}"
EndProject
Project("{2150E333-8FDC-42A3-9474-1A3956D46DE8}") = "mathService", "mathService", "{B6930528-88FE-47D3-BA6E-CAB86B77EC3F}"
EndProject
Project("{2150E333-8FDC-42A3-9474-1A3956D46DE8}") = "survey", "survey", "{5D19DF6C-9780-4551-B11F-BCBE89B23F22}"
EndProject
Project("{FAE04EC0-301F-11D3-BF4B-00C04F79EFBC}") = "Math.Protocols", "samples\mathService\Math.Protocols\Math.Protocols.csproj", "{3DDC4539-4967-4242-9B90-A540792AEDC9}"
EndProject
Project("{FAE04EC0-301F-11D3-BF4B-00C04F79EFBC}") = "Math.Client", "samples\mathService\Math.Client\Math.Client.csproj", "{DDF22C89-C294-4CE2-9504-2CBC875D94CB}"
EndProject
Project("{FAE04EC0-301F-11D3-BF4B-00C04F79EFBC}") = "Math.Server", "samples\mathService\Math.Server\Math.Server.csproj", "{4C7F7997-F798-4B89-BDE6-27AF6724357F}"
EndProject
Project("{9A19103F-16F7-4668-BE54-9A1E7A4F7556}") = "DotBPE.Extra.Castle", "src\DotBPE.Extra.Castle\DotBPE.Extra.Castle.csproj", "{F2C3539F-6F39-45A6-B99F-66EDD7E28E3B}"
EndProject
Project("{FAE04EC0-301F-11D3-BF4B-00C04F79EFBC}") = "DotBPE.Extra.Castle.Tests", "tests\DotBPE.Extra.Castle.Tests\DotBPE.Extra.Castle.Tests.csproj", "{F362E67E-FE5C-4688-8C56-7B8061647A1F}"
EndProject
Global
	GlobalSection(SolutionConfigurationPlatforms) = preSolution
		Debug|Any CPU = Debug|Any CPU
		Release|Any CPU = Release|Any CPU
	EndGlobalSection
	GlobalSection(ProjectConfigurationPlatforms) = postSolution
		{C5D0D7B3-BE54-4C15-9C13-6056D114CD2C}.Debug|Any CPU.ActiveCfg = Debug|Any CPU
		{C5D0D7B3-BE54-4C15-9C13-6056D114CD2C}.Debug|Any CPU.Build.0 = Debug|Any CPU
		{C5D0D7B3-BE54-4C15-9C13-6056D114CD2C}.Release|Any CPU.ActiveCfg = Release|Any CPU
		{C5D0D7B3-BE54-4C15-9C13-6056D114CD2C}.Release|Any CPU.Build.0 = Release|Any CPU
		{CAC458BB-BD6D-4929-9E6F-5C6F979B6C8B}.Debug|Any CPU.ActiveCfg = Debug|Any CPU
		{CAC458BB-BD6D-4929-9E6F-5C6F979B6C8B}.Debug|Any CPU.Build.0 = Debug|Any CPU
		{CAC458BB-BD6D-4929-9E6F-5C6F979B6C8B}.Release|Any CPU.ActiveCfg = Release|Any CPU
		{CAC458BB-BD6D-4929-9E6F-5C6F979B6C8B}.Release|Any CPU.Build.0 = Release|Any CPU
		{40169A16-C347-4B77-ABDD-648E909730A4}.Debug|Any CPU.ActiveCfg = Debug|Any CPU
		{40169A16-C347-4B77-ABDD-648E909730A4}.Debug|Any CPU.Build.0 = Debug|Any CPU
		{40169A16-C347-4B77-ABDD-648E909730A4}.Release|Any CPU.ActiveCfg = Release|Any CPU
		{40169A16-C347-4B77-ABDD-648E909730A4}.Release|Any CPU.Build.0 = Release|Any CPU
		{11F7DB0F-1D8C-4F78-B9F6-C7BF951E4A5A}.Debug|Any CPU.ActiveCfg = Debug|Any CPU
		{11F7DB0F-1D8C-4F78-B9F6-C7BF951E4A5A}.Debug|Any CPU.Build.0 = Debug|Any CPU
		{11F7DB0F-1D8C-4F78-B9F6-C7BF951E4A5A}.Release|Any CPU.ActiveCfg = Release|Any CPU
		{11F7DB0F-1D8C-4F78-B9F6-C7BF951E4A5A}.Release|Any CPU.Build.0 = Release|Any CPU
		{3DDC4539-4967-4242-9B90-A540792AEDC9}.Debug|Any CPU.ActiveCfg = Debug|Any CPU
		{3DDC4539-4967-4242-9B90-A540792AEDC9}.Debug|Any CPU.Build.0 = Debug|Any CPU
		{3DDC4539-4967-4242-9B90-A540792AEDC9}.Release|Any CPU.ActiveCfg = Release|Any CPU
		{3DDC4539-4967-4242-9B90-A540792AEDC9}.Release|Any CPU.Build.0 = Release|Any CPU
		{DDF22C89-C294-4CE2-9504-2CBC875D94CB}.Debug|Any CPU.ActiveCfg = Debug|Any CPU
		{DDF22C89-C294-4CE2-9504-2CBC875D94CB}.Debug|Any CPU.Build.0 = Debug|Any CPU
		{DDF22C89-C294-4CE2-9504-2CBC875D94CB}.Release|Any CPU.ActiveCfg = Release|Any CPU
		{DDF22C89-C294-4CE2-9504-2CBC875D94CB}.Release|Any CPU.Build.0 = Release|Any CPU
		{4C7F7997-F798-4B89-BDE6-27AF6724357F}.Debug|Any CPU.ActiveCfg = Debug|Any CPU
		{4C7F7997-F798-4B89-BDE6-27AF6724357F}.Debug|Any CPU.Build.0 = Debug|Any CPU
		{4C7F7997-F798-4B89-BDE6-27AF6724357F}.Release|Any CPU.ActiveCfg = Release|Any CPU
		{4C7F7997-F798-4B89-BDE6-27AF6724357F}.Release|Any CPU.Build.0 = Release|Any CPU
		{F2C3539F-6F39-45A6-B99F-66EDD7E28E3B}.Debug|Any CPU.ActiveCfg = Debug|Any CPU
		{F2C3539F-6F39-45A6-B99F-66EDD7E28E3B}.Debug|Any CPU.Build.0 = Debug|Any CPU
		{F2C3539F-6F39-45A6-B99F-66EDD7E28E3B}.Release|Any CPU.ActiveCfg = Release|Any CPU
		{F2C3539F-6F39-45A6-B99F-66EDD7E28E3B}.Release|Any CPU.Build.0 = Release|Any CPU
		{F362E67E-FE5C-4688-8C56-7B8061647A1F}.Debug|Any CPU.ActiveCfg = Debug|Any CPU
		{F362E67E-FE5C-4688-8C56-7B8061647A1F}.Debug|Any CPU.Build.0 = Debug|Any CPU
		{F362E67E-FE5C-4688-8C56-7B8061647A1F}.Release|Any CPU.ActiveCfg = Release|Any CPU
		{F362E67E-FE5C-4688-8C56-7B8061647A1F}.Release|Any CPU.Build.0 = Release|Any CPU
	EndGlobalSection
	GlobalSection(SolutionProperties) = preSolution
		HideSolutionNode = FALSE
	EndGlobalSection
	GlobalSection(NestedProjects) = preSolution
		{C5D0D7B3-BE54-4C15-9C13-6056D114CD2C} = {02381A10-08FD-11E9-83FD-7DC2C1B049B2}
		{CAC458BB-BD6D-4929-9E6F-5C6F979B6C8B} = {462356E0-08FD-11E9-83FD-7DC2C1B049B2}
		{40169A16-C347-4B77-ABDD-648E909730A4} = {02381A10-08FD-11E9-83FD-7DC2C1B049B2}
		{11F7DB0F-1D8C-4F78-B9F6-C7BF951E4A5A} = {02381A10-08FD-11E9-83FD-7DC2C1B049B2}
		{B6930528-88FE-47D3-BA6E-CAB86B77EC3F} = {C88E5785-665B-446D-A811-38E8EA84D59A}
		{5D19DF6C-9780-4551-B11F-BCBE89B23F22} = {C88E5785-665B-446D-A811-38E8EA84D59A}
		{3DDC4539-4967-4242-9B90-A540792AEDC9} = {B6930528-88FE-47D3-BA6E-CAB86B77EC3F}
		{DDF22C89-C294-4CE2-9504-2CBC875D94CB} = {B6930528-88FE-47D3-BA6E-CAB86B77EC3F}
		{4C7F7997-F798-4B89-BDE6-27AF6724357F} = {B6930528-88FE-47D3-BA6E-CAB86B77EC3F}
		{F2C3539F-6F39-45A6-B99F-66EDD7E28E3B} = {02381A10-08FD-11E9-83FD-7DC2C1B049B2}
		{F362E67E-FE5C-4688-8C56-7B8061647A1F} = {462356E0-08FD-11E9-83FD-7DC2C1B049B2}
	EndGlobalSection
	GlobalSection(ExtensibilityGlobals) = postSolution
		SolutionGuid = {96FD52AC-7DCC-41EB-87E6-C84D43E8CD1A}
	EndGlobalSection
EndGlobal
