
Microsoft Visual Studio Solution File, Format Version 12.00
# Visual Studio 15
VisualStudioVersion = 15.0.27130.2036
MinimumVisualStudioVersion = 15.0.26124.0
Project("{2150E333-8FDC-42A3-9474-1A3956D46DE8}") = "src", "src", "{02381A10-08FD-11E9-83FD-7DC2C1B049B2}"
EndProject
Project("{9A19103F-16F7-4668-BE54-9A1E7A4F7556}") = "DotBPE.Rpc", "src\DotBPE.Rpc\DotBPE.Rpc.csproj", "{C5D0D7B3-BE54-4C15-9C13-6056D114CD2C}"
EndProject
Project("{2150E333-8FDC-42A3-9474-1A3956D46DE8}") = "tests", "tests", "{462356E0-08FD-11E9-83FD-7DC2C1B049B2}"
EndProject
Project("{9A19103F-16F7-4668-BE54-9A1E7A4F7556}") = "DotBPE.Rpc.Tests", "tests\DotBPE.Rpc.Tests\DotBPE.Rpc.Tests.csproj", "{CAC458BB-BD6D-4929-9E6F-5C6F979B6C8B}"
EndProject
Project("{9A19103F-16F7-4668-BE54-9A1E7A4F7556}") = "DotBPE.Baseline", "src\DotBPE.Baseline\DotBPE.Baseline.csproj", "{40169A16-C347-4B77-ABDD-648E909730A4}"
EndProject
Project("{9A19103F-16F7-4668-BE54-9A1E7A4F7556}") = "Peach", "src\Peach\Peach.csproj", "{11F7DB0F-1D8C-4F78-B9F6-C7BF951E4A5A}"
EndProject
Project("{2150E333-8FDC-42A3-9474-1A3956D46DE8}") = "samples", "samples", "{C88E5785-665B-446D-A811-38E8EA84D59A}"
EndProject
Project("{9A19103F-16F7-4668-BE54-9A1E7A4F7556}") = "DotBPE.Extra.Castle", "src\DotBPE.Extra.Castle\DotBPE.Extra.Castle.csproj", "{F2C3539F-6F39-45A6-B99F-66EDD7E28E3B}"
EndProject
Project("{9A19103F-16F7-4668-BE54-9A1E7A4F7556}") = "DotBPE.Extra.Castle.Tests", "tests\DotBPE.Extra.Castle.Tests\DotBPE.Extra.Castle.Tests.csproj", "{F362E67E-FE5C-4688-8C56-7B8061647A1F}"
EndProject
Project("{9A19103F-16F7-4668-BE54-9A1E7A4F7556}") = "DotBPE.Extra.MessagePack", "src\DotBPE.Extra.MessagePack\DotBPE.Extra.MessagePack.csproj", "{CCEBBE09-F28D-42B5-AFA0-14B50AD84AEE}"
EndProject
Project("{FAE04EC0-301F-11D3-BF4B-00C04F79EFBC}") = "DotBPE.Extra.Protobuf", "src\DotBPE.Extra.Protobuf\DotBPE.Extra.Protobuf.csproj", "{50A35B5E-CA54-4478-BA2D-37636191C332}"
EndProject
Project("{9A19103F-16F7-4668-BE54-9A1E7A4F7556}") = "MathService.Definition", "samples\MathService.Definition\MathService.Definition.csproj", "{12B266A7-0863-4065-B739-84001FA549B2}"
EndProject
Project("{9A19103F-16F7-4668-BE54-9A1E7A4F7556}") = "MathService", "samples\MathService\MathService.csproj", "{03FE9838-B11C-4E02-84D6-AE63A7E53FB8}"
EndProject
Project("{9A19103F-16F7-4668-BE54-9A1E7A4F7556}") = "MathClient", "samples\MathClient\MathClient.csproj", "{A1CDF5F1-3499-43D9-A365-39EA0733EBB2}"
EndProject
Project("{FAE04EC0-301F-11D3-BF4B-00C04F79EFBC}") = "DotBPE.Extra.JsonNet", "src\DotBPE.Extra.JsonNet\DotBPE.Extra.JsonNet.csproj", "{D9302E75-08FD-4E63-A338-DAF4DF4DFD85}"
EndProject
Project("{FAE04EC0-301F-11D3-BF4B-00C04F79EFBC}") = "DotBPE.Extra.Consul", "src\DotBPE.Extra.Consul\DotBPE.Extra.Consul.csproj", "{AFF5A9B0-7636-47F3-8B48-DBA282642EF1}"
EndProject
Project("{FAE04EC0-301F-11D3-BF4B-00C04F79EFBC}") = "DotBPE.Gateway", "src\DotBPE.Gateway\DotBPE.Gateway.csproj", "{0E43B22F-B59C-4379-8850-906E482062D2}"
EndProject
Global
	GlobalSection(SolutionConfigurationPlatforms) = preSolution
		Debug|Any CPU = Debug|Any CPU
		Release|Any CPU = Release|Any CPU
	EndGlobalSection
	GlobalSection(ProjectConfigurationPlatforms) = postSolution
		{C5D0D7B3-BE54-4C15-9C13-6056D114CD2C}.Debug|Any CPU.ActiveCfg = Debug|Any CPU
		{C5D0D7B3-BE54-4C15-9C13-6056D114CD2C}.Debug|Any CPU.Build.0 = Debug|Any CPU
		{C5D0D7B3-BE54-4C15-9C13-6056D114CD2C}.Release|Any CPU.ActiveCfg = Release|Any CPU
		{C5D0D7B3-BE54-4C15-9C13-6056D114CD2C}.Release|Any CPU.Build.0 = Release|Any CPU
		{CAC458BB-BD6D-4929-9E6F-5C6F979B6C8B}.Debug|Any CPU.ActiveCfg = Debug|Any CPU
		{CAC458BB-BD6D-4929-9E6F-5C6F979B6C8B}.Debug|Any CPU.Build.0 = Debug|Any CPU
		{CAC458BB-BD6D-4929-9E6F-5C6F979B6C8B}.Release|Any CPU.ActiveCfg = Release|Any CPU
		{CAC458BB-BD6D-4929-9E6F-5C6F979B6C8B}.Release|Any CPU.Build.0 = Release|Any CPU
		{40169A16-C347-4B77-ABDD-648E909730A4}.Debug|Any CPU.ActiveCfg = Debug|Any CPU
		{40169A16-C347-4B77-ABDD-648E909730A4}.Debug|Any CPU.Build.0 = Debug|Any CPU
		{40169A16-C347-4B77-ABDD-648E909730A4}.Release|Any CPU.ActiveCfg = Release|Any CPU
		{40169A16-C347-4B77-ABDD-648E909730A4}.Release|Any CPU.Build.0 = Release|Any CPU
		{11F7DB0F-1D8C-4F78-B9F6-C7BF951E4A5A}.Debug|Any CPU.ActiveCfg = Debug|Any CPU
		{11F7DB0F-1D8C-4F78-B9F6-C7BF951E4A5A}.Debug|Any CPU.Build.0 = Debug|Any CPU
		{11F7DB0F-1D8C-4F78-B9F6-C7BF951E4A5A}.Release|Any CPU.ActiveCfg = Release|Any CPU
		{11F7DB0F-1D8C-4F78-B9F6-C7BF951E4A5A}.Release|Any CPU.Build.0 = Release|Any CPU
		{F2C3539F-6F39-45A6-B99F-66EDD7E28E3B}.Debug|Any CPU.ActiveCfg = Debug|Any CPU
		{F2C3539F-6F39-45A6-B99F-66EDD7E28E3B}.Debug|Any CPU.Build.0 = Debug|Any CPU
		{F2C3539F-6F39-45A6-B99F-66EDD7E28E3B}.Release|Any CPU.ActiveCfg = Release|Any CPU
		{F2C3539F-6F39-45A6-B99F-66EDD7E28E3B}.Release|Any CPU.Build.0 = Release|Any CPU
		{F362E67E-FE5C-4688-8C56-7B8061647A1F}.Debug|Any CPU.ActiveCfg = Debug|Any CPU
		{F362E67E-FE5C-4688-8C56-7B8061647A1F}.Debug|Any CPU.Build.0 = Debug|Any CPU
		{F362E67E-FE5C-4688-8C56-7B8061647A1F}.Release|Any CPU.ActiveCfg = Release|Any CPU
		{F362E67E-FE5C-4688-8C56-7B8061647A1F}.Release|Any CPU.Build.0 = Release|Any CPU
		{CCEBBE09-F28D-42B5-AFA0-14B50AD84AEE}.Debug|Any CPU.ActiveCfg = Debug|Any CPU
		{CCEBBE09-F28D-42B5-AFA0-14B50AD84AEE}.Debug|Any CPU.Build.0 = Debug|Any CPU
		{CCEBBE09-F28D-42B5-AFA0-14B50AD84AEE}.Release|Any CPU.ActiveCfg = Release|Any CPU
		{CCEBBE09-F28D-42B5-AFA0-14B50AD84AEE}.Release|Any CPU.Build.0 = Release|Any CPU
		{50A35B5E-CA54-4478-BA2D-37636191C332}.Debug|Any CPU.ActiveCfg = Debug|Any CPU
		{50A35B5E-CA54-4478-BA2D-37636191C332}.Debug|Any CPU.Build.0 = Debug|Any CPU
		{50A35B5E-CA54-4478-BA2D-37636191C332}.Release|Any CPU.ActiveCfg = Release|Any CPU
		{50A35B5E-CA54-4478-BA2D-37636191C332}.Release|Any CPU.Build.0 = Release|Any CPU
		{12B266A7-0863-4065-B739-84001FA549B2}.Debug|Any CPU.ActiveCfg = Debug|Any CPU
		{12B266A7-0863-4065-B739-84001FA549B2}.Debug|Any CPU.Build.0 = Debug|Any CPU
		{12B266A7-0863-4065-B739-84001FA549B2}.Release|Any CPU.ActiveCfg = Release|Any CPU
		{12B266A7-0863-4065-B739-84001FA549B2}.Release|Any CPU.Build.0 = Release|Any CPU
		{03FE9838-B11C-4E02-84D6-AE63A7E53FB8}.Debug|Any CPU.ActiveCfg = Debug|Any CPU
		{03FE9838-B11C-4E02-84D6-AE63A7E53FB8}.Debug|Any CPU.Build.0 = Debug|Any CPU
		{03FE9838-B11C-4E02-84D6-AE63A7E53FB8}.Release|Any CPU.ActiveCfg = Release|Any CPU
		{03FE9838-B11C-4E02-84D6-AE63A7E53FB8}.Release|Any CPU.Build.0 = Release|Any CPU
		{A1CDF5F1-3499-43D9-A365-39EA0733EBB2}.Debug|Any CPU.ActiveCfg = Debug|Any CPU
		{A1CDF5F1-3499-43D9-A365-39EA0733EBB2}.Debug|Any CPU.Build.0 = Debug|Any CPU
		{A1CDF5F1-3499-43D9-A365-39EA0733EBB2}.Release|Any CPU.ActiveCfg = Release|Any CPU
		{A1CDF5F1-3499-43D9-A365-39EA0733EBB2}.Release|Any CPU.Build.0 = Release|Any CPU
		{D9302E75-08FD-4E63-A338-DAF4DF4DFD85}.Debug|Any CPU.ActiveCfg = Debug|Any CPU
		{D9302E75-08FD-4E63-A338-DAF4DF4DFD85}.Debug|Any CPU.Build.0 = Debug|Any CPU
		{D9302E75-08FD-4E63-A338-DAF4DF4DFD85}.Release|Any CPU.ActiveCfg = Release|Any CPU
		{D9302E75-08FD-4E63-A338-DAF4DF4DFD85}.Release|Any CPU.Build.0 = Release|Any CPU
		{AFF5A9B0-7636-47F3-8B48-DBA282642EF1}.Debug|Any CPU.ActiveCfg = Debug|Any CPU
		{AFF5A9B0-7636-47F3-8B48-DBA282642EF1}.Debug|Any CPU.Build.0 = Debug|Any CPU
		{AFF5A9B0-7636-47F3-8B48-DBA282642EF1}.Release|Any CPU.ActiveCfg = Release|Any CPU
		{AFF5A9B0-7636-47F3-8B48-DBA282642EF1}.Release|Any CPU.Build.0 = Release|Any CPU
		{0E43B22F-B59C-4379-8850-906E482062D2}.Debug|Any CPU.ActiveCfg = Debug|Any CPU
		{0E43B22F-B59C-4379-8850-906E482062D2}.Debug|Any CPU.Build.0 = Debug|Any CPU
		{0E43B22F-B59C-4379-8850-906E482062D2}.Release|Any CPU.ActiveCfg = Release|Any CPU
		{0E43B22F-B59C-4379-8850-906E482062D2}.Release|Any CPU.Build.0 = Release|Any CPU
	EndGlobalSection
	GlobalSection(SolutionProperties) = preSolution
		HideSolutionNode = FALSE
	EndGlobalSection
	GlobalSection(NestedProjects) = preSolution
		{C5D0D7B3-BE54-4C15-9C13-6056D114CD2C} = {02381A10-08FD-11E9-83FD-7DC2C1B049B2}
		{CAC458BB-BD6D-4929-9E6F-5C6F979B6C8B} = {462356E0-08FD-11E9-83FD-7DC2C1B049B2}
		{40169A16-C347-4B77-ABDD-648E909730A4} = {02381A10-08FD-11E9-83FD-7DC2C1B049B2}
		{11F7DB0F-1D8C-4F78-B9F6-C7BF951E4A5A} = {02381A10-08FD-11E9-83FD-7DC2C1B049B2}
		{F2C3539F-6F39-45A6-B99F-66EDD7E28E3B} = {02381A10-08FD-11E9-83FD-7DC2C1B049B2}
		{F362E67E-FE5C-4688-8C56-7B8061647A1F} = {462356E0-08FD-11E9-83FD-7DC2C1B049B2}
		{CCEBBE09-F28D-42B5-AFA0-14B50AD84AEE} = {02381A10-08FD-11E9-83FD-7DC2C1B049B2}
		{50A35B5E-CA54-4478-BA2D-37636191C332} = {02381A10-08FD-11E9-83FD-7DC2C1B049B2}
		{12B266A7-0863-4065-B739-84001FA549B2} = {C88E5785-665B-446D-A811-38E8EA84D59A}
		{03FE9838-B11C-4E02-84D6-AE63A7E53FB8} = {C88E5785-665B-446D-A811-38E8EA84D59A}
		{A1CDF5F1-3499-43D9-A365-39EA0733EBB2} = {C88E5785-665B-446D-A811-38E8EA84D59A}
		{D9302E75-08FD-4E63-A338-DAF4DF4DFD85} = {02381A10-08FD-11E9-83FD-7DC2C1B049B2}
		{AFF5A9B0-7636-47F3-8B48-DBA282642EF1} = {02381A10-08FD-11E9-83FD-7DC2C1B049B2}
		{0E43B22F-B59C-4379-8850-906E482062D2} = {02381A10-08FD-11E9-83FD-7DC2C1B049B2}
	EndGlobalSection
	GlobalSection(ExtensibilityGlobals) = postSolution
		SolutionGuid = {96FD52AC-7DCC-41EB-87E6-C84D43E8CD1A}
	EndGlobalSection
EndGlobal
