Microsoft Visual Studio Solution File, Format Version 12.00
# Visual Studio 15
VisualStudioVersion = 15.0.27130.2024
MinimumVisualStudioVersion = 15.0.26124.0
Project("{9A19103F-16F7-4668-BE54-9A1E7A4F7556}") = "HelloServer", "HelloServer\HelloServer.csproj", "{1E3A3547-375D-4BEA-B652-0F1A3207CB51}"
EndProject
Project("{9A19103F-16F7-4668-BE54-9A1E7A4F7556}") = "HelloClient", "HelloClient\HelloClient.csproj", "{2AB61915-B203-47BD-BD99-86F27AFA5269}"
EndProject
Global
	GlobalSection(SolutionConfigurationPlatforms) = preSolution
		Debug|Any CPU = Debug|Any CPU
		Debug|x64 = Debug|x64
		Debug|x86 = Debug|x86
		Release|Any CPU = Release|Any CPU
		Release|x64 = Release|x64
		Release|x86 = Release|x86
	EndGlobalSection
	GlobalSection(ProjectConfigurationPlatforms) = postSolution
		{1E3A3547-375D-4BEA-B652-0F1A3207CB51}.Debug|Any CPU.ActiveCfg = Debug|Any CPU
		{1E3A3547-375D-4BEA-B652-0F1A3207CB51}.Debug|Any CPU.Build.0 = Debug|Any CPU
		{1E3A3547-375D-4BEA-B652-0F1A3207CB51}.Debug|x64.ActiveCfg = Debug|Any CPU
		{1E3A3547-375D-4BEA-B652-0F1A3207CB51}.Debug|x64.Build.0 = Debug|Any CPU
		{1E3A3547-375D-4BEA-B652-0F1A3207CB51}.Debug|x86.ActiveCfg = Debug|Any CPU
		{1E3A3547-375D-4BEA-B652-0F1A3207CB51}.Debug|x86.Build.0 = Debug|Any CPU
		{1E3A3547-375D-4BEA-B652-0F1A3207CB51}.Release|Any CPU.ActiveCfg = Release|Any CPU
		{1E3A3547-375D-4BEA-B652-0F1A3207CB51}.Release|Any CPU.Build.0 = Release|Any CPU
		{1E3A3547-375D-4BEA-B652-0F1A3207CB51}.Release|x64.ActiveCfg = Release|Any CPU
		{1E3A3547-375D-4BEA-B652-0F1A3207CB51}.Release|x64.Build.0 = Release|Any CPU
		{1E3A3547-375D-4BEA-B652-0F1A3207CB51}.Release|x86.ActiveCfg = Release|Any CPU
		{1E3A3547-375D-4BEA-B652-0F1A3207CB51}.Release|x86.Build.0 = Release|Any CPU
		{2AB61915-B203-47BD-BD99-86F27AFA5269}.Debug|Any CPU.ActiveCfg = Debug|Any CPU
		{2AB61915-B203-47BD-BD99-86F27AFA5269}.Debug|Any CPU.Build.0 = Debug|Any CPU
		{2AB61915-B203-47BD-BD99-86F27AFA5269}.Debug|x64.ActiveCfg = Debug|Any CPU
		{2AB61915-B203-47BD-BD99-86F27AFA5269}.Debug|x64.Build.0 = Debug|Any CPU
		{2AB61915-B203-47BD-BD99-86F27AFA5269}.Debug|x86.ActiveCfg = Debug|Any CPU
		{2AB61915-B203-47BD-BD99-86F27AFA5269}.Debug|x86.Build.0 = Debug|Any CPU
		{2AB61915-B203-47BD-BD99-86F27AFA5269}.Release|Any CPU.ActiveCfg = Release|Any CPU
		{2AB61915-B203-47BD-BD99-86F27AFA5269}.Release|Any CPU.Build.0 = Release|Any CPU
		{2AB61915-B203-47BD-BD99-86F27AFA5269}.Release|x64.ActiveCfg = Release|Any CPU
		{2AB61915-B203-47BD-BD99-86F27AFA5269}.Release|x64.Build.0 = Release|Any CPU
		{2AB61915-B203-47BD-BD99-86F27AFA5269}.Release|x86.ActiveCfg = Release|Any CPU
		{2AB61915-B203-47BD-BD99-86F27AFA5269}.Release|x86.Build.0 = Release|Any CPU
	EndGlobalSection
	GlobalSection(SolutionProperties) = preSolution
		HideSolutionNode = FALSE
	EndGlobalSection
	GlobalSection(ExtensibilityGlobals) = postSolution
		SolutionGuid = {984FD587-200D-4CFE-95EC-3052758843FD}
	EndGlobalSection
EndGlobal
