Microsoft Visual Studio Solution File, Format Version 12.00
# Visual Studio 15
VisualStudioVersion = 15.0.27130.2020
MinimumVisualStudioVersion = 15.0.26124.0
Project("{2150E333-8FDC-42A3-9474-1A3956D46DE8}") = "sample", "sample", "{1E5CC380-2031-445E-9C68-1BD169FD8F9D}"
EndProject
Project("{2150E333-8FDC-42A3-9474-1A3956D46DE8}") = "core", "core", "{F2AA1723-5775-4563-8F3A-E07A95FCB897}"
EndProject
Project("{2150E333-8FDC-42A3-9474-1A3956D46DE8}") = "protocol", "protocol", "{B015E325-E757-46D5-9D2B-5F824F777596}"
EndProject
Project("{9A19103F-16F7-4668-BE54-9A1E7A4F7556}") = "DotBPE.Rpc", "..\..\core\DotBPE.Rpc\DotBPE.Rpc.csproj", "{BAB02320-CB4E-4A88-B28C-75DF8E8FA714}"
EndProject
Project("{9A19103F-16F7-4668-BE54-9A1E7A4F7556}") = "DotBPE.Rpc.Netty", "..\..\core\DotBPE.Rpc.Netty\DotBPE.Rpc.Netty.csproj", "{368B1DE0-2CC1-4DC1-9DD9-E35DCED24436}"
EndProject
Project("{9A19103F-16F7-4668-BE54-9A1E7A4F7556}") = "DotBPE.Protocol.Amp", "..\..\protocol\DotBPE.Protocol.Amp\DotBPE.Protocol.Amp.csproj", "{A6078C6F-FF6F-4679-9898-AEA2D3D43976}"
EndProject
Project("{9A19103F-16F7-4668-BE54-9A1E7A4F7556}") = "HelloServer", "HelloServer\HelloServer.csproj", "{1E3A3547-375D-4BEA-B652-0F1A3207CB51}"
EndProject
Project("{9A19103F-16F7-4668-BE54-9A1E7A4F7556}") = "HelloClient", "HelloClient\HelloClient.csproj", "{2AB61915-B203-47BD-BD99-86F27AFA5269}"
EndProject
Project("{9A19103F-16F7-4668-BE54-9A1E7A4F7556}") = "DotBPE.Rpc.Hosting", "..\..\core\DotBPE.Rpc.Hosting\DotBPE.Rpc.Hosting.csproj", "{B6863AB2-3BFD-40C9-9FF4-4493FA841D75}"
EndProject
Project("{9A19103F-16F7-4668-BE54-9A1E7A4F7556}") = "DotBPE.Hosting", "..\..\core\DotBPE.Hosting\DotBPE.Hosting.csproj", "{EA15E21E-173C-4D89-8861-124E8C23A386}"
EndProject
Project("{9A19103F-16F7-4668-BE54-9A1E7A4F7556}") = "DotBPE.Hosting.Abstractions", "..\..\core\DotBPE.Hosting.Abstractions\DotBPE.Hosting.Abstractions.csproj", "{3BF005DC-F5C1-4834-8C12-E7A8367372B1}"
EndProject
Global
	GlobalSection(SolutionConfigurationPlatforms) = preSolution
		Debug|Any CPU = Debug|Any CPU
		Debug|x64 = Debug|x64
		Debug|x86 = Debug|x86
		Release|Any CPU = Release|Any CPU
		Release|x64 = Release|x64
		Release|x86 = Release|x86
	EndGlobalSection
	GlobalSection(ProjectConfigurationPlatforms) = postSolution
		{BAB02320-CB4E-4A88-B28C-75DF8E8FA714}.Debug|Any CPU.ActiveCfg = Debug|Any CPU
		{BAB02320-CB4E-4A88-B28C-75DF8E8FA714}.Debug|Any CPU.Build.0 = Debug|Any CPU
		{BAB02320-CB4E-4A88-B28C-75DF8E8FA714}.Debug|x64.ActiveCfg = Debug|Any CPU
		{BAB02320-CB4E-4A88-B28C-75DF8E8FA714}.Debug|x64.Build.0 = Debug|Any CPU
		{BAB02320-CB4E-4A88-B28C-75DF8E8FA714}.Debug|x86.ActiveCfg = Debug|Any CPU
		{BAB02320-CB4E-4A88-B28C-75DF8E8FA714}.Debug|x86.Build.0 = Debug|Any CPU
		{BAB02320-CB4E-4A88-B28C-75DF8E8FA714}.Release|Any CPU.ActiveCfg = Release|Any CPU
		{BAB02320-CB4E-4A88-B28C-75DF8E8FA714}.Release|Any CPU.Build.0 = Release|Any CPU
		{BAB02320-CB4E-4A88-B28C-75DF8E8FA714}.Release|x64.ActiveCfg = Release|Any CPU
		{BAB02320-CB4E-4A88-B28C-75DF8E8FA714}.Release|x64.Build.0 = Release|Any CPU
		{BAB02320-CB4E-4A88-B28C-75DF8E8FA714}.Release|x86.ActiveCfg = Release|Any CPU
		{BAB02320-CB4E-4A88-B28C-75DF8E8FA714}.Release|x86.Build.0 = Release|Any CPU
		{368B1DE0-2CC1-4DC1-9DD9-E35DCED24436}.Debug|Any CPU.ActiveCfg = Debug|Any CPU
		{368B1DE0-2CC1-4DC1-9DD9-E35DCED24436}.Debug|Any CPU.Build.0 = Debug|Any CPU
		{368B1DE0-2CC1-4DC1-9DD9-E35DCED24436}.Debug|x64.ActiveCfg = Debug|Any CPU
		{368B1DE0-2CC1-4DC1-9DD9-E35DCED24436}.Debug|x64.Build.0 = Debug|Any CPU
		{368B1DE0-2CC1-4DC1-9DD9-E35DCED24436}.Debug|x86.ActiveCfg = Debug|Any CPU
		{368B1DE0-2CC1-4DC1-9DD9-E35DCED24436}.Debug|x86.Build.0 = Debug|Any CPU
		{368B1DE0-2CC1-4DC1-9DD9-E35DCED24436}.Release|Any CPU.ActiveCfg = Release|Any CPU
		{368B1DE0-2CC1-4DC1-9DD9-E35DCED24436}.Release|Any CPU.Build.0 = Release|Any CPU
		{368B1DE0-2CC1-4DC1-9DD9-E35DCED24436}.Release|x64.ActiveCfg = Release|Any CPU
		{368B1DE0-2CC1-4DC1-9DD9-E35DCED24436}.Release|x64.Build.0 = Release|Any CPU
		{368B1DE0-2CC1-4DC1-9DD9-E35DCED24436}.Release|x86.ActiveCfg = Release|Any CPU
		{368B1DE0-2CC1-4DC1-9DD9-E35DCED24436}.Release|x86.Build.0 = Release|Any CPU
		{A6078C6F-FF6F-4679-9898-AEA2D3D43976}.Debug|Any CPU.ActiveCfg = Debug|Any CPU
		{A6078C6F-FF6F-4679-9898-AEA2D3D43976}.Debug|Any CPU.Build.0 = Debug|Any CPU
		{A6078C6F-FF6F-4679-9898-AEA2D3D43976}.Debug|x64.ActiveCfg = Debug|Any CPU
		{A6078C6F-FF6F-4679-9898-AEA2D3D43976}.Debug|x64.Build.0 = Debug|Any CPU
		{A6078C6F-FF6F-4679-9898-AEA2D3D43976}.Debug|x86.ActiveCfg = Debug|Any CPU
		{A6078C6F-FF6F-4679-9898-AEA2D3D43976}.Debug|x86.Build.0 = Debug|Any CPU
		{A6078C6F-FF6F-4679-9898-AEA2D3D43976}.Release|Any CPU.ActiveCfg = Release|Any CPU
		{A6078C6F-FF6F-4679-9898-AEA2D3D43976}.Release|Any CPU.Build.0 = Release|Any CPU
		{A6078C6F-FF6F-4679-9898-AEA2D3D43976}.Release|x64.ActiveCfg = Release|Any CPU
		{A6078C6F-FF6F-4679-9898-AEA2D3D43976}.Release|x64.Build.0 = Release|Any CPU
		{A6078C6F-FF6F-4679-9898-AEA2D3D43976}.Release|x86.ActiveCfg = Release|Any CPU
		{A6078C6F-FF6F-4679-9898-AEA2D3D43976}.Release|x86.Build.0 = Release|Any CPU
		{1E3A3547-375D-4BEA-B652-0F1A3207CB51}.Debug|Any CPU.ActiveCfg = Debug|Any CPU
		{1E3A3547-375D-4BEA-B652-0F1A3207CB51}.Debug|Any CPU.Build.0 = Debug|Any CPU
		{1E3A3547-375D-4BEA-B652-0F1A3207CB51}.Debug|x64.ActiveCfg = Debug|Any CPU
		{1E3A3547-375D-4BEA-B652-0F1A3207CB51}.Debug|x64.Build.0 = Debug|Any CPU
		{1E3A3547-375D-4BEA-B652-0F1A3207CB51}.Debug|x86.ActiveCfg = Debug|Any CPU
		{1E3A3547-375D-4BEA-B652-0F1A3207CB51}.Debug|x86.Build.0 = Debug|Any CPU
		{1E3A3547-375D-4BEA-B652-0F1A3207CB51}.Release|Any CPU.ActiveCfg = Release|Any CPU
		{1E3A3547-375D-4BEA-B652-0F1A3207CB51}.Release|Any CPU.Build.0 = Release|Any CPU
		{1E3A3547-375D-4BEA-B652-0F1A3207CB51}.Release|x64.ActiveCfg = Release|Any CPU
		{1E3A3547-375D-4BEA-B652-0F1A3207CB51}.Release|x64.Build.0 = Release|Any CPU
		{1E3A3547-375D-4BEA-B652-0F1A3207CB51}.Release|x86.ActiveCfg = Release|Any CPU
		{1E3A3547-375D-4BEA-B652-0F1A3207CB51}.Release|x86.Build.0 = Release|Any CPU
		{2AB61915-B203-47BD-BD99-86F27AFA5269}.Debug|Any CPU.ActiveCfg = Debug|Any CPU
		{2AB61915-B203-47BD-BD99-86F27AFA5269}.Debug|Any CPU.Build.0 = Debug|Any CPU
		{2AB61915-B203-47BD-BD99-86F27AFA5269}.Debug|x64.ActiveCfg = Debug|Any CPU
		{2AB61915-B203-47BD-BD99-86F27AFA5269}.Debug|x64.Build.0 = Debug|Any CPU
		{2AB61915-B203-47BD-BD99-86F27AFA5269}.Debug|x86.ActiveCfg = Debug|Any CPU
		{2AB61915-B203-47BD-BD99-86F27AFA5269}.Debug|x86.Build.0 = Debug|Any CPU
		{2AB61915-B203-47BD-BD99-86F27AFA5269}.Release|Any CPU.ActiveCfg = Release|Any CPU
		{2AB61915-B203-47BD-BD99-86F27AFA5269}.Release|Any CPU.Build.0 = Release|Any CPU
		{2AB61915-B203-47BD-BD99-86F27AFA5269}.Release|x64.ActiveCfg = Release|Any CPU
		{2AB61915-B203-47BD-BD99-86F27AFA5269}.Release|x64.Build.0 = Release|Any CPU
		{2AB61915-B203-47BD-BD99-86F27AFA5269}.Release|x86.ActiveCfg = Release|Any CPU
		{2AB61915-B203-47BD-BD99-86F27AFA5269}.Release|x86.Build.0 = Release|Any CPU
		{B6863AB2-3BFD-40C9-9FF4-4493FA841D75}.Debug|Any CPU.ActiveCfg = Debug|Any CPU
		{B6863AB2-3BFD-40C9-9FF4-4493FA841D75}.Debug|Any CPU.Build.0 = Debug|Any CPU
		{B6863AB2-3BFD-40C9-9FF4-4493FA841D75}.Debug|x64.ActiveCfg = Debug|Any CPU
		{B6863AB2-3BFD-40C9-9FF4-4493FA841D75}.Debug|x64.Build.0 = Debug|Any CPU
		{B6863AB2-3BFD-40C9-9FF4-4493FA841D75}.Debug|x86.ActiveCfg = Debug|Any CPU
		{B6863AB2-3BFD-40C9-9FF4-4493FA841D75}.Debug|x86.Build.0 = Debug|Any CPU
		{B6863AB2-3BFD-40C9-9FF4-4493FA841D75}.Release|Any CPU.ActiveCfg = Release|Any CPU
		{B6863AB2-3BFD-40C9-9FF4-4493FA841D75}.Release|Any CPU.Build.0 = Release|Any CPU
		{B6863AB2-3BFD-40C9-9FF4-4493FA841D75}.Release|x64.ActiveCfg = Release|Any CPU
		{B6863AB2-3BFD-40C9-9FF4-4493FA841D75}.Release|x64.Build.0 = Release|Any CPU
		{B6863AB2-3BFD-40C9-9FF4-4493FA841D75}.Release|x86.ActiveCfg = Release|Any CPU
		{B6863AB2-3BFD-40C9-9FF4-4493FA841D75}.Release|x86.Build.0 = Release|Any CPU
		{EA15E21E-173C-4D89-8861-124E8C23A386}.Debug|Any CPU.ActiveCfg = Debug|Any CPU
		{EA15E21E-173C-4D89-8861-124E8C23A386}.Debug|Any CPU.Build.0 = Debug|Any CPU
		{EA15E21E-173C-4D89-8861-124E8C23A386}.Debug|x64.ActiveCfg = Debug|Any CPU
		{EA15E21E-173C-4D89-8861-124E8C23A386}.Debug|x64.Build.0 = Debug|Any CPU
		{EA15E21E-173C-4D89-8861-124E8C23A386}.Debug|x86.ActiveCfg = Debug|Any CPU
		{EA15E21E-173C-4D89-8861-124E8C23A386}.Debug|x86.Build.0 = Debug|Any CPU
		{EA15E21E-173C-4D89-8861-124E8C23A386}.Release|Any CPU.ActiveCfg = Release|Any CPU
		{EA15E21E-173C-4D89-8861-124E8C23A386}.Release|Any CPU.Build.0 = Release|Any CPU
		{EA15E21E-173C-4D89-8861-124E8C23A386}.Release|x64.ActiveCfg = Release|Any CPU
		{EA15E21E-173C-4D89-8861-124E8C23A386}.Release|x64.Build.0 = Release|Any CPU
		{EA15E21E-173C-4D89-8861-124E8C23A386}.Release|x86.ActiveCfg = Release|Any CPU
		{EA15E21E-173C-4D89-8861-124E8C23A386}.Release|x86.Build.0 = Release|Any CPU
		{3BF005DC-F5C1-4834-8C12-E7A8367372B1}.Debug|Any CPU.ActiveCfg = Debug|Any CPU
		{3BF005DC-F5C1-4834-8C12-E7A8367372B1}.Debug|Any CPU.Build.0 = Debug|Any CPU
		{3BF005DC-F5C1-4834-8C12-E7A8367372B1}.Debug|x64.ActiveCfg = Debug|Any CPU
		{3BF005DC-F5C1-4834-8C12-E7A8367372B1}.Debug|x64.Build.0 = Debug|Any CPU
		{3BF005DC-F5C1-4834-8C12-E7A8367372B1}.Debug|x86.ActiveCfg = Debug|Any CPU
		{3BF005DC-F5C1-4834-8C12-E7A8367372B1}.Debug|x86.Build.0 = Debug|Any CPU
		{3BF005DC-F5C1-4834-8C12-E7A8367372B1}.Release|Any CPU.ActiveCfg = Release|Any CPU
		{3BF005DC-F5C1-4834-8C12-E7A8367372B1}.Release|Any CPU.Build.0 = Release|Any CPU
		{3BF005DC-F5C1-4834-8C12-E7A8367372B1}.Release|x64.ActiveCfg = Release|Any CPU
		{3BF005DC-F5C1-4834-8C12-E7A8367372B1}.Release|x64.Build.0 = Release|Any CPU
		{3BF005DC-F5C1-4834-8C12-E7A8367372B1}.Release|x86.ActiveCfg = Release|Any CPU
		{3BF005DC-F5C1-4834-8C12-E7A8367372B1}.Release|x86.Build.0 = Release|Any CPU
	EndGlobalSection
	GlobalSection(SolutionProperties) = preSolution
		HideSolutionNode = FALSE
	EndGlobalSection
	GlobalSection(NestedProjects) = preSolution
		{BAB02320-CB4E-4A88-B28C-75DF8E8FA714} = {F2AA1723-5775-4563-8F3A-E07A95FCB897}
		{368B1DE0-2CC1-4DC1-9DD9-E35DCED24436} = {F2AA1723-5775-4563-8F3A-E07A95FCB897}
		{A6078C6F-FF6F-4679-9898-AEA2D3D43976} = {B015E325-E757-46D5-9D2B-5F824F777596}
		{1E3A3547-375D-4BEA-B652-0F1A3207CB51} = {1E5CC380-2031-445E-9C68-1BD169FD8F9D}
		{2AB61915-B203-47BD-BD99-86F27AFA5269} = {1E5CC380-2031-445E-9C68-1BD169FD8F9D}
		{B6863AB2-3BFD-40C9-9FF4-4493FA841D75} = {F2AA1723-5775-4563-8F3A-E07A95FCB897}
		{EA15E21E-173C-4D89-8861-124E8C23A386} = {F2AA1723-5775-4563-8F3A-E07A95FCB897}
		{3BF005DC-F5C1-4834-8C12-E7A8367372B1} = {F2AA1723-5775-4563-8F3A-E07A95FCB897}
	EndGlobalSection
	GlobalSection(ExtensibilityGlobals) = postSolution
		SolutionGuid = {984FD587-200D-4CFE-95EC-3052758843FD}
	EndGlobalSection
EndGlobal
