Microsoft Visual Studio Solution File, Format Version 12.00
# Visual Studio 15
VisualStudioVersion = 15.0.27130.2020
MinimumVisualStudioVersion = 15.0.26124.0
Project("{9A19103F-16F7-4668-BE54-9A1E7A4F7556}") = "GatewayForAspNet", "GatewayForAspNet\GatewayForAspNet.csproj", "{C4E93109-B29B-450E-B3D0-55E1C49488A8}"
EndProject
Project("{2150E333-8FDC-42A3-9474-1A3956D46DE8}") = "core", "core", "{0C696ACB-44C9-4507-ABF4-7905A1E4F328}"
EndProject
Project("{2150E333-8FDC-42A3-9474-1A3956D46DE8}") = "protocol", "protocol", "{A58A6AA2-1E7B-4216-B5D6-07B4EBFF3099}"
EndProject
Project("{2150E333-8FDC-42A3-9474-1A3956D46DE8}") = "plugin", "plugin", "{61770919-1C02-4CEA-B31E-62CA7767B98B}"
EndProject
Project("{9A19103F-16F7-4668-BE54-9A1E7A4F7556}") = "DotBPE.Rpc", "..\..\core\DotBPE.Rpc\DotBPE.Rpc.csproj", "{80D1110B-A7D5-4982-A80F-39260F83FCF4}"
EndProject
Project("{9A19103F-16F7-4668-BE54-9A1E7A4F7556}") = "DotBPE.Rpc.Netty", "..\..\core\DotBPE.Rpc.Netty\DotBPE.Rpc.Netty.csproj", "{D50427AA-A9EB-4A37-A62E-8A26A4A48022}"
EndProject
Project("{9A19103F-16F7-4668-BE54-9A1E7A4F7556}") = "DotBPE.Plugin.AspNetGateway", "..\..\plugins\gateway\DotBPE.Plugin.AspNetGateway\DotBPE.Plugin.AspNetGateway.csproj", "{96ECD492-D82C-4AE0-9550-224CA653ECDD}"
EndProject
Project("{9A19103F-16F7-4668-BE54-9A1E7A4F7556}") = "DotBPE.Protocol.Amp", "..\..\protocol\DotBPE.Protocol.Amp\DotBPE.Protocol.Amp.csproj", "{D01FF900-D893-43EA-817B-C03A12A2AA4B}"
EndProject
Project("{9A19103F-16F7-4668-BE54-9A1E7A4F7556}") = "DotBPE.Protobuf", "..\..\protocol\DotBPE.Protobuf\DotBPE.Protobuf.csproj", "{6276E8F4-CF8B-412E-911F-E24727F3DF7A}"
EndProject
Project("{2150E333-8FDC-42A3-9474-1A3956D46DE8}") = "sample", "sample", "{9AEEC48F-CDFF-48C9-BE6F-20199361EED2}"
EndProject
Project("{9A19103F-16F7-4668-BE54-9A1E7A4F7556}") = "DotBPE.Rpc.Hosting", "..\..\core\DotBPE.Rpc.Hosting\DotBPE.Rpc.Hosting.csproj", "{DD991372-B17C-43B7-9879-2BCB0FA3C2F0}"
EndProject
Project("{9A19103F-16F7-4668-BE54-9A1E7A4F7556}") = "DotBPE.Hosting", "..\..\core\DotBPE.Hosting\DotBPE.Hosting.csproj", "{F863C064-0ACB-425A-91E1-C1FEBAB6DC97}"
EndProject
Project("{9A19103F-16F7-4668-BE54-9A1E7A4F7556}") = "DotBPE.Hosting.Abstractions", "..\..\core\DotBPE.Hosting.Abstractions\DotBPE.Hosting.Abstractions.csproj", "{7D04BECE-FE09-41B7-B318-4B25E7CCCAC5}"
EndProject
Global
	GlobalSection(SolutionConfigurationPlatforms) = preSolution
		Debug|Any CPU = Debug|Any CPU
		Debug|x64 = Debug|x64
		Debug|x86 = Debug|x86
		Release|Any CPU = Release|Any CPU
		Release|x64 = Release|x64
		Release|x86 = Release|x86
	EndGlobalSection
	GlobalSection(ProjectConfigurationPlatforms) = postSolution
		{C4E93109-B29B-450E-B3D0-55E1C49488A8}.Debug|Any CPU.ActiveCfg = Debug|Any CPU
		{C4E93109-B29B-450E-B3D0-55E1C49488A8}.Debug|Any CPU.Build.0 = Debug|Any CPU
		{C4E93109-B29B-450E-B3D0-55E1C49488A8}.Debug|x64.ActiveCfg = Debug|Any CPU
		{C4E93109-B29B-450E-B3D0-55E1C49488A8}.Debug|x64.Build.0 = Debug|Any CPU
		{C4E93109-B29B-450E-B3D0-55E1C49488A8}.Debug|x86.ActiveCfg = Debug|Any CPU
		{C4E93109-B29B-450E-B3D0-55E1C49488A8}.Debug|x86.Build.0 = Debug|Any CPU
		{C4E93109-B29B-450E-B3D0-55E1C49488A8}.Release|Any CPU.ActiveCfg = Release|Any CPU
		{C4E93109-B29B-450E-B3D0-55E1C49488A8}.Release|Any CPU.Build.0 = Release|Any CPU
		{C4E93109-B29B-450E-B3D0-55E1C49488A8}.Release|x64.ActiveCfg = Release|Any CPU
		{C4E93109-B29B-450E-B3D0-55E1C49488A8}.Release|x64.Build.0 = Release|Any CPU
		{C4E93109-B29B-450E-B3D0-55E1C49488A8}.Release|x86.ActiveCfg = Release|Any CPU
		{C4E93109-B29B-450E-B3D0-55E1C49488A8}.Release|x86.Build.0 = Release|Any CPU
		{80D1110B-A7D5-4982-A80F-39260F83FCF4}.Debug|Any CPU.ActiveCfg = Debug|Any CPU
		{80D1110B-A7D5-4982-A80F-39260F83FCF4}.Debug|Any CPU.Build.0 = Debug|Any CPU
		{80D1110B-A7D5-4982-A80F-39260F83FCF4}.Debug|x64.ActiveCfg = Debug|Any CPU
		{80D1110B-A7D5-4982-A80F-39260F83FCF4}.Debug|x64.Build.0 = Debug|Any CPU
		{80D1110B-A7D5-4982-A80F-39260F83FCF4}.Debug|x86.ActiveCfg = Debug|Any CPU
		{80D1110B-A7D5-4982-A80F-39260F83FCF4}.Debug|x86.Build.0 = Debug|Any CPU
		{80D1110B-A7D5-4982-A80F-39260F83FCF4}.Release|Any CPU.ActiveCfg = Release|Any CPU
		{80D1110B-A7D5-4982-A80F-39260F83FCF4}.Release|Any CPU.Build.0 = Release|Any CPU
		{80D1110B-A7D5-4982-A80F-39260F83FCF4}.Release|x64.ActiveCfg = Release|Any CPU
		{80D1110B-A7D5-4982-A80F-39260F83FCF4}.Release|x64.Build.0 = Release|Any CPU
		{80D1110B-A7D5-4982-A80F-39260F83FCF4}.Release|x86.ActiveCfg = Release|Any CPU
		{80D1110B-A7D5-4982-A80F-39260F83FCF4}.Release|x86.Build.0 = Release|Any CPU
		{D50427AA-A9EB-4A37-A62E-8A26A4A48022}.Debug|Any CPU.ActiveCfg = Debug|Any CPU
		{D50427AA-A9EB-4A37-A62E-8A26A4A48022}.Debug|Any CPU.Build.0 = Debug|Any CPU
		{D50427AA-A9EB-4A37-A62E-8A26A4A48022}.Debug|x64.ActiveCfg = Debug|Any CPU
		{D50427AA-A9EB-4A37-A62E-8A26A4A48022}.Debug|x64.Build.0 = Debug|Any CPU
		{D50427AA-A9EB-4A37-A62E-8A26A4A48022}.Debug|x86.ActiveCfg = Debug|Any CPU
		{D50427AA-A9EB-4A37-A62E-8A26A4A48022}.Debug|x86.Build.0 = Debug|Any CPU
		{D50427AA-A9EB-4A37-A62E-8A26A4A48022}.Release|Any CPU.ActiveCfg = Release|Any CPU
		{D50427AA-A9EB-4A37-A62E-8A26A4A48022}.Release|Any CPU.Build.0 = Release|Any CPU
		{D50427AA-A9EB-4A37-A62E-8A26A4A48022}.Release|x64.ActiveCfg = Release|Any CPU
		{D50427AA-A9EB-4A37-A62E-8A26A4A48022}.Release|x64.Build.0 = Release|Any CPU
		{D50427AA-A9EB-4A37-A62E-8A26A4A48022}.Release|x86.ActiveCfg = Release|Any CPU
		{D50427AA-A9EB-4A37-A62E-8A26A4A48022}.Release|x86.Build.0 = Release|Any CPU
		{96ECD492-D82C-4AE0-9550-224CA653ECDD}.Debug|Any CPU.ActiveCfg = Debug|Any CPU
		{96ECD492-D82C-4AE0-9550-224CA653ECDD}.Debug|Any CPU.Build.0 = Debug|Any CPU
		{96ECD492-D82C-4AE0-9550-224CA653ECDD}.Debug|x64.ActiveCfg = Debug|Any CPU
		{96ECD492-D82C-4AE0-9550-224CA653ECDD}.Debug|x64.Build.0 = Debug|Any CPU
		{96ECD492-D82C-4AE0-9550-224CA653ECDD}.Debug|x86.ActiveCfg = Debug|Any CPU
		{96ECD492-D82C-4AE0-9550-224CA653ECDD}.Debug|x86.Build.0 = Debug|Any CPU
		{96ECD492-D82C-4AE0-9550-224CA653ECDD}.Release|Any CPU.ActiveCfg = Release|Any CPU
		{96ECD492-D82C-4AE0-9550-224CA653ECDD}.Release|Any CPU.Build.0 = Release|Any CPU
		{96ECD492-D82C-4AE0-9550-224CA653ECDD}.Release|x64.ActiveCfg = Release|Any CPU
		{96ECD492-D82C-4AE0-9550-224CA653ECDD}.Release|x64.Build.0 = Release|Any CPU
		{96ECD492-D82C-4AE0-9550-224CA653ECDD}.Release|x86.ActiveCfg = Release|Any CPU
		{96ECD492-D82C-4AE0-9550-224CA653ECDD}.Release|x86.Build.0 = Release|Any CPU
		{D01FF900-D893-43EA-817B-C03A12A2AA4B}.Debug|Any CPU.ActiveCfg = Debug|Any CPU
		{D01FF900-D893-43EA-817B-C03A12A2AA4B}.Debug|Any CPU.Build.0 = Debug|Any CPU
		{D01FF900-D893-43EA-817B-C03A12A2AA4B}.Debug|x64.ActiveCfg = Debug|Any CPU
		{D01FF900-D893-43EA-817B-C03A12A2AA4B}.Debug|x64.Build.0 = Debug|Any CPU
		{D01FF900-D893-43EA-817B-C03A12A2AA4B}.Debug|x86.ActiveCfg = Debug|Any CPU
		{D01FF900-D893-43EA-817B-C03A12A2AA4B}.Debug|x86.Build.0 = Debug|Any CPU
		{D01FF900-D893-43EA-817B-C03A12A2AA4B}.Release|Any CPU.ActiveCfg = Release|Any CPU
		{D01FF900-D893-43EA-817B-C03A12A2AA4B}.Release|Any CPU.Build.0 = Release|Any CPU
		{D01FF900-D893-43EA-817B-C03A12A2AA4B}.Release|x64.ActiveCfg = Release|Any CPU
		{D01FF900-D893-43EA-817B-C03A12A2AA4B}.Release|x64.Build.0 = Release|Any CPU
		{D01FF900-D893-43EA-817B-C03A12A2AA4B}.Release|x86.ActiveCfg = Release|Any CPU
		{D01FF900-D893-43EA-817B-C03A12A2AA4B}.Release|x86.Build.0 = Release|Any CPU
		{6276E8F4-CF8B-412E-911F-E24727F3DF7A}.Debug|Any CPU.ActiveCfg = Debug|Any CPU
		{6276E8F4-CF8B-412E-911F-E24727F3DF7A}.Debug|Any CPU.Build.0 = Debug|Any CPU
		{6276E8F4-CF8B-412E-911F-E24727F3DF7A}.Debug|x64.ActiveCfg = Debug|Any CPU
		{6276E8F4-CF8B-412E-911F-E24727F3DF7A}.Debug|x64.Build.0 = Debug|Any CPU
		{6276E8F4-CF8B-412E-911F-E24727F3DF7A}.Debug|x86.ActiveCfg = Debug|Any CPU
		{6276E8F4-CF8B-412E-911F-E24727F3DF7A}.Debug|x86.Build.0 = Debug|Any CPU
		{6276E8F4-CF8B-412E-911F-E24727F3DF7A}.Release|Any CPU.ActiveCfg = Release|Any CPU
		{6276E8F4-CF8B-412E-911F-E24727F3DF7A}.Release|Any CPU.Build.0 = Release|Any CPU
		{6276E8F4-CF8B-412E-911F-E24727F3DF7A}.Release|x64.ActiveCfg = Release|Any CPU
		{6276E8F4-CF8B-412E-911F-E24727F3DF7A}.Release|x64.Build.0 = Release|Any CPU
		{6276E8F4-CF8B-412E-911F-E24727F3DF7A}.Release|x86.ActiveCfg = Release|Any CPU
		{6276E8F4-CF8B-412E-911F-E24727F3DF7A}.Release|x86.Build.0 = Release|Any CPU
		{DD991372-B17C-43B7-9879-2BCB0FA3C2F0}.Debug|Any CPU.ActiveCfg = Debug|Any CPU
		{DD991372-B17C-43B7-9879-2BCB0FA3C2F0}.Debug|Any CPU.Build.0 = Debug|Any CPU
		{DD991372-B17C-43B7-9879-2BCB0FA3C2F0}.Debug|x64.ActiveCfg = Debug|Any CPU
		{DD991372-B17C-43B7-9879-2BCB0FA3C2F0}.Debug|x64.Build.0 = Debug|Any CPU
		{DD991372-B17C-43B7-9879-2BCB0FA3C2F0}.Debug|x86.ActiveCfg = Debug|Any CPU
		{DD991372-B17C-43B7-9879-2BCB0FA3C2F0}.Debug|x86.Build.0 = Debug|Any CPU
		{DD991372-B17C-43B7-9879-2BCB0FA3C2F0}.Release|Any CPU.ActiveCfg = Release|Any CPU
		{DD991372-B17C-43B7-9879-2BCB0FA3C2F0}.Release|Any CPU.Build.0 = Release|Any CPU
		{DD991372-B17C-43B7-9879-2BCB0FA3C2F0}.Release|x64.ActiveCfg = Release|Any CPU
		{DD991372-B17C-43B7-9879-2BCB0FA3C2F0}.Release|x64.Build.0 = Release|Any CPU
		{DD991372-B17C-43B7-9879-2BCB0FA3C2F0}.Release|x86.ActiveCfg = Release|Any CPU
		{DD991372-B17C-43B7-9879-2BCB0FA3C2F0}.Release|x86.Build.0 = Release|Any CPU
		{F863C064-0ACB-425A-91E1-C1FEBAB6DC97}.Debug|Any CPU.ActiveCfg = Debug|Any CPU
		{F863C064-0ACB-425A-91E1-C1FEBAB6DC97}.Debug|Any CPU.Build.0 = Debug|Any CPU
		{F863C064-0ACB-425A-91E1-C1FEBAB6DC97}.Debug|x64.ActiveCfg = Debug|Any CPU
		{F863C064-0ACB-425A-91E1-C1FEBAB6DC97}.Debug|x64.Build.0 = Debug|Any CPU
		{F863C064-0ACB-425A-91E1-C1FEBAB6DC97}.Debug|x86.ActiveCfg = Debug|Any CPU
		{F863C064-0ACB-425A-91E1-C1FEBAB6DC97}.Debug|x86.Build.0 = Debug|Any CPU
		{F863C064-0ACB-425A-91E1-C1FEBAB6DC97}.Release|Any CPU.ActiveCfg = Release|Any CPU
		{F863C064-0ACB-425A-91E1-C1FEBAB6DC97}.Release|Any CPU.Build.0 = Release|Any CPU
		{F863C064-0ACB-425A-91E1-C1FEBAB6DC97}.Release|x64.ActiveCfg = Release|Any CPU
		{F863C064-0ACB-425A-91E1-C1FEBAB6DC97}.Release|x64.Build.0 = Release|Any CPU
		{F863C064-0ACB-425A-91E1-C1FEBAB6DC97}.Release|x86.ActiveCfg = Release|Any CPU
		{F863C064-0ACB-425A-91E1-C1FEBAB6DC97}.Release|x86.Build.0 = Release|Any CPU
		{7D04BECE-FE09-41B7-B318-4B25E7CCCAC5}.Debug|Any CPU.ActiveCfg = Debug|Any CPU
		{7D04BECE-FE09-41B7-B318-4B25E7CCCAC5}.Debug|Any CPU.Build.0 = Debug|Any CPU
		{7D04BECE-FE09-41B7-B318-4B25E7CCCAC5}.Debug|x64.ActiveCfg = Debug|Any CPU
		{7D04BECE-FE09-41B7-B318-4B25E7CCCAC5}.Debug|x64.Build.0 = Debug|Any CPU
		{7D04BECE-FE09-41B7-B318-4B25E7CCCAC5}.Debug|x86.ActiveCfg = Debug|Any CPU
		{7D04BECE-FE09-41B7-B318-4B25E7CCCAC5}.Debug|x86.Build.0 = Debug|Any CPU
		{7D04BECE-FE09-41B7-B318-4B25E7CCCAC5}.Release|Any CPU.ActiveCfg = Release|Any CPU
		{7D04BECE-FE09-41B7-B318-4B25E7CCCAC5}.Release|Any CPU.Build.0 = Release|Any CPU
		{7D04BECE-FE09-41B7-B318-4B25E7CCCAC5}.Release|x64.ActiveCfg = Release|Any CPU
		{7D04BECE-FE09-41B7-B318-4B25E7CCCAC5}.Release|x64.Build.0 = Release|Any CPU
		{7D04BECE-FE09-41B7-B318-4B25E7CCCAC5}.Release|x86.ActiveCfg = Release|Any CPU
		{7D04BECE-FE09-41B7-B318-4B25E7CCCAC5}.Release|x86.Build.0 = Release|Any CPU
	EndGlobalSection
	GlobalSection(SolutionProperties) = preSolution
		HideSolutionNode = FALSE
	EndGlobalSection
	GlobalSection(NestedProjects) = preSolution
		{C4E93109-B29B-450E-B3D0-55E1C49488A8} = {9AEEC48F-CDFF-48C9-BE6F-20199361EED2}
		{80D1110B-A7D5-4982-A80F-39260F83FCF4} = {0C696ACB-44C9-4507-ABF4-7905A1E4F328}
		{D50427AA-A9EB-4A37-A62E-8A26A4A48022} = {0C696ACB-44C9-4507-ABF4-7905A1E4F328}
		{96ECD492-D82C-4AE0-9550-224CA653ECDD} = {61770919-1C02-4CEA-B31E-62CA7767B98B}
		{D01FF900-D893-43EA-817B-C03A12A2AA4B} = {A58A6AA2-1E7B-4216-B5D6-07B4EBFF3099}
		{6276E8F4-CF8B-412E-911F-E24727F3DF7A} = {A58A6AA2-1E7B-4216-B5D6-07B4EBFF3099}
		{DD991372-B17C-43B7-9879-2BCB0FA3C2F0} = {0C696ACB-44C9-4507-ABF4-7905A1E4F328}
		{F863C064-0ACB-425A-91E1-C1FEBAB6DC97} = {0C696ACB-44C9-4507-ABF4-7905A1E4F328}
		{7D04BECE-FE09-41B7-B318-4B25E7CCCAC5} = {0C696ACB-44C9-4507-ABF4-7905A1E4F328}
	EndGlobalSection
	GlobalSection(ExtensibilityGlobals) = postSolution
		SolutionGuid = {30C29E0C-BE18-4EC4-A07F-5984575484A5}
	EndGlobalSection
EndGlobal
