
Microsoft Visual Studio Solution File, Format Version 12.00
# Visual Studio 15
VisualStudioVersion = 15.0.27130.2026
MinimumVisualStudioVersion = 15.0.26124.0
Project("{9A19103F-16F7-4668-BE54-9A1E7A4F7556}") = "Survey.Core", "Survey.Core\Survey.Core.csproj", "{41E4B41C-E115-4E31-92B9-1AA87A4AF427}"
EndProject
Project("{9A19103F-16F7-4668-BE54-9A1E7A4F7556}") = "Survey.App", "Survey.App\Survey.App.csproj", "{C756CCE8-4539-42F9-8DC3-F9452BFAEDB2}"
EndProject
Project("{9A19103F-16F7-4668-BE54-9A1E7A4F7556}") = "Survey.Service", "Survey.Service\Survey.Service.csproj", "{C0C07375-B5AC-462D-8957-8C9B547A3836}"
EndProject
Project("{9A19103F-16F7-4668-BE54-9A1E7A4F7556}") = "QuickTest", "QuickTest\QuickTest.csproj", "{AC42340F-0A10-4104-A2FA-1879ECCE64D8}"
EndProject
Project("{9A19103F-16F7-4668-BE54-9A1E7A4F7556}") = "Survey.AspNetGateway", "Survey.AspNetGateway\Survey.AspNetGateway.csproj", "{7056C318-BE6D-47E0-BA79-94D979AA81A6}"
EndProject
Project("{2150E333-8FDC-42A3-9474-1A3956D46DE8}") = "Ref", "Ref", "{ECF153E3-C7AF-4302-9D0C-21C950D0D92B}"
	ProjectSection(SolutionItems) = preProject
		Ref\startup.json = Ref\startup.json
	EndProjectSection
EndProject
Global
	GlobalSection(SolutionConfigurationPlatforms) = preSolution
		Debug|Any CPU = Debug|Any CPU
		Debug|x64 = Debug|x64
		Debug|x86 = Debug|x86
		Release|Any CPU = Release|Any CPU
		Release|x64 = Release|x64
		Release|x86 = Release|x86
	EndGlobalSection
	GlobalSection(ProjectConfigurationPlatforms) = postSolution
		{41E4B41C-E115-4E31-92B9-1AA87A4AF427}.Debug|Any CPU.ActiveCfg = Debug|Any CPU
		{41E4B41C-E115-4E31-92B9-1AA87A4AF427}.Debug|Any CPU.Build.0 = Debug|Any CPU
		{41E4B41C-E115-4E31-92B9-1AA87A4AF427}.Debug|x64.ActiveCfg = Debug|Any CPU
		{41E4B41C-E115-4E31-92B9-1AA87A4AF427}.Debug|x64.Build.0 = Debug|Any CPU
		{41E4B41C-E115-4E31-92B9-1AA87A4AF427}.Debug|x86.ActiveCfg = Debug|Any CPU
		{41E4B41C-E115-4E31-92B9-1AA87A4AF427}.Debug|x86.Build.0 = Debug|Any CPU
		{41E4B41C-E115-4E31-92B9-1AA87A4AF427}.Release|Any CPU.ActiveCfg = Release|Any CPU
		{41E4B41C-E115-4E31-92B9-1AA87A4AF427}.Release|Any CPU.Build.0 = Release|Any CPU
		{41E4B41C-E115-4E31-92B9-1AA87A4AF427}.Release|x64.ActiveCfg = Release|Any CPU
		{41E4B41C-E115-4E31-92B9-1AA87A4AF427}.Release|x64.Build.0 = Release|Any CPU
		{41E4B41C-E115-4E31-92B9-1AA87A4AF427}.Release|x86.ActiveCfg = Release|Any CPU
		{41E4B41C-E115-4E31-92B9-1AA87A4AF427}.Release|x86.Build.0 = Release|Any CPU
		{C756CCE8-4539-42F9-8DC3-F9452BFAEDB2}.Debug|Any CPU.ActiveCfg = Debug|Any CPU
		{C756CCE8-4539-42F9-8DC3-F9452BFAEDB2}.Debug|Any CPU.Build.0 = Debug|Any CPU
		{C756CCE8-4539-42F9-8DC3-F9452BFAEDB2}.Debug|x64.ActiveCfg = Debug|Any CPU
		{C756CCE8-4539-42F9-8DC3-F9452BFAEDB2}.Debug|x64.Build.0 = Debug|Any CPU
		{C756CCE8-4539-42F9-8DC3-F9452BFAEDB2}.Debug|x86.ActiveCfg = Debug|Any CPU
		{C756CCE8-4539-42F9-8DC3-F9452BFAEDB2}.Debug|x86.Build.0 = Debug|Any CPU
		{C756CCE8-4539-42F9-8DC3-F9452BFAEDB2}.Release|Any CPU.ActiveCfg = Release|Any CPU
		{C756CCE8-4539-42F9-8DC3-F9452BFAEDB2}.Release|Any CPU.Build.0 = Release|Any CPU
		{C756CCE8-4539-42F9-8DC3-F9452BFAEDB2}.Release|x64.ActiveCfg = Release|Any CPU
		{C756CCE8-4539-42F9-8DC3-F9452BFAEDB2}.Release|x64.Build.0 = Release|Any CPU
		{C756CCE8-4539-42F9-8DC3-F9452BFAEDB2}.Release|x86.ActiveCfg = Release|Any CPU
		{C756CCE8-4539-42F9-8DC3-F9452BFAEDB2}.Release|x86.Build.0 = Release|Any CPU
		{C0C07375-B5AC-462D-8957-8C9B547A3836}.Debug|Any CPU.ActiveCfg = Debug|Any CPU
		{C0C07375-B5AC-462D-8957-8C9B547A3836}.Debug|Any CPU.Build.0 = Debug|Any CPU
		{C0C07375-B5AC-462D-8957-8C9B547A3836}.Debug|x64.ActiveCfg = Debug|Any CPU
		{C0C07375-B5AC-462D-8957-8C9B547A3836}.Debug|x64.Build.0 = Debug|Any CPU
		{C0C07375-B5AC-462D-8957-8C9B547A3836}.Debug|x86.ActiveCfg = Debug|Any CPU
		{C0C07375-B5AC-462D-8957-8C9B547A3836}.Debug|x86.Build.0 = Debug|Any CPU
		{C0C07375-B5AC-462D-8957-8C9B547A3836}.Release|Any CPU.ActiveCfg = Release|Any CPU
		{C0C07375-B5AC-462D-8957-8C9B547A3836}.Release|Any CPU.Build.0 = Release|Any CPU
		{C0C07375-B5AC-462D-8957-8C9B547A3836}.Release|x64.ActiveCfg = Release|Any CPU
		{C0C07375-B5AC-462D-8957-8C9B547A3836}.Release|x64.Build.0 = Release|Any CPU
		{C0C07375-B5AC-462D-8957-8C9B547A3836}.Release|x86.ActiveCfg = Release|Any CPU
		{C0C07375-B5AC-462D-8957-8C9B547A3836}.Release|x86.Build.0 = Release|Any CPU
		{AC42340F-0A10-4104-A2FA-1879ECCE64D8}.Debug|Any CPU.ActiveCfg = Debug|Any CPU
		{AC42340F-0A10-4104-A2FA-1879ECCE64D8}.Debug|Any CPU.Build.0 = Debug|Any CPU
		{AC42340F-0A10-4104-A2FA-1879ECCE64D8}.Debug|x64.ActiveCfg = Debug|Any CPU
		{AC42340F-0A10-4104-A2FA-1879ECCE64D8}.Debug|x64.Build.0 = Debug|Any CPU
		{AC42340F-0A10-4104-A2FA-1879ECCE64D8}.Debug|x86.ActiveCfg = Debug|Any CPU
		{AC42340F-0A10-4104-A2FA-1879ECCE64D8}.Debug|x86.Build.0 = Debug|Any CPU
		{AC42340F-0A10-4104-A2FA-1879ECCE64D8}.Release|Any CPU.ActiveCfg = Release|Any CPU
		{AC42340F-0A10-4104-A2FA-1879ECCE64D8}.Release|Any CPU.Build.0 = Release|Any CPU
		{AC42340F-0A10-4104-A2FA-1879ECCE64D8}.Release|x64.ActiveCfg = Release|Any CPU
		{AC42340F-0A10-4104-A2FA-1879ECCE64D8}.Release|x64.Build.0 = Release|Any CPU
		{AC42340F-0A10-4104-A2FA-1879ECCE64D8}.Release|x86.ActiveCfg = Release|Any CPU
		{AC42340F-0A10-4104-A2FA-1879ECCE64D8}.Release|x86.Build.0 = Release|Any CPU
		{7056C318-BE6D-47E0-BA79-94D979AA81A6}.Debug|Any CPU.ActiveCfg = Debug|Any CPU
		{7056C318-BE6D-47E0-BA79-94D979AA81A6}.Debug|Any CPU.Build.0 = Debug|Any CPU
		{7056C318-BE6D-47E0-BA79-94D979AA81A6}.Debug|x64.ActiveCfg = Debug|Any CPU
		{7056C318-BE6D-47E0-BA79-94D979AA81A6}.Debug|x64.Build.0 = Debug|Any CPU
		{7056C318-BE6D-47E0-BA79-94D979AA81A6}.Debug|x86.ActiveCfg = Debug|Any CPU
		{7056C318-BE6D-47E0-BA79-94D979AA81A6}.Debug|x86.Build.0 = Debug|Any CPU
		{7056C318-BE6D-47E0-BA79-94D979AA81A6}.Release|Any CPU.ActiveCfg = Release|Any CPU
		{7056C318-BE6D-47E0-BA79-94D979AA81A6}.Release|Any CPU.Build.0 = Release|Any CPU
		{7056C318-BE6D-47E0-BA79-94D979AA81A6}.Release|x64.ActiveCfg = Release|Any CPU
		{7056C318-BE6D-47E0-BA79-94D979AA81A6}.Release|x64.Build.0 = Release|Any CPU
		{7056C318-BE6D-47E0-BA79-94D979AA81A6}.Release|x86.ActiveCfg = Release|Any CPU
		{7056C318-BE6D-47E0-BA79-94D979AA81A6}.Release|x86.Build.0 = Release|Any CPU
	EndGlobalSection
	GlobalSection(SolutionProperties) = preSolution
		HideSolutionNode = FALSE
	EndGlobalSection
	GlobalSection(ExtensibilityGlobals) = postSolution
		SolutionGuid = {831818BD-0F30-469F-8DEE-DBEF640D804D}
	EndGlobalSection
EndGlobal
