
Microsoft Visual Studio Solution File, Format Version 12.00
# Visual Studio 15
VisualStudioVersion = 15.0.27130.2024
MinimumVisualStudioVersion = 15.0.26124.0
Project("{2150E333-8FDC-42A3-9474-1A3956D46DE8}") = "survey", "survey", "{9D7BA36F-BC82-4B12-ACEC-925F96FF55D1}"
EndProject
Project("{2150E333-8FDC-42A3-9474-1A3956D46DE8}") = "dotbpe", "dotbpe", "{FDFAF5F2-E60B-426F-80B8-A86BE8423CE1}"
EndProject
Project("{2150E333-8FDC-42A3-9474-1A3956D46DE8}") = "core", "core", "{4ED8D350-2D15-4C7D-9FDF-CCB7EB0CF0C4}"
EndProject
Project("{2150E333-8FDC-42A3-9474-1A3956D46DE8}") = "plugin", "plugin", "{792BAF08-75FA-46F0-B594-4A06ECAD1541}"
EndProject
Project("{2150E333-8FDC-42A3-9474-1A3956D46DE8}") = "protocol", "protocol", "{F8F0BF1B-6C2E-42FB-B6CA-86C60092D171}"
EndProject
Project("{9A19103F-16F7-4668-BE54-9A1E7A4F7556}") = "Survey.Core", "Survey.Core\Survey.Core.csproj", "{41E4B41C-E115-4E31-92B9-1AA87A4AF427}"
EndProject
Project("{9A19103F-16F7-4668-BE54-9A1E7A4F7556}") = "Survey.App", "Survey.App\Survey.App.csproj", "{C756CCE8-4539-42F9-8DC3-F9452BFAEDB2}"
EndProject
Project("{9A19103F-16F7-4668-BE54-9A1E7A4F7556}") = "DotBPE.Rpc", "..\..\core\DotBPE.Rpc\DotBPE.Rpc.csproj", "{B3E4541B-2B4E-4279-BCB7-88D5F553BABF}"
EndProject
Project("{9A19103F-16F7-4668-BE54-9A1E7A4F7556}") = "DotBPE.Rpc.Netty", "..\..\core\DotBPE.Rpc.Netty\DotBPE.Rpc.Netty.csproj", "{328848AE-90BB-4CBA-B2BF-C02663AB65EC}"
EndProject
Project("{9A19103F-16F7-4668-BE54-9A1E7A4F7556}") = "DotBPE.Plugin.AspNetGateway", "..\..\plugins\gateway\DotBPE.Plugin.AspNetGateway\DotBPE.Plugin.AspNetGateway.csproj", "{4EF1AC73-5D20-4616-96D2-5241EB0351AF}"
EndProject
Project("{9A19103F-16F7-4668-BE54-9A1E7A4F7556}") = "DotBPE.Protocol.Amp", "..\..\protocol\DotBPE.Protocol.Amp\DotBPE.Protocol.Amp.csproj", "{4230C9BC-C9EB-4D7D-982A-31D343FA9153}"
EndProject
Project("{9A19103F-16F7-4668-BE54-9A1E7A4F7556}") = "DotBPE.Protobuf", "..\..\protocol\DotBPE.Protobuf\DotBPE.Protobuf.csproj", "{883B0DDA-D3B1-49AF-A755-651D5C5B75BB}"
EndProject
Project("{9A19103F-16F7-4668-BE54-9A1E7A4F7556}") = "Survey.Service", "Survey.Service\Survey.Service.csproj", "{C0C07375-B5AC-462D-8957-8C9B547A3836}"
EndProject
Project("{9A19103F-16F7-4668-BE54-9A1E7A4F7556}") = "QuickTest", "QuickTest\QuickTest.csproj", "{AC42340F-0A10-4104-A2FA-1879ECCE64D8}"
EndProject
Project("{9A19103F-16F7-4668-BE54-9A1E7A4F7556}") = "Survey.AspNetGateway", "Survey.AspNetGateway\Survey.AspNetGateway.csproj", "{7056C318-BE6D-47E0-BA79-94D979AA81A6}"
EndProject
Project("{9A19103F-16F7-4668-BE54-9A1E7A4F7556}") = "DotBPE.Hosting", "..\..\core\DotBPE.Hosting\DotBPE.Hosting.csproj", "{697B3713-08AD-4D9A-9BE7-1C67F1A1959C}"
EndProject
Project("{9A19103F-16F7-4668-BE54-9A1E7A4F7556}") = "DotBPE.Hosting.Abstractions", "..\..\core\DotBPE.Hosting.Abstractions\DotBPE.Hosting.Abstractions.csproj", "{E8B9C905-A5FC-41F1-B61A-04771BBA5246}"
EndProject
Project("{9A19103F-16F7-4668-BE54-9A1E7A4F7556}") = "DotBPE.Rpc.Hosting", "..\..\core\DotBPE.Rpc.Hosting\DotBPE.Rpc.Hosting.csproj", "{5E2667BC-F5D8-4B9F-B196-6070AB0FC40E}"
EndProject
Global
	GlobalSection(SolutionConfigurationPlatforms) = preSolution
		Debug|Any CPU = Debug|Any CPU
		Debug|x64 = Debug|x64
		Debug|x86 = Debug|x86
		Release|Any CPU = Release|Any CPU
		Release|x64 = Release|x64
		Release|x86 = Release|x86
	EndGlobalSection
	GlobalSection(ProjectConfigurationPlatforms) = postSolution
		{41E4B41C-E115-4E31-92B9-1AA87A4AF427}.Debug|Any CPU.ActiveCfg = Debug|Any CPU
		{41E4B41C-E115-4E31-92B9-1AA87A4AF427}.Debug|Any CPU.Build.0 = Debug|Any CPU
		{41E4B41C-E115-4E31-92B9-1AA87A4AF427}.Debug|x64.ActiveCfg = Debug|Any CPU
		{41E4B41C-E115-4E31-92B9-1AA87A4AF427}.Debug|x64.Build.0 = Debug|Any CPU
		{41E4B41C-E115-4E31-92B9-1AA87A4AF427}.Debug|x86.ActiveCfg = Debug|Any CPU
		{41E4B41C-E115-4E31-92B9-1AA87A4AF427}.Debug|x86.Build.0 = Debug|Any CPU
		{41E4B41C-E115-4E31-92B9-1AA87A4AF427}.Release|Any CPU.ActiveCfg = Release|Any CPU
		{41E4B41C-E115-4E31-92B9-1AA87A4AF427}.Release|Any CPU.Build.0 = Release|Any CPU
		{41E4B41C-E115-4E31-92B9-1AA87A4AF427}.Release|x64.ActiveCfg = Release|Any CPU
		{41E4B41C-E115-4E31-92B9-1AA87A4AF427}.Release|x64.Build.0 = Release|Any CPU
		{41E4B41C-E115-4E31-92B9-1AA87A4AF427}.Release|x86.ActiveCfg = Release|Any CPU
		{41E4B41C-E115-4E31-92B9-1AA87A4AF427}.Release|x86.Build.0 = Release|Any CPU
		{C756CCE8-4539-42F9-8DC3-F9452BFAEDB2}.Debug|Any CPU.ActiveCfg = Debug|Any CPU
		{C756CCE8-4539-42F9-8DC3-F9452BFAEDB2}.Debug|Any CPU.Build.0 = Debug|Any CPU
		{C756CCE8-4539-42F9-8DC3-F9452BFAEDB2}.Debug|x64.ActiveCfg = Debug|Any CPU
		{C756CCE8-4539-42F9-8DC3-F9452BFAEDB2}.Debug|x64.Build.0 = Debug|Any CPU
		{C756CCE8-4539-42F9-8DC3-F9452BFAEDB2}.Debug|x86.ActiveCfg = Debug|Any CPU
		{C756CCE8-4539-42F9-8DC3-F9452BFAEDB2}.Debug|x86.Build.0 = Debug|Any CPU
		{C756CCE8-4539-42F9-8DC3-F9452BFAEDB2}.Release|Any CPU.ActiveCfg = Release|Any CPU
		{C756CCE8-4539-42F9-8DC3-F9452BFAEDB2}.Release|Any CPU.Build.0 = Release|Any CPU
		{C756CCE8-4539-42F9-8DC3-F9452BFAEDB2}.Release|x64.ActiveCfg = Release|Any CPU
		{C756CCE8-4539-42F9-8DC3-F9452BFAEDB2}.Release|x64.Build.0 = Release|Any CPU
		{C756CCE8-4539-42F9-8DC3-F9452BFAEDB2}.Release|x86.ActiveCfg = Release|Any CPU
		{C756CCE8-4539-42F9-8DC3-F9452BFAEDB2}.Release|x86.Build.0 = Release|Any CPU
		{B3E4541B-2B4E-4279-BCB7-88D5F553BABF}.Debug|Any CPU.ActiveCfg = Debug|Any CPU
		{B3E4541B-2B4E-4279-BCB7-88D5F553BABF}.Debug|Any CPU.Build.0 = Debug|Any CPU
		{B3E4541B-2B4E-4279-BCB7-88D5F553BABF}.Debug|x64.ActiveCfg = Debug|Any CPU
		{B3E4541B-2B4E-4279-BCB7-88D5F553BABF}.Debug|x64.Build.0 = Debug|Any CPU
		{B3E4541B-2B4E-4279-BCB7-88D5F553BABF}.Debug|x86.ActiveCfg = Debug|Any CPU
		{B3E4541B-2B4E-4279-BCB7-88D5F553BABF}.Debug|x86.Build.0 = Debug|Any CPU
		{B3E4541B-2B4E-4279-BCB7-88D5F553BABF}.Release|Any CPU.ActiveCfg = Release|Any CPU
		{B3E4541B-2B4E-4279-BCB7-88D5F553BABF}.Release|Any CPU.Build.0 = Release|Any CPU
		{B3E4541B-2B4E-4279-BCB7-88D5F553BABF}.Release|x64.ActiveCfg = Release|Any CPU
		{B3E4541B-2B4E-4279-BCB7-88D5F553BABF}.Release|x64.Build.0 = Release|Any CPU
		{B3E4541B-2B4E-4279-BCB7-88D5F553BABF}.Release|x86.ActiveCfg = Release|Any CPU
		{B3E4541B-2B4E-4279-BCB7-88D5F553BABF}.Release|x86.Build.0 = Release|Any CPU
		{328848AE-90BB-4CBA-B2BF-C02663AB65EC}.Debug|Any CPU.ActiveCfg = Debug|Any CPU
		{328848AE-90BB-4CBA-B2BF-C02663AB65EC}.Debug|Any CPU.Build.0 = Debug|Any CPU
		{328848AE-90BB-4CBA-B2BF-C02663AB65EC}.Debug|x64.ActiveCfg = Debug|Any CPU
		{328848AE-90BB-4CBA-B2BF-C02663AB65EC}.Debug|x64.Build.0 = Debug|Any CPU
		{328848AE-90BB-4CBA-B2BF-C02663AB65EC}.Debug|x86.ActiveCfg = Debug|Any CPU
		{328848AE-90BB-4CBA-B2BF-C02663AB65EC}.Debug|x86.Build.0 = Debug|Any CPU
		{328848AE-90BB-4CBA-B2BF-C02663AB65EC}.Release|Any CPU.ActiveCfg = Release|Any CPU
		{328848AE-90BB-4CBA-B2BF-C02663AB65EC}.Release|Any CPU.Build.0 = Release|Any CPU
		{328848AE-90BB-4CBA-B2BF-C02663AB65EC}.Release|x64.ActiveCfg = Release|Any CPU
		{328848AE-90BB-4CBA-B2BF-C02663AB65EC}.Release|x64.Build.0 = Release|Any CPU
		{328848AE-90BB-4CBA-B2BF-C02663AB65EC}.Release|x86.ActiveCfg = Release|Any CPU
		{328848AE-90BB-4CBA-B2BF-C02663AB65EC}.Release|x86.Build.0 = Release|Any CPU
		{4EF1AC73-5D20-4616-96D2-5241EB0351AF}.Debug|Any CPU.ActiveCfg = Debug|Any CPU
		{4EF1AC73-5D20-4616-96D2-5241EB0351AF}.Debug|Any CPU.Build.0 = Debug|Any CPU
		{4EF1AC73-5D20-4616-96D2-5241EB0351AF}.Debug|x64.ActiveCfg = Debug|Any CPU
		{4EF1AC73-5D20-4616-96D2-5241EB0351AF}.Debug|x64.Build.0 = Debug|Any CPU
		{4EF1AC73-5D20-4616-96D2-5241EB0351AF}.Debug|x86.ActiveCfg = Debug|Any CPU
		{4EF1AC73-5D20-4616-96D2-5241EB0351AF}.Debug|x86.Build.0 = Debug|Any CPU
		{4EF1AC73-5D20-4616-96D2-5241EB0351AF}.Release|Any CPU.ActiveCfg = Release|Any CPU
		{4EF1AC73-5D20-4616-96D2-5241EB0351AF}.Release|Any CPU.Build.0 = Release|Any CPU
		{4EF1AC73-5D20-4616-96D2-5241EB0351AF}.Release|x64.ActiveCfg = Release|Any CPU
		{4EF1AC73-5D20-4616-96D2-5241EB0351AF}.Release|x64.Build.0 = Release|Any CPU
		{4EF1AC73-5D20-4616-96D2-5241EB0351AF}.Release|x86.ActiveCfg = Release|Any CPU
		{4EF1AC73-5D20-4616-96D2-5241EB0351AF}.Release|x86.Build.0 = Release|Any CPU
		{4230C9BC-C9EB-4D7D-982A-31D343FA9153}.Debug|Any CPU.ActiveCfg = Debug|Any CPU
		{4230C9BC-C9EB-4D7D-982A-31D343FA9153}.Debug|Any CPU.Build.0 = Debug|Any CPU
		{4230C9BC-C9EB-4D7D-982A-31D343FA9153}.Debug|x64.ActiveCfg = Debug|Any CPU
		{4230C9BC-C9EB-4D7D-982A-31D343FA9153}.Debug|x64.Build.0 = Debug|Any CPU
		{4230C9BC-C9EB-4D7D-982A-31D343FA9153}.Debug|x86.ActiveCfg = Debug|Any CPU
		{4230C9BC-C9EB-4D7D-982A-31D343FA9153}.Debug|x86.Build.0 = Debug|Any CPU
		{4230C9BC-C9EB-4D7D-982A-31D343FA9153}.Release|Any CPU.ActiveCfg = Release|Any CPU
		{4230C9BC-C9EB-4D7D-982A-31D343FA9153}.Release|Any CPU.Build.0 = Release|Any CPU
		{4230C9BC-C9EB-4D7D-982A-31D343FA9153}.Release|x64.ActiveCfg = Release|Any CPU
		{4230C9BC-C9EB-4D7D-982A-31D343FA9153}.Release|x64.Build.0 = Release|Any CPU
		{4230C9BC-C9EB-4D7D-982A-31D343FA9153}.Release|x86.ActiveCfg = Release|Any CPU
		{4230C9BC-C9EB-4D7D-982A-31D343FA9153}.Release|x86.Build.0 = Release|Any CPU
		{883B0DDA-D3B1-49AF-A755-651D5C5B75BB}.Debug|Any CPU.ActiveCfg = Debug|Any CPU
		{883B0DDA-D3B1-49AF-A755-651D5C5B75BB}.Debug|Any CPU.Build.0 = Debug|Any CPU
		{883B0DDA-D3B1-49AF-A755-651D5C5B75BB}.Debug|x64.ActiveCfg = Debug|Any CPU
		{883B0DDA-D3B1-49AF-A755-651D5C5B75BB}.Debug|x64.Build.0 = Debug|Any CPU
		{883B0DDA-D3B1-49AF-A755-651D5C5B75BB}.Debug|x86.ActiveCfg = Debug|Any CPU
		{883B0DDA-D3B1-49AF-A755-651D5C5B75BB}.Debug|x86.Build.0 = Debug|Any CPU
		{883B0DDA-D3B1-49AF-A755-651D5C5B75BB}.Release|Any CPU.ActiveCfg = Release|Any CPU
		{883B0DDA-D3B1-49AF-A755-651D5C5B75BB}.Release|Any CPU.Build.0 = Release|Any CPU
		{883B0DDA-D3B1-49AF-A755-651D5C5B75BB}.Release|x64.ActiveCfg = Release|Any CPU
		{883B0DDA-D3B1-49AF-A755-651D5C5B75BB}.Release|x64.Build.0 = Release|Any CPU
		{883B0DDA-D3B1-49AF-A755-651D5C5B75BB}.Release|x86.ActiveCfg = Release|Any CPU
		{883B0DDA-D3B1-49AF-A755-651D5C5B75BB}.Release|x86.Build.0 = Release|Any CPU
		{C0C07375-B5AC-462D-8957-8C9B547A3836}.Debug|Any CPU.ActiveCfg = Debug|Any CPU
		{C0C07375-B5AC-462D-8957-8C9B547A3836}.Debug|Any CPU.Build.0 = Debug|Any CPU
		{C0C07375-B5AC-462D-8957-8C9B547A3836}.Debug|x64.ActiveCfg = Debug|Any CPU
		{C0C07375-B5AC-462D-8957-8C9B547A3836}.Debug|x64.Build.0 = Debug|Any CPU
		{C0C07375-B5AC-462D-8957-8C9B547A3836}.Debug|x86.ActiveCfg = Debug|Any CPU
		{C0C07375-B5AC-462D-8957-8C9B547A3836}.Debug|x86.Build.0 = Debug|Any CPU
		{C0C07375-B5AC-462D-8957-8C9B547A3836}.Release|Any CPU.ActiveCfg = Release|Any CPU
		{C0C07375-B5AC-462D-8957-8C9B547A3836}.Release|Any CPU.Build.0 = Release|Any CPU
		{C0C07375-B5AC-462D-8957-8C9B547A3836}.Release|x64.ActiveCfg = Release|Any CPU
		{C0C07375-B5AC-462D-8957-8C9B547A3836}.Release|x64.Build.0 = Release|Any CPU
		{C0C07375-B5AC-462D-8957-8C9B547A3836}.Release|x86.ActiveCfg = Release|Any CPU
		{C0C07375-B5AC-462D-8957-8C9B547A3836}.Release|x86.Build.0 = Release|Any CPU
		{AC42340F-0A10-4104-A2FA-1879ECCE64D8}.Debug|Any CPU.ActiveCfg = Debug|Any CPU
		{AC42340F-0A10-4104-A2FA-1879ECCE64D8}.Debug|Any CPU.Build.0 = Debug|Any CPU
		{AC42340F-0A10-4104-A2FA-1879ECCE64D8}.Debug|x64.ActiveCfg = Debug|Any CPU
		{AC42340F-0A10-4104-A2FA-1879ECCE64D8}.Debug|x64.Build.0 = Debug|Any CPU
		{AC42340F-0A10-4104-A2FA-1879ECCE64D8}.Debug|x86.ActiveCfg = Debug|Any CPU
		{AC42340F-0A10-4104-A2FA-1879ECCE64D8}.Debug|x86.Build.0 = Debug|Any CPU
		{AC42340F-0A10-4104-A2FA-1879ECCE64D8}.Release|Any CPU.ActiveCfg = Release|Any CPU
		{AC42340F-0A10-4104-A2FA-1879ECCE64D8}.Release|Any CPU.Build.0 = Release|Any CPU
		{AC42340F-0A10-4104-A2FA-1879ECCE64D8}.Release|x64.ActiveCfg = Release|Any CPU
		{AC42340F-0A10-4104-A2FA-1879ECCE64D8}.Release|x64.Build.0 = Release|Any CPU
		{AC42340F-0A10-4104-A2FA-1879ECCE64D8}.Release|x86.ActiveCfg = Release|Any CPU
		{AC42340F-0A10-4104-A2FA-1879ECCE64D8}.Release|x86.Build.0 = Release|Any CPU
		{7056C318-BE6D-47E0-BA79-94D979AA81A6}.Debug|Any CPU.ActiveCfg = Debug|Any CPU
		{7056C318-BE6D-47E0-BA79-94D979AA81A6}.Debug|Any CPU.Build.0 = Debug|Any CPU
		{7056C318-BE6D-47E0-BA79-94D979AA81A6}.Debug|x64.ActiveCfg = Debug|Any CPU
		{7056C318-BE6D-47E0-BA79-94D979AA81A6}.Debug|x64.Build.0 = Debug|Any CPU
		{7056C318-BE6D-47E0-BA79-94D979AA81A6}.Debug|x86.ActiveCfg = Debug|Any CPU
		{7056C318-BE6D-47E0-BA79-94D979AA81A6}.Debug|x86.Build.0 = Debug|Any CPU
		{7056C318-BE6D-47E0-BA79-94D979AA81A6}.Release|Any CPU.ActiveCfg = Release|Any CPU
		{7056C318-BE6D-47E0-BA79-94D979AA81A6}.Release|Any CPU.Build.0 = Release|Any CPU
		{7056C318-BE6D-47E0-BA79-94D979AA81A6}.Release|x64.ActiveCfg = Release|Any CPU
		{7056C318-BE6D-47E0-BA79-94D979AA81A6}.Release|x64.Build.0 = Release|Any CPU
		{7056C318-BE6D-47E0-BA79-94D979AA81A6}.Release|x86.ActiveCfg = Release|Any CPU
		{7056C318-BE6D-47E0-BA79-94D979AA81A6}.Release|x86.Build.0 = Release|Any CPU
		{697B3713-08AD-4D9A-9BE7-1C67F1A1959C}.Debug|Any CPU.ActiveCfg = Debug|Any CPU
		{697B3713-08AD-4D9A-9BE7-1C67F1A1959C}.Debug|Any CPU.Build.0 = Debug|Any CPU
		{697B3713-08AD-4D9A-9BE7-1C67F1A1959C}.Debug|x64.ActiveCfg = Debug|Any CPU
		{697B3713-08AD-4D9A-9BE7-1C67F1A1959C}.Debug|x64.Build.0 = Debug|Any CPU
		{697B3713-08AD-4D9A-9BE7-1C67F1A1959C}.Debug|x86.ActiveCfg = Debug|Any CPU
		{697B3713-08AD-4D9A-9BE7-1C67F1A1959C}.Debug|x86.Build.0 = Debug|Any CPU
		{697B3713-08AD-4D9A-9BE7-1C67F1A1959C}.Release|Any CPU.ActiveCfg = Release|Any CPU
		{697B3713-08AD-4D9A-9BE7-1C67F1A1959C}.Release|Any CPU.Build.0 = Release|Any CPU
		{697B3713-08AD-4D9A-9BE7-1C67F1A1959C}.Release|x64.ActiveCfg = Release|Any CPU
		{697B3713-08AD-4D9A-9BE7-1C67F1A1959C}.Release|x64.Build.0 = Release|Any CPU
		{697B3713-08AD-4D9A-9BE7-1C67F1A1959C}.Release|x86.ActiveCfg = Release|Any CPU
		{697B3713-08AD-4D9A-9BE7-1C67F1A1959C}.Release|x86.Build.0 = Release|Any CPU
		{E8B9C905-A5FC-41F1-B61A-04771BBA5246}.Debug|Any CPU.ActiveCfg = Debug|Any CPU
		{E8B9C905-A5FC-41F1-B61A-04771BBA5246}.Debug|Any CPU.Build.0 = Debug|Any CPU
		{E8B9C905-A5FC-41F1-B61A-04771BBA5246}.Debug|x64.ActiveCfg = Debug|Any CPU
		{E8B9C905-A5FC-41F1-B61A-04771BBA5246}.Debug|x64.Build.0 = Debug|Any CPU
		{E8B9C905-A5FC-41F1-B61A-04771BBA5246}.Debug|x86.ActiveCfg = Debug|Any CPU
		{E8B9C905-A5FC-41F1-B61A-04771BBA5246}.Debug|x86.Build.0 = Debug|Any CPU
		{E8B9C905-A5FC-41F1-B61A-04771BBA5246}.Release|Any CPU.ActiveCfg = Release|Any CPU
		{E8B9C905-A5FC-41F1-B61A-04771BBA5246}.Release|Any CPU.Build.0 = Release|Any CPU
		{E8B9C905-A5FC-41F1-B61A-04771BBA5246}.Release|x64.ActiveCfg = Release|Any CPU
		{E8B9C905-A5FC-41F1-B61A-04771BBA5246}.Release|x64.Build.0 = Release|Any CPU
		{E8B9C905-A5FC-41F1-B61A-04771BBA5246}.Release|x86.ActiveCfg = Release|Any CPU
		{E8B9C905-A5FC-41F1-B61A-04771BBA5246}.Release|x86.Build.0 = Release|Any CPU
		{5E2667BC-F5D8-4B9F-B196-6070AB0FC40E}.Debug|Any CPU.ActiveCfg = Debug|Any CPU
		{5E2667BC-F5D8-4B9F-B196-6070AB0FC40E}.Debug|Any CPU.Build.0 = Debug|Any CPU
		{5E2667BC-F5D8-4B9F-B196-6070AB0FC40E}.Debug|x64.ActiveCfg = Debug|Any CPU
		{5E2667BC-F5D8-4B9F-B196-6070AB0FC40E}.Debug|x64.Build.0 = Debug|Any CPU
		{5E2667BC-F5D8-4B9F-B196-6070AB0FC40E}.Debug|x86.ActiveCfg = Debug|Any CPU
		{5E2667BC-F5D8-4B9F-B196-6070AB0FC40E}.Debug|x86.Build.0 = Debug|Any CPU
		{5E2667BC-F5D8-4B9F-B196-6070AB0FC40E}.Release|Any CPU.ActiveCfg = Release|Any CPU
		{5E2667BC-F5D8-4B9F-B196-6070AB0FC40E}.Release|Any CPU.Build.0 = Release|Any CPU
		{5E2667BC-F5D8-4B9F-B196-6070AB0FC40E}.Release|x64.ActiveCfg = Release|Any CPU
		{5E2667BC-F5D8-4B9F-B196-6070AB0FC40E}.Release|x64.Build.0 = Release|Any CPU
		{5E2667BC-F5D8-4B9F-B196-6070AB0FC40E}.Release|x86.ActiveCfg = Release|Any CPU
		{5E2667BC-F5D8-4B9F-B196-6070AB0FC40E}.Release|x86.Build.0 = Release|Any CPU
	EndGlobalSection
	GlobalSection(SolutionProperties) = preSolution
		HideSolutionNode = FALSE
	EndGlobalSection
	GlobalSection(NestedProjects) = preSolution
		{4ED8D350-2D15-4C7D-9FDF-CCB7EB0CF0C4} = {FDFAF5F2-E60B-426F-80B8-A86BE8423CE1}
		{792BAF08-75FA-46F0-B594-4A06ECAD1541} = {FDFAF5F2-E60B-426F-80B8-A86BE8423CE1}
		{F8F0BF1B-6C2E-42FB-B6CA-86C60092D171} = {FDFAF5F2-E60B-426F-80B8-A86BE8423CE1}
		{41E4B41C-E115-4E31-92B9-1AA87A4AF427} = {9D7BA36F-BC82-4B12-ACEC-925F96FF55D1}
		{C756CCE8-4539-42F9-8DC3-F9452BFAEDB2} = {9D7BA36F-BC82-4B12-ACEC-925F96FF55D1}
		{B3E4541B-2B4E-4279-BCB7-88D5F553BABF} = {4ED8D350-2D15-4C7D-9FDF-CCB7EB0CF0C4}
		{328848AE-90BB-4CBA-B2BF-C02663AB65EC} = {4ED8D350-2D15-4C7D-9FDF-CCB7EB0CF0C4}
		{4EF1AC73-5D20-4616-96D2-5241EB0351AF} = {792BAF08-75FA-46F0-B594-4A06ECAD1541}
		{4230C9BC-C9EB-4D7D-982A-31D343FA9153} = {F8F0BF1B-6C2E-42FB-B6CA-86C60092D171}
		{883B0DDA-D3B1-49AF-A755-651D5C5B75BB} = {F8F0BF1B-6C2E-42FB-B6CA-86C60092D171}
		{C0C07375-B5AC-462D-8957-8C9B547A3836} = {9D7BA36F-BC82-4B12-ACEC-925F96FF55D1}
		{AC42340F-0A10-4104-A2FA-1879ECCE64D8} = {9D7BA36F-BC82-4B12-ACEC-925F96FF55D1}
		{7056C318-BE6D-47E0-BA79-94D979AA81A6} = {9D7BA36F-BC82-4B12-ACEC-925F96FF55D1}
		{697B3713-08AD-4D9A-9BE7-1C67F1A1959C} = {4ED8D350-2D15-4C7D-9FDF-CCB7EB0CF0C4}
		{E8B9C905-A5FC-41F1-B61A-04771BBA5246} = {4ED8D350-2D15-4C7D-9FDF-CCB7EB0CF0C4}
		{5E2667BC-F5D8-4B9F-B196-6070AB0FC40E} = {4ED8D350-2D15-4C7D-9FDF-CCB7EB0CF0C4}
	EndGlobalSection
	GlobalSection(ExtensibilityGlobals) = postSolution
		SolutionGuid = {831818BD-0F30-469F-8DEE-DBEF640D804D}
	EndGlobalSection
EndGlobal
