
Microsoft Visual Studio Solution File, Format Version 12.00
# Visual Studio 15
VisualStudioVersion = 15.0.27130.2003
MinimumVisualStudioVersion = 15.0.26124.0
Project("{9A19103F-16F7-4668-BE54-9A1E7A4F7556}") = "DotBPE.Rpc", "..\core\DotBPE.Rpc\DotBPE.Rpc.csproj", "{059A6C29-9684-424B-A529-2A3749847F3B}"
EndProject
Project("{2150E333-8FDC-42A3-9474-1A3956D46DE8}") = "core", "core", "{C07DF349-51B3-4A35-99AB-B025391C3B59}"
EndProject
Project("{9A19103F-16F7-4668-BE54-9A1E7A4F7556}") = "DotBPE.Rpc.Netty", "..\core\DotBPE.Rpc.Netty\DotBPE.Rpc.Netty.csproj", "{05BB28ED-827C-4612-A9E1-84A52047928B}"
EndProject
Project("{2150E333-8FDC-42A3-9474-1A3956D46DE8}") = "protocol", "protocol", "{BC10D668-9A6B-4A87-B4E1-55836E54C46D}"
EndProject
Project("{9A19103F-16F7-4668-BE54-9A1E7A4F7556}") = "DotBPE.Protocol.Amp", "..\protocol\DotBPE.Protocol.Amp\DotBPE.Protocol.Amp.csproj", "{EB3E6466-7FC1-488B-99DD-30323137E50D}"
EndProject
Project("{2150E333-8FDC-42A3-9474-1A3956D46DE8}") = "plugin", "plugin", "{6160ED46-259D-4011-9BD6-5DDA93315589}"
EndProject
Project("{2150E333-8FDC-42A3-9474-1A3956D46DE8}") = "gateway", "gateway", "{029DAB24-152D-44EB-AB03-EC2B371E52DC}"
EndProject
Project("{9A19103F-16F7-4668-BE54-9A1E7A4F7556}") = "DotBPE.Plugin.Gateway", "gateway\DotBPE.Plugin.Gateway\DotBPE.Plugin.Gateway.csproj", "{5E43ACE0-A7D4-4C18-8BC6-73F8ADD73FE6}"
EndProject
Global
	GlobalSection(SolutionConfigurationPlatforms) = preSolution
		Debug|Any CPU = Debug|Any CPU
		Debug|x64 = Debug|x64
		Debug|x86 = Debug|x86
		Release|Any CPU = Release|Any CPU
		Release|x64 = Release|x64
		Release|x86 = Release|x86
	EndGlobalSection
	GlobalSection(ProjectConfigurationPlatforms) = postSolution
		{059A6C29-9684-424B-A529-2A3749847F3B}.Debug|Any CPU.ActiveCfg = Debug|Any CPU
		{059A6C29-9684-424B-A529-2A3749847F3B}.Debug|Any CPU.Build.0 = Debug|Any CPU
		{059A6C29-9684-424B-A529-2A3749847F3B}.Debug|x64.ActiveCfg = Debug|Any CPU
		{059A6C29-9684-424B-A529-2A3749847F3B}.Debug|x64.Build.0 = Debug|Any CPU
		{059A6C29-9684-424B-A529-2A3749847F3B}.Debug|x86.ActiveCfg = Debug|Any CPU
		{059A6C29-9684-424B-A529-2A3749847F3B}.Debug|x86.Build.0 = Debug|Any CPU
		{059A6C29-9684-424B-A529-2A3749847F3B}.Release|Any CPU.ActiveCfg = Release|Any CPU
		{059A6C29-9684-424B-A529-2A3749847F3B}.Release|Any CPU.Build.0 = Release|Any CPU
		{059A6C29-9684-424B-A529-2A3749847F3B}.Release|x64.ActiveCfg = Release|Any CPU
		{059A6C29-9684-424B-A529-2A3749847F3B}.Release|x64.Build.0 = Release|Any CPU
		{059A6C29-9684-424B-A529-2A3749847F3B}.Release|x86.ActiveCfg = Release|Any CPU
		{059A6C29-9684-424B-A529-2A3749847F3B}.Release|x86.Build.0 = Release|Any CPU
		{05BB28ED-827C-4612-A9E1-84A52047928B}.Debug|Any CPU.ActiveCfg = Debug|Any CPU
		{05BB28ED-827C-4612-A9E1-84A52047928B}.Debug|Any CPU.Build.0 = Debug|Any CPU
		{05BB28ED-827C-4612-A9E1-84A52047928B}.Debug|x64.ActiveCfg = Debug|Any CPU
		{05BB28ED-827C-4612-A9E1-84A52047928B}.Debug|x64.Build.0 = Debug|Any CPU
		{05BB28ED-827C-4612-A9E1-84A52047928B}.Debug|x86.ActiveCfg = Debug|Any CPU
		{05BB28ED-827C-4612-A9E1-84A52047928B}.Debug|x86.Build.0 = Debug|Any CPU
		{05BB28ED-827C-4612-A9E1-84A52047928B}.Release|Any CPU.ActiveCfg = Release|Any CPU
		{05BB28ED-827C-4612-A9E1-84A52047928B}.Release|Any CPU.Build.0 = Release|Any CPU
		{05BB28ED-827C-4612-A9E1-84A52047928B}.Release|x64.ActiveCfg = Release|Any CPU
		{05BB28ED-827C-4612-A9E1-84A52047928B}.Release|x64.Build.0 = Release|Any CPU
		{05BB28ED-827C-4612-A9E1-84A52047928B}.Release|x86.ActiveCfg = Release|Any CPU
		{05BB28ED-827C-4612-A9E1-84A52047928B}.Release|x86.Build.0 = Release|Any CPU
		{EB3E6466-7FC1-488B-99DD-30323137E50D}.Debug|Any CPU.ActiveCfg = Debug|Any CPU
		{EB3E6466-7FC1-488B-99DD-30323137E50D}.Debug|Any CPU.Build.0 = Debug|Any CPU
		{EB3E6466-7FC1-488B-99DD-30323137E50D}.Debug|x64.ActiveCfg = Debug|Any CPU
		{EB3E6466-7FC1-488B-99DD-30323137E50D}.Debug|x64.Build.0 = Debug|Any CPU
		{EB3E6466-7FC1-488B-99DD-30323137E50D}.Debug|x86.ActiveCfg = Debug|Any CPU
		{EB3E6466-7FC1-488B-99DD-30323137E50D}.Debug|x86.Build.0 = Debug|Any CPU
		{EB3E6466-7FC1-488B-99DD-30323137E50D}.Release|Any CPU.ActiveCfg = Release|Any CPU
		{EB3E6466-7FC1-488B-99DD-30323137E50D}.Release|Any CPU.Build.0 = Release|Any CPU
		{EB3E6466-7FC1-488B-99DD-30323137E50D}.Release|x64.ActiveCfg = Release|Any CPU
		{EB3E6466-7FC1-488B-99DD-30323137E50D}.Release|x64.Build.0 = Release|Any CPU
		{EB3E6466-7FC1-488B-99DD-30323137E50D}.Release|x86.ActiveCfg = Release|Any CPU
		{EB3E6466-7FC1-488B-99DD-30323137E50D}.Release|x86.Build.0 = Release|Any CPU
		{5E43ACE0-A7D4-4C18-8BC6-73F8ADD73FE6}.Debug|Any CPU.ActiveCfg = Debug|Any CPU
		{5E43ACE0-A7D4-4C18-8BC6-73F8ADD73FE6}.Debug|Any CPU.Build.0 = Debug|Any CPU
		{5E43ACE0-A7D4-4C18-8BC6-73F8ADD73FE6}.Debug|x64.ActiveCfg = Debug|Any CPU
		{5E43ACE0-A7D4-4C18-8BC6-73F8ADD73FE6}.Debug|x64.Build.0 = Debug|Any CPU
		{5E43ACE0-A7D4-4C18-8BC6-73F8ADD73FE6}.Debug|x86.ActiveCfg = Debug|Any CPU
		{5E43ACE0-A7D4-4C18-8BC6-73F8ADD73FE6}.Debug|x86.Build.0 = Debug|Any CPU
		{5E43ACE0-A7D4-4C18-8BC6-73F8ADD73FE6}.Release|Any CPU.ActiveCfg = Release|Any CPU
		{5E43ACE0-A7D4-4C18-8BC6-73F8ADD73FE6}.Release|Any CPU.Build.0 = Release|Any CPU
		{5E43ACE0-A7D4-4C18-8BC6-73F8ADD73FE6}.Release|x64.ActiveCfg = Release|Any CPU
		{5E43ACE0-A7D4-4C18-8BC6-73F8ADD73FE6}.Release|x64.Build.0 = Release|Any CPU
		{5E43ACE0-A7D4-4C18-8BC6-73F8ADD73FE6}.Release|x86.ActiveCfg = Release|Any CPU
		{5E43ACE0-A7D4-4C18-8BC6-73F8ADD73FE6}.Release|x86.Build.0 = Release|Any CPU
	EndGlobalSection
	GlobalSection(SolutionProperties) = preSolution
		HideSolutionNode = FALSE
	EndGlobalSection
	GlobalSection(NestedProjects) = preSolution
		{059A6C29-9684-424B-A529-2A3749847F3B} = {C07DF349-51B3-4A35-99AB-B025391C3B59}
		{05BB28ED-827C-4612-A9E1-84A52047928B} = {C07DF349-51B3-4A35-99AB-B025391C3B59}
		{EB3E6466-7FC1-488B-99DD-30323137E50D} = {BC10D668-9A6B-4A87-B4E1-55836E54C46D}
		{029DAB24-152D-44EB-AB03-EC2B371E52DC} = {6160ED46-259D-4011-9BD6-5DDA93315589}
		{5E43ACE0-A7D4-4C18-8BC6-73F8ADD73FE6} = {029DAB24-152D-44EB-AB03-EC2B371E52DC}
	EndGlobalSection
	GlobalSection(ExtensibilityGlobals) = postSolution
		SolutionGuid = {4AA29ABD-2B8B-40F3-A6CE-C0FD385624D0}
	EndGlobalSection
EndGlobal
