
Microsoft Visual Studio Solution File, Format Version 12.00
# Visual Studio 15
VisualStudioVersion = 15.0.27130.2020
MinimumVisualStudioVersion = 15.0.26124.0
Project("{9A19103F-16F7-4668-BE54-9A1E7A4F7556}") = "TestHosting", "TestHosting\TestHosting.csproj", "{D118474C-B175-42B3-9402-CF1A73E5154D}"
EndProject
Project("{2150E333-8FDC-42A3-9474-1A3956D46DE8}") = "dotbpe", "dotbpe", "{AAC58D75-BDCD-42BE-BD82-409F511C6503}"
EndProject
Project("{2150E333-8FDC-42A3-9474-1A3956D46DE8}") = "core", "core", "{342F3206-7187-4D57-B277-8A535B2B71BE}"
EndProject
Project("{9A19103F-16F7-4668-BE54-9A1E7A4F7556}") = "DotBPE.Hosting", "..\..\core\DotBPE.Hosting\DotBPE.Hosting.csproj", "{68958173-A142-4D3E-8A8D-85C91439CEB6}"
EndProject
Project("{9A19103F-16F7-4668-BE54-9A1E7A4F7556}") = "DotBPE.Hosting.Abstractions", "..\..\core\DotBPE.Hosting.Abstractions\DotBPE.Hosting.Abstractions.csproj", "{D1CDAED4-768F-44E9-BB2C-3E5E1C0844A4}"
EndProject
Project("{9A19103F-16F7-4668-BE54-9A1E7A4F7556}") = "DotBPE.Rpc", "..\..\core\DotBPE.Rpc\DotBPE.Rpc.csproj", "{9A5726B4-3EA1-4AD8-9143-77788C4247C4}"
EndProject
Project("{9A19103F-16F7-4668-BE54-9A1E7A4F7556}") = "DotBPE.Rpc.Netty", "..\..\core\DotBPE.Rpc.Netty\DotBPE.Rpc.Netty.csproj", "{6541EA62-3881-4376-B4C7-E2AA189E0636}"
EndProject
Project("{2150E333-8FDC-42A3-9474-1A3956D46DE8}") = "protocol", "protocol", "{275EF29A-81F1-4378-B47D-2C625A962550}"
EndProject
Project("{9A19103F-16F7-4668-BE54-9A1E7A4F7556}") = "DotBPE.Protocol.Amp", "..\..\protocol\DotBPE.Protocol.Amp\DotBPE.Protocol.Amp.csproj", "{82A4E93A-BFA7-4D22-8EF0-2C40F631819B}"
EndProject
Project("{FAE04EC0-301F-11D3-BF4B-00C04F79EFBC}") = "DotBPE.Rpc.Hosting", "..\..\core\DotBPE.Rpc.Hosting\DotBPE.Rpc.Hosting.csproj", "{A5D71E6B-EF1E-4B79-8976-8299B4B06FF3}"
EndProject
Global
	GlobalSection(SolutionConfigurationPlatforms) = preSolution
		Debug|Any CPU = Debug|Any CPU
		Debug|x64 = Debug|x64
		Debug|x86 = Debug|x86
		Release|Any CPU = Release|Any CPU
		Release|x64 = Release|x64
		Release|x86 = Release|x86
	EndGlobalSection
	GlobalSection(ProjectConfigurationPlatforms) = postSolution
		{D118474C-B175-42B3-9402-CF1A73E5154D}.Debug|Any CPU.ActiveCfg = Debug|Any CPU
		{D118474C-B175-42B3-9402-CF1A73E5154D}.Debug|Any CPU.Build.0 = Debug|Any CPU
		{D118474C-B175-42B3-9402-CF1A73E5154D}.Debug|x64.ActiveCfg = Debug|Any CPU
		{D118474C-B175-42B3-9402-CF1A73E5154D}.Debug|x64.Build.0 = Debug|Any CPU
		{D118474C-B175-42B3-9402-CF1A73E5154D}.Debug|x86.ActiveCfg = Debug|Any CPU
		{D118474C-B175-42B3-9402-CF1A73E5154D}.Debug|x86.Build.0 = Debug|Any CPU
		{D118474C-B175-42B3-9402-CF1A73E5154D}.Release|Any CPU.ActiveCfg = Release|Any CPU
		{D118474C-B175-42B3-9402-CF1A73E5154D}.Release|Any CPU.Build.0 = Release|Any CPU
		{D118474C-B175-42B3-9402-CF1A73E5154D}.Release|x64.ActiveCfg = Release|Any CPU
		{D118474C-B175-42B3-9402-CF1A73E5154D}.Release|x64.Build.0 = Release|Any CPU
		{D118474C-B175-42B3-9402-CF1A73E5154D}.Release|x86.ActiveCfg = Release|Any CPU
		{D118474C-B175-42B3-9402-CF1A73E5154D}.Release|x86.Build.0 = Release|Any CPU
		{68958173-A142-4D3E-8A8D-85C91439CEB6}.Debug|Any CPU.ActiveCfg = Debug|Any CPU
		{68958173-A142-4D3E-8A8D-85C91439CEB6}.Debug|Any CPU.Build.0 = Debug|Any CPU
		{68958173-A142-4D3E-8A8D-85C91439CEB6}.Debug|x64.ActiveCfg = Debug|Any CPU
		{68958173-A142-4D3E-8A8D-85C91439CEB6}.Debug|x64.Build.0 = Debug|Any CPU
		{68958173-A142-4D3E-8A8D-85C91439CEB6}.Debug|x86.ActiveCfg = Debug|Any CPU
		{68958173-A142-4D3E-8A8D-85C91439CEB6}.Debug|x86.Build.0 = Debug|Any CPU
		{68958173-A142-4D3E-8A8D-85C91439CEB6}.Release|Any CPU.ActiveCfg = Release|Any CPU
		{68958173-A142-4D3E-8A8D-85C91439CEB6}.Release|Any CPU.Build.0 = Release|Any CPU
		{68958173-A142-4D3E-8A8D-85C91439CEB6}.Release|x64.ActiveCfg = Release|Any CPU
		{68958173-A142-4D3E-8A8D-85C91439CEB6}.Release|x64.Build.0 = Release|Any CPU
		{68958173-A142-4D3E-8A8D-85C91439CEB6}.Release|x86.ActiveCfg = Release|Any CPU
		{68958173-A142-4D3E-8A8D-85C91439CEB6}.Release|x86.Build.0 = Release|Any CPU
		{D1CDAED4-768F-44E9-BB2C-3E5E1C0844A4}.Debug|Any CPU.ActiveCfg = Debug|Any CPU
		{D1CDAED4-768F-44E9-BB2C-3E5E1C0844A4}.Debug|Any CPU.Build.0 = Debug|Any CPU
		{D1CDAED4-768F-44E9-BB2C-3E5E1C0844A4}.Debug|x64.ActiveCfg = Debug|Any CPU
		{D1CDAED4-768F-44E9-BB2C-3E5E1C0844A4}.Debug|x64.Build.0 = Debug|Any CPU
		{D1CDAED4-768F-44E9-BB2C-3E5E1C0844A4}.Debug|x86.ActiveCfg = Debug|Any CPU
		{D1CDAED4-768F-44E9-BB2C-3E5E1C0844A4}.Debug|x86.Build.0 = Debug|Any CPU
		{D1CDAED4-768F-44E9-BB2C-3E5E1C0844A4}.Release|Any CPU.ActiveCfg = Release|Any CPU
		{D1CDAED4-768F-44E9-BB2C-3E5E1C0844A4}.Release|Any CPU.Build.0 = Release|Any CPU
		{D1CDAED4-768F-44E9-BB2C-3E5E1C0844A4}.Release|x64.ActiveCfg = Release|Any CPU
		{D1CDAED4-768F-44E9-BB2C-3E5E1C0844A4}.Release|x64.Build.0 = Release|Any CPU
		{D1CDAED4-768F-44E9-BB2C-3E5E1C0844A4}.Release|x86.ActiveCfg = Release|Any CPU
		{D1CDAED4-768F-44E9-BB2C-3E5E1C0844A4}.Release|x86.Build.0 = Release|Any CPU
		{9A5726B4-3EA1-4AD8-9143-77788C4247C4}.Debug|Any CPU.ActiveCfg = Debug|Any CPU
		{9A5726B4-3EA1-4AD8-9143-77788C4247C4}.Debug|Any CPU.Build.0 = Debug|Any CPU
		{9A5726B4-3EA1-4AD8-9143-77788C4247C4}.Debug|x64.ActiveCfg = Debug|Any CPU
		{9A5726B4-3EA1-4AD8-9143-77788C4247C4}.Debug|x64.Build.0 = Debug|Any CPU
		{9A5726B4-3EA1-4AD8-9143-77788C4247C4}.Debug|x86.ActiveCfg = Debug|Any CPU
		{9A5726B4-3EA1-4AD8-9143-77788C4247C4}.Debug|x86.Build.0 = Debug|Any CPU
		{9A5726B4-3EA1-4AD8-9143-77788C4247C4}.Release|Any CPU.ActiveCfg = Release|Any CPU
		{9A5726B4-3EA1-4AD8-9143-77788C4247C4}.Release|Any CPU.Build.0 = Release|Any CPU
		{9A5726B4-3EA1-4AD8-9143-77788C4247C4}.Release|x64.ActiveCfg = Release|Any CPU
		{9A5726B4-3EA1-4AD8-9143-77788C4247C4}.Release|x64.Build.0 = Release|Any CPU
		{9A5726B4-3EA1-4AD8-9143-77788C4247C4}.Release|x86.ActiveCfg = Release|Any CPU
		{9A5726B4-3EA1-4AD8-9143-77788C4247C4}.Release|x86.Build.0 = Release|Any CPU
		{6541EA62-3881-4376-B4C7-E2AA189E0636}.Debug|Any CPU.ActiveCfg = Debug|Any CPU
		{6541EA62-3881-4376-B4C7-E2AA189E0636}.Debug|Any CPU.Build.0 = Debug|Any CPU
		{6541EA62-3881-4376-B4C7-E2AA189E0636}.Debug|x64.ActiveCfg = Debug|Any CPU
		{6541EA62-3881-4376-B4C7-E2AA189E0636}.Debug|x64.Build.0 = Debug|Any CPU
		{6541EA62-3881-4376-B4C7-E2AA189E0636}.Debug|x86.ActiveCfg = Debug|Any CPU
		{6541EA62-3881-4376-B4C7-E2AA189E0636}.Debug|x86.Build.0 = Debug|Any CPU
		{6541EA62-3881-4376-B4C7-E2AA189E0636}.Release|Any CPU.ActiveCfg = Release|Any CPU
		{6541EA62-3881-4376-B4C7-E2AA189E0636}.Release|Any CPU.Build.0 = Release|Any CPU
		{6541EA62-3881-4376-B4C7-E2AA189E0636}.Release|x64.ActiveCfg = Release|Any CPU
		{6541EA62-3881-4376-B4C7-E2AA189E0636}.Release|x64.Build.0 = Release|Any CPU
		{6541EA62-3881-4376-B4C7-E2AA189E0636}.Release|x86.ActiveCfg = Release|Any CPU
		{6541EA62-3881-4376-B4C7-E2AA189E0636}.Release|x86.Build.0 = Release|Any CPU
		{82A4E93A-BFA7-4D22-8EF0-2C40F631819B}.Debug|Any CPU.ActiveCfg = Debug|Any CPU
		{82A4E93A-BFA7-4D22-8EF0-2C40F631819B}.Debug|Any CPU.Build.0 = Debug|Any CPU
		{82A4E93A-BFA7-4D22-8EF0-2C40F631819B}.Debug|x64.ActiveCfg = Debug|Any CPU
		{82A4E93A-BFA7-4D22-8EF0-2C40F631819B}.Debug|x64.Build.0 = Debug|Any CPU
		{82A4E93A-BFA7-4D22-8EF0-2C40F631819B}.Debug|x86.ActiveCfg = Debug|Any CPU
		{82A4E93A-BFA7-4D22-8EF0-2C40F631819B}.Debug|x86.Build.0 = Debug|Any CPU
		{82A4E93A-BFA7-4D22-8EF0-2C40F631819B}.Release|Any CPU.ActiveCfg = Release|Any CPU
		{82A4E93A-BFA7-4D22-8EF0-2C40F631819B}.Release|Any CPU.Build.0 = Release|Any CPU
		{82A4E93A-BFA7-4D22-8EF0-2C40F631819B}.Release|x64.ActiveCfg = Release|Any CPU
		{82A4E93A-BFA7-4D22-8EF0-2C40F631819B}.Release|x64.Build.0 = Release|Any CPU
		{82A4E93A-BFA7-4D22-8EF0-2C40F631819B}.Release|x86.ActiveCfg = Release|Any CPU
		{82A4E93A-BFA7-4D22-8EF0-2C40F631819B}.Release|x86.Build.0 = Release|Any CPU
		{A5D71E6B-EF1E-4B79-8976-8299B4B06FF3}.Debug|Any CPU.ActiveCfg = Debug|Any CPU
		{A5D71E6B-EF1E-4B79-8976-8299B4B06FF3}.Debug|Any CPU.Build.0 = Debug|Any CPU
		{A5D71E6B-EF1E-4B79-8976-8299B4B06FF3}.Debug|x64.ActiveCfg = Debug|Any CPU
		{A5D71E6B-EF1E-4B79-8976-8299B4B06FF3}.Debug|x64.Build.0 = Debug|Any CPU
		{A5D71E6B-EF1E-4B79-8976-8299B4B06FF3}.Debug|x86.ActiveCfg = Debug|Any CPU
		{A5D71E6B-EF1E-4B79-8976-8299B4B06FF3}.Debug|x86.Build.0 = Debug|Any CPU
		{A5D71E6B-EF1E-4B79-8976-8299B4B06FF3}.Release|Any CPU.ActiveCfg = Release|Any CPU
		{A5D71E6B-EF1E-4B79-8976-8299B4B06FF3}.Release|Any CPU.Build.0 = Release|Any CPU
		{A5D71E6B-EF1E-4B79-8976-8299B4B06FF3}.Release|x64.ActiveCfg = Release|Any CPU
		{A5D71E6B-EF1E-4B79-8976-8299B4B06FF3}.Release|x64.Build.0 = Release|Any CPU
		{A5D71E6B-EF1E-4B79-8976-8299B4B06FF3}.Release|x86.ActiveCfg = Release|Any CPU
		{A5D71E6B-EF1E-4B79-8976-8299B4B06FF3}.Release|x86.Build.0 = Release|Any CPU
	EndGlobalSection
	GlobalSection(SolutionProperties) = preSolution
		HideSolutionNode = FALSE
	EndGlobalSection
	GlobalSection(NestedProjects) = preSolution
		{342F3206-7187-4D57-B277-8A535B2B71BE} = {AAC58D75-BDCD-42BE-BD82-409F511C6503}
		{68958173-A142-4D3E-8A8D-85C91439CEB6} = {342F3206-7187-4D57-B277-8A535B2B71BE}
		{D1CDAED4-768F-44E9-BB2C-3E5E1C0844A4} = {342F3206-7187-4D57-B277-8A535B2B71BE}
		{9A5726B4-3EA1-4AD8-9143-77788C4247C4} = {342F3206-7187-4D57-B277-8A535B2B71BE}
		{6541EA62-3881-4376-B4C7-E2AA189E0636} = {342F3206-7187-4D57-B277-8A535B2B71BE}
		{275EF29A-81F1-4378-B47D-2C625A962550} = {AAC58D75-BDCD-42BE-BD82-409F511C6503}
		{82A4E93A-BFA7-4D22-8EF0-2C40F631819B} = {275EF29A-81F1-4378-B47D-2C625A962550}
		{A5D71E6B-EF1E-4B79-8976-8299B4B06FF3} = {342F3206-7187-4D57-B277-8A535B2B71BE}
	EndGlobalSection
	GlobalSection(ExtensibilityGlobals) = postSolution
		SolutionGuid = {4DD4C9BE-FBC0-4A83-AF45-FB8E80FAED95}
	EndGlobalSection
EndGlobal
