Microsoft Visual Studio Solution File, Format Version 12.00
# Visual Studio 15
VisualStudioVersion = 15.0.26430.6
MinimumVisualStudioVersion = 15.0.26124.0
Project("{9A19103F-16F7-4668-BE54-9A1E7A4F7556}") = "DotBPE.UnitTest", "test\DotBPE.UnitTest\DotBPE.UnitTest.csproj", "{1C25E1A9-A965-4680-A86A-775224B2FAD4}"
EndProject
Project("{9A19103F-16F7-4668-BE54-9A1E7A4F7556}") = "DotBPE.Rpc", "core\DotBPE.Rpc\DotBPE.Rpc.csproj", "{104C8210-2989-4B1A-9CC0-9F6C0D58A595}"
EndProject
Project("{9A19103F-16F7-4668-BE54-9A1E7A4F7556}") = "DotBPE.Rpc.Netty", "core\DotBPE.Rpc.Netty\DotBPE.Rpc.Netty.csproj", "{61F8DDEF-0FFB-42A1-ACAF-453D5AFC4A48}"
EndProject
Project("{9A19103F-16F7-4668-BE54-9A1E7A4F7556}") = "DotBPE.Protocol.Amp", "protocol\DotBPE.Protocol.Amp\DotBPE.Protocol.Amp.csproj", "{CFBEED14-1FB5-4C57-BF2E-A260F3D9EBE7}"
EndProject
Project("{2150E333-8FDC-42A3-9474-1A3956D46DE8}") = "protocol", "protocol", "{24F11944-A046-4398-BE33-3CD7BF870237}"
EndProject
Project("{2150E333-8FDC-42A3-9474-1A3956D46DE8}") = "test", "test", "{BEA7B3AB-D8AA-43B9-AEA7-7C04FBD3F5B0}"
EndProject
Project("{9A19103F-16F7-4668-BE54-9A1E7A4F7556}") = "DotBPE.IntegrationTesting", "test\IntegrationTesting\DotBPE.IntegrationTesting\DotBPE.IntegrationTesting.csproj", "{4AE4BDB4-2E8A-4BFA-A867-1B82D9F2C6AE}"
EndProject
Project("{9A19103F-16F7-4668-BE54-9A1E7A4F7556}") = "DotBPE.IntegrationTesting.QpsServer", "test\IntegrationTesting\DotBPE.IntegrationTesting.QpsServer\DotBPE.IntegrationTesting.QpsServer.csproj", "{2B35F758-BAE4-4095-9747-357C8BE56167}"
EndProject
Project("{2150E333-8FDC-42A3-9474-1A3956D46DE8}") = "IntegrationTesting", "IntegrationTesting", "{33168F8D-8014-4748-881E-043A7B85119E}"
EndProject
Project("{9A19103F-16F7-4668-BE54-9A1E7A4F7556}") = "DotBPE.IntegrationTesting.Client", "test\IntegrationTesting\DotBPE.IntegrationTesting.Client\DotBPE.IntegrationTesting.Client.csproj", "{9383DB7A-CF4F-4CE2-AACF-C9B2AD217F9C}"
EndProject
Project("{2150E333-8FDC-42A3-9474-1A3956D46DE8}") = "core", "core", "{7F845CED-EED9-4044-A826-E2409CDD8F49}"
EndProject
Global
	GlobalSection(SolutionConfigurationPlatforms) = preSolution
		Debug|Any CPU = Debug|Any CPU
		Debug|x64 = Debug|x64
		Debug|x86 = Debug|x86
		Release|Any CPU = Release|Any CPU
		Release|x64 = Release|x64
		Release|x86 = Release|x86
	EndGlobalSection
	GlobalSection(ProjectConfigurationPlatforms) = postSolution
		{1C25E1A9-A965-4680-A86A-775224B2FAD4}.Debug|Any CPU.ActiveCfg = Debug|Any CPU
		{1C25E1A9-A965-4680-A86A-775224B2FAD4}.Debug|Any CPU.Build.0 = Debug|Any CPU
		{1C25E1A9-A965-4680-A86A-775224B2FAD4}.Debug|x64.ActiveCfg = Debug|Any CPU
		{1C25E1A9-A965-4680-A86A-775224B2FAD4}.Debug|x64.Build.0 = Debug|Any CPU
		{1C25E1A9-A965-4680-A86A-775224B2FAD4}.Debug|x86.ActiveCfg = Debug|Any CPU
		{1C25E1A9-A965-4680-A86A-775224B2FAD4}.Debug|x86.Build.0 = Debug|Any CPU
		{1C25E1A9-A965-4680-A86A-775224B2FAD4}.Release|Any CPU.ActiveCfg = Release|Any CPU
		{1C25E1A9-A965-4680-A86A-775224B2FAD4}.Release|Any CPU.Build.0 = Release|Any CPU
		{1C25E1A9-A965-4680-A86A-775224B2FAD4}.Release|x64.ActiveCfg = Release|Any CPU
		{1C25E1A9-A965-4680-A86A-775224B2FAD4}.Release|x64.Build.0 = Release|Any CPU
		{1C25E1A9-A965-4680-A86A-775224B2FAD4}.Release|x86.ActiveCfg = Release|Any CPU
		{1C25E1A9-A965-4680-A86A-775224B2FAD4}.Release|x86.Build.0 = Release|Any CPU
		{104C8210-2989-4B1A-9CC0-9F6C0D58A595}.Debug|Any CPU.ActiveCfg = Debug|Any CPU
		{104C8210-2989-4B1A-9CC0-9F6C0D58A595}.Debug|Any CPU.Build.0 = Debug|Any CPU
		{104C8210-2989-4B1A-9CC0-9F6C0D58A595}.Debug|x64.ActiveCfg = Debug|Any CPU
		{104C8210-2989-4B1A-9CC0-9F6C0D58A595}.Debug|x64.Build.0 = Debug|Any CPU
		{104C8210-2989-4B1A-9CC0-9F6C0D58A595}.Debug|x86.ActiveCfg = Debug|Any CPU
		{104C8210-2989-4B1A-9CC0-9F6C0D58A595}.Debug|x86.Build.0 = Debug|Any CPU
		{104C8210-2989-4B1A-9CC0-9F6C0D58A595}.Release|Any CPU.ActiveCfg = Release|Any CPU
		{104C8210-2989-4B1A-9CC0-9F6C0D58A595}.Release|Any CPU.Build.0 = Release|Any CPU
		{104C8210-2989-4B1A-9CC0-9F6C0D58A595}.Release|x64.ActiveCfg = Release|Any CPU
		{104C8210-2989-4B1A-9CC0-9F6C0D58A595}.Release|x64.Build.0 = Release|Any CPU
		{104C8210-2989-4B1A-9CC0-9F6C0D58A595}.Release|x86.ActiveCfg = Release|Any CPU
		{104C8210-2989-4B1A-9CC0-9F6C0D58A595}.Release|x86.Build.0 = Release|Any CPU
		{61F8DDEF-0FFB-42A1-ACAF-453D5AFC4A48}.Debug|Any CPU.ActiveCfg = Debug|Any CPU
		{61F8DDEF-0FFB-42A1-ACAF-453D5AFC4A48}.Debug|Any CPU.Build.0 = Debug|Any CPU
		{61F8DDEF-0FFB-42A1-ACAF-453D5AFC4A48}.Debug|x64.ActiveCfg = Debug|Any CPU
		{61F8DDEF-0FFB-42A1-ACAF-453D5AFC4A48}.Debug|x64.Build.0 = Debug|Any CPU
		{61F8DDEF-0FFB-42A1-ACAF-453D5AFC4A48}.Debug|x86.ActiveCfg = Debug|Any CPU
		{61F8DDEF-0FFB-42A1-ACAF-453D5AFC4A48}.Debug|x86.Build.0 = Debug|Any CPU
		{61F8DDEF-0FFB-42A1-ACAF-453D5AFC4A48}.Release|Any CPU.ActiveCfg = Release|Any CPU
		{61F8DDEF-0FFB-42A1-ACAF-453D5AFC4A48}.Release|Any CPU.Build.0 = Release|Any CPU
		{61F8DDEF-0FFB-42A1-ACAF-453D5AFC4A48}.Release|x64.ActiveCfg = Release|Any CPU
		{61F8DDEF-0FFB-42A1-ACAF-453D5AFC4A48}.Release|x64.Build.0 = Release|Any CPU
		{61F8DDEF-0FFB-42A1-ACAF-453D5AFC4A48}.Release|x86.ActiveCfg = Release|Any CPU
		{61F8DDEF-0FFB-42A1-ACAF-453D5AFC4A48}.Release|x86.Build.0 = Release|Any CPU
		{CFBEED14-1FB5-4C57-BF2E-A260F3D9EBE7}.Debug|Any CPU.ActiveCfg = Debug|Any CPU
		{CFBEED14-1FB5-4C57-BF2E-A260F3D9EBE7}.Debug|Any CPU.Build.0 = Debug|Any CPU
		{CFBEED14-1FB5-4C57-BF2E-A260F3D9EBE7}.Debug|x64.ActiveCfg = Debug|Any CPU
		{CFBEED14-1FB5-4C57-BF2E-A260F3D9EBE7}.Debug|x64.Build.0 = Debug|Any CPU
		{CFBEED14-1FB5-4C57-BF2E-A260F3D9EBE7}.Debug|x86.ActiveCfg = Debug|Any CPU
		{CFBEED14-1FB5-4C57-BF2E-A260F3D9EBE7}.Debug|x86.Build.0 = Debug|Any CPU
		{CFBEED14-1FB5-4C57-BF2E-A260F3D9EBE7}.Release|Any CPU.ActiveCfg = Release|Any CPU
		{CFBEED14-1FB5-4C57-BF2E-A260F3D9EBE7}.Release|Any CPU.Build.0 = Release|Any CPU
		{CFBEED14-1FB5-4C57-BF2E-A260F3D9EBE7}.Release|x64.ActiveCfg = Release|Any CPU
		{CFBEED14-1FB5-4C57-BF2E-A260F3D9EBE7}.Release|x64.Build.0 = Release|Any CPU
		{CFBEED14-1FB5-4C57-BF2E-A260F3D9EBE7}.Release|x86.ActiveCfg = Release|Any CPU
		{CFBEED14-1FB5-4C57-BF2E-A260F3D9EBE7}.Release|x86.Build.0 = Release|Any CPU
		{4AE4BDB4-2E8A-4BFA-A867-1B82D9F2C6AE}.Debug|Any CPU.ActiveCfg = Debug|Any CPU
		{4AE4BDB4-2E8A-4BFA-A867-1B82D9F2C6AE}.Debug|Any CPU.Build.0 = Debug|Any CPU
		{4AE4BDB4-2E8A-4BFA-A867-1B82D9F2C6AE}.Debug|x64.ActiveCfg = Debug|Any CPU
		{4AE4BDB4-2E8A-4BFA-A867-1B82D9F2C6AE}.Debug|x64.Build.0 = Debug|Any CPU
		{4AE4BDB4-2E8A-4BFA-A867-1B82D9F2C6AE}.Debug|x86.ActiveCfg = Debug|Any CPU
		{4AE4BDB4-2E8A-4BFA-A867-1B82D9F2C6AE}.Debug|x86.Build.0 = Debug|Any CPU
		{4AE4BDB4-2E8A-4BFA-A867-1B82D9F2C6AE}.Release|Any CPU.ActiveCfg = Release|Any CPU
		{4AE4BDB4-2E8A-4BFA-A867-1B82D9F2C6AE}.Release|Any CPU.Build.0 = Release|Any CPU
		{4AE4BDB4-2E8A-4BFA-A867-1B82D9F2C6AE}.Release|x64.ActiveCfg = Release|Any CPU
		{4AE4BDB4-2E8A-4BFA-A867-1B82D9F2C6AE}.Release|x64.Build.0 = Release|Any CPU
		{4AE4BDB4-2E8A-4BFA-A867-1B82D9F2C6AE}.Release|x86.ActiveCfg = Release|Any CPU
		{4AE4BDB4-2E8A-4BFA-A867-1B82D9F2C6AE}.Release|x86.Build.0 = Release|Any CPU
		{2B35F758-BAE4-4095-9747-357C8BE56167}.Debug|Any CPU.ActiveCfg = Debug|Any CPU
		{2B35F758-BAE4-4095-9747-357C8BE56167}.Debug|Any CPU.Build.0 = Debug|Any CPU
		{2B35F758-BAE4-4095-9747-357C8BE56167}.Debug|x64.ActiveCfg = Debug|Any CPU
		{2B35F758-BAE4-4095-9747-357C8BE56167}.Debug|x64.Build.0 = Debug|Any CPU
		{2B35F758-BAE4-4095-9747-357C8BE56167}.Debug|x86.ActiveCfg = Debug|Any CPU
		{2B35F758-BAE4-4095-9747-357C8BE56167}.Debug|x86.Build.0 = Debug|Any CPU
		{2B35F758-BAE4-4095-9747-357C8BE56167}.Release|Any CPU.ActiveCfg = Release|Any CPU
		{2B35F758-BAE4-4095-9747-357C8BE56167}.Release|Any CPU.Build.0 = Release|Any CPU
		{2B35F758-BAE4-4095-9747-357C8BE56167}.Release|x64.ActiveCfg = Release|Any CPU
		{2B35F758-BAE4-4095-9747-357C8BE56167}.Release|x64.Build.0 = Release|Any CPU
		{2B35F758-BAE4-4095-9747-357C8BE56167}.Release|x86.ActiveCfg = Release|Any CPU
		{2B35F758-BAE4-4095-9747-357C8BE56167}.Release|x86.Build.0 = Release|Any CPU
		{9383DB7A-CF4F-4CE2-AACF-C9B2AD217F9C}.Debug|Any CPU.ActiveCfg = Debug|Any CPU
		{9383DB7A-CF4F-4CE2-AACF-C9B2AD217F9C}.Debug|Any CPU.Build.0 = Debug|Any CPU
		{9383DB7A-CF4F-4CE2-AACF-C9B2AD217F9C}.Debug|x64.ActiveCfg = Debug|Any CPU
		{9383DB7A-CF4F-4CE2-AACF-C9B2AD217F9C}.Debug|x64.Build.0 = Debug|Any CPU
		{9383DB7A-CF4F-4CE2-AACF-C9B2AD217F9C}.Debug|x86.ActiveCfg = Debug|Any CPU
		{9383DB7A-CF4F-4CE2-AACF-C9B2AD217F9C}.Debug|x86.Build.0 = Debug|Any CPU
		{9383DB7A-CF4F-4CE2-AACF-C9B2AD217F9C}.Release|Any CPU.ActiveCfg = Release|Any CPU
		{9383DB7A-CF4F-4CE2-AACF-C9B2AD217F9C}.Release|Any CPU.Build.0 = Release|Any CPU
		{9383DB7A-CF4F-4CE2-AACF-C9B2AD217F9C}.Release|x64.ActiveCfg = Release|Any CPU
		{9383DB7A-CF4F-4CE2-AACF-C9B2AD217F9C}.Release|x64.Build.0 = Release|Any CPU
		{9383DB7A-CF4F-4CE2-AACF-C9B2AD217F9C}.Release|x86.ActiveCfg = Release|Any CPU
		{9383DB7A-CF4F-4CE2-AACF-C9B2AD217F9C}.Release|x86.Build.0 = Release|Any CPU
	EndGlobalSection
	GlobalSection(SolutionProperties) = preSolution
		HideSolutionNode = FALSE
	EndGlobalSection
	GlobalSection(NestedProjects) = preSolution
		{1C25E1A9-A965-4680-A86A-775224B2FAD4} = {BEA7B3AB-D8AA-43B9-AEA7-7C04FBD3F5B0}
		{104C8210-2989-4B1A-9CC0-9F6C0D58A595} = {7F845CED-EED9-4044-A826-E2409CDD8F49}
		{61F8DDEF-0FFB-42A1-ACAF-453D5AFC4A48} = {7F845CED-EED9-4044-A826-E2409CDD8F49}
		{CFBEED14-1FB5-4C57-BF2E-A260F3D9EBE7} = {24F11944-A046-4398-BE33-3CD7BF870237}
		{4AE4BDB4-2E8A-4BFA-A867-1B82D9F2C6AE} = {33168F8D-8014-4748-881E-043A7B85119E}
		{2B35F758-BAE4-4095-9747-357C8BE56167} = {33168F8D-8014-4748-881E-043A7B85119E}
		{33168F8D-8014-4748-881E-043A7B85119E} = {BEA7B3AB-D8AA-43B9-AEA7-7C04FBD3F5B0}
		{9383DB7A-CF4F-4CE2-AACF-C9B2AD217F9C} = {33168F8D-8014-4748-881E-043A7B85119E}
	EndGlobalSection
EndGlobal
