
Microsoft Visual Studio Solution File, Format Version 12.00
# Visual Studio 15
VisualStudioVersion = 15.0.26403.0
MinimumVisualStudioVersion = 15.0.26124.0
Project("{9A19103F-16F7-4668-BE54-9A1E7A4F7556}") = "DotBPE.Codes.Avenue", "DotBPE.Codes.Avenue\DotBPE.Codes.Avenue.csproj", "{F1ED7FDE-0E45-4F27-BF23-E41DF681D899}"
EndProject
Project("{9A19103F-16F7-4668-BE54-9A1E7A4F7556}") = "DotBPE.Test", "DotBPE.Test\DotBPE.Test.csproj", "{1C25E1A9-A965-4680-A86A-775224B2FAD4}"
EndProject
Project("{9A19103F-16F7-4668-BE54-9A1E7A4F7556}") = "DotBPE.Rpc", "DotBPE.Rpc\DotBPE.Rpc.csproj", "{104C8210-2989-4B1A-9CC0-9F6C0D58A595}"
EndProject
Project("{9A19103F-16F7-4668-BE54-9A1E7A4F7556}") = "DotBPE.Rpc.Netty", "DotBPE.Rpc.Netty\DotBPE.Rpc.Netty.csproj", "{61F8DDEF-0FFB-42A1-ACAF-453D5AFC4A48}"
EndProject
Global
	GlobalSection(SolutionConfigurationPlatforms) = preSolution
		Debug|Any CPU = Debug|Any CPU
		Debug|x64 = Debug|x64
		Debug|x86 = Debug|x86
		Release|Any CPU = Release|Any CPU
		Release|x64 = Release|x64
		Release|x86 = Release|x86
	EndGlobalSection
	GlobalSection(ProjectConfigurationPlatforms) = postSolution
		{F1ED7FDE-0E45-4F27-BF23-E41DF681D899}.Debug|Any CPU.ActiveCfg = Debug|Any CPU
		{F1ED7FDE-0E45-4F27-BF23-E41DF681D899}.Debug|Any CPU.Build.0 = Debug|Any CPU
		{F1ED7FDE-0E45-4F27-BF23-E41DF681D899}.Debug|x64.ActiveCfg = Debug|Any CPU
		{F1ED7FDE-0E45-4F27-BF23-E41DF681D899}.Debug|x64.Build.0 = Debug|Any CPU
		{F1ED7FDE-0E45-4F27-BF23-E41DF681D899}.Debug|x86.ActiveCfg = Debug|Any CPU
		{F1ED7FDE-0E45-4F27-BF23-E41DF681D899}.Debug|x86.Build.0 = Debug|Any CPU
		{F1ED7FDE-0E45-4F27-BF23-E41DF681D899}.Release|Any CPU.ActiveCfg = Release|Any CPU
		{F1ED7FDE-0E45-4F27-BF23-E41DF681D899}.Release|Any CPU.Build.0 = Release|Any CPU
		{F1ED7FDE-0E45-4F27-BF23-E41DF681D899}.Release|x64.ActiveCfg = Release|Any CPU
		{F1ED7FDE-0E45-4F27-BF23-E41DF681D899}.Release|x64.Build.0 = Release|Any CPU
		{F1ED7FDE-0E45-4F27-BF23-E41DF681D899}.Release|x86.ActiveCfg = Release|Any CPU
		{F1ED7FDE-0E45-4F27-BF23-E41DF681D899}.Release|x86.Build.0 = Release|Any CPU
		{1C25E1A9-A965-4680-A86A-775224B2FAD4}.Debug|Any CPU.ActiveCfg = Debug|Any CPU
		{1C25E1A9-A965-4680-A86A-775224B2FAD4}.Debug|Any CPU.Build.0 = Debug|Any CPU
		{1C25E1A9-A965-4680-A86A-775224B2FAD4}.Debug|x64.ActiveCfg = Debug|Any CPU
		{1C25E1A9-A965-4680-A86A-775224B2FAD4}.Debug|x64.Build.0 = Debug|Any CPU
		{1C25E1A9-A965-4680-A86A-775224B2FAD4}.Debug|x86.ActiveCfg = Debug|Any CPU
		{1C25E1A9-A965-4680-A86A-775224B2FAD4}.Debug|x86.Build.0 = Debug|Any CPU
		{1C25E1A9-A965-4680-A86A-775224B2FAD4}.Release|Any CPU.ActiveCfg = Release|Any CPU
		{1C25E1A9-A965-4680-A86A-775224B2FAD4}.Release|Any CPU.Build.0 = Release|Any CPU
		{1C25E1A9-A965-4680-A86A-775224B2FAD4}.Release|x64.ActiveCfg = Release|Any CPU
		{1C25E1A9-A965-4680-A86A-775224B2FAD4}.Release|x64.Build.0 = Release|Any CPU
		{1C25E1A9-A965-4680-A86A-775224B2FAD4}.Release|x86.ActiveCfg = Release|Any CPU
		{1C25E1A9-A965-4680-A86A-775224B2FAD4}.Release|x86.Build.0 = Release|Any CPU
		{104C8210-2989-4B1A-9CC0-9F6C0D58A595}.Debug|Any CPU.ActiveCfg = Debug|Any CPU
		{104C8210-2989-4B1A-9CC0-9F6C0D58A595}.Debug|Any CPU.Build.0 = Debug|Any CPU
		{104C8210-2989-4B1A-9CC0-9F6C0D58A595}.Debug|x64.ActiveCfg = Debug|Any CPU
		{104C8210-2989-4B1A-9CC0-9F6C0D58A595}.Debug|x64.Build.0 = Debug|Any CPU
		{104C8210-2989-4B1A-9CC0-9F6C0D58A595}.Debug|x86.ActiveCfg = Debug|Any CPU
		{104C8210-2989-4B1A-9CC0-9F6C0D58A595}.Debug|x86.Build.0 = Debug|Any CPU
		{104C8210-2989-4B1A-9CC0-9F6C0D58A595}.Release|Any CPU.ActiveCfg = Release|Any CPU
		{104C8210-2989-4B1A-9CC0-9F6C0D58A595}.Release|Any CPU.Build.0 = Release|Any CPU
		{104C8210-2989-4B1A-9CC0-9F6C0D58A595}.Release|x64.ActiveCfg = Release|Any CPU
		{104C8210-2989-4B1A-9CC0-9F6C0D58A595}.Release|x64.Build.0 = Release|Any CPU
		{104C8210-2989-4B1A-9CC0-9F6C0D58A595}.Release|x86.ActiveCfg = Release|Any CPU
		{104C8210-2989-4B1A-9CC0-9F6C0D58A595}.Release|x86.Build.0 = Release|Any CPU
		{61F8DDEF-0FFB-42A1-ACAF-453D5AFC4A48}.Debug|Any CPU.ActiveCfg = Debug|Any CPU
		{61F8DDEF-0FFB-42A1-ACAF-453D5AFC4A48}.Debug|Any CPU.Build.0 = Debug|Any CPU
		{61F8DDEF-0FFB-42A1-ACAF-453D5AFC4A48}.Debug|x64.ActiveCfg = Debug|Any CPU
		{61F8DDEF-0FFB-42A1-ACAF-453D5AFC4A48}.Debug|x64.Build.0 = Debug|Any CPU
		{61F8DDEF-0FFB-42A1-ACAF-453D5AFC4A48}.Debug|x86.ActiveCfg = Debug|Any CPU
		{61F8DDEF-0FFB-42A1-ACAF-453D5AFC4A48}.Debug|x86.Build.0 = Debug|Any CPU
		{61F8DDEF-0FFB-42A1-ACAF-453D5AFC4A48}.Release|Any CPU.ActiveCfg = Release|Any CPU
		{61F8DDEF-0FFB-42A1-ACAF-453D5AFC4A48}.Release|Any CPU.Build.0 = Release|Any CPU
		{61F8DDEF-0FFB-42A1-ACAF-453D5AFC4A48}.Release|x64.ActiveCfg = Release|Any CPU
		{61F8DDEF-0FFB-42A1-ACAF-453D5AFC4A48}.Release|x64.Build.0 = Release|Any CPU
		{61F8DDEF-0FFB-42A1-ACAF-453D5AFC4A48}.Release|x86.ActiveCfg = Release|Any CPU
		{61F8DDEF-0FFB-42A1-ACAF-453D5AFC4A48}.Release|x86.Build.0 = Release|Any CPU
	EndGlobalSection
	GlobalSection(SolutionProperties) = preSolution
		HideSolutionNode = FALSE
	EndGlobalSection
EndGlobal
