
Microsoft Visual Studio Solution File, Format Version 12.00
# Visual Studio 15
VisualStudioVersion = 15.0.26403.0
MinimumVisualStudioVersion = 15.0.26124.0
Project("{9A19103F-16F7-4668-BE54-9A1E7A4F7556}") = "DotBPE.Test", "test\DotBPE.Test\DotBPE.Test.csproj", "{1C25E1A9-A965-4680-A86A-775224B2FAD4}"
EndProject
Project("{9A19103F-16F7-4668-BE54-9A1E7A4F7556}") = "DotBPE.Rpc", "DotBPE.Rpc\DotBPE.Rpc.csproj", "{104C8210-2989-4B1A-9CC0-9F6C0D58A595}"
EndProject
Project("{9A19103F-16F7-4668-BE54-9A1E7A4F7556}") = "DotBPE.Rpc.Netty", "DotBPE.Rpc.Netty\DotBPE.Rpc.Netty.csproj", "{61F8DDEF-0FFB-42A1-ACAF-453D5AFC4A48}"
EndProject
Project("{FAE04EC0-301F-11D3-BF4B-00C04F79EFBC}") = "DotBPE.Protocol.Avenue", "protocol\DotBPE.Protocol.Avenue\DotBPE.Protocol.Avenue.csproj", "{B544C901-50A8-444B-BB22-EF0AB7F5DEB5}"
EndProject
Project("{FAE04EC0-301F-11D3-BF4B-00C04F79EFBC}") = "DotBPE.Protocol.Amp", "protocol\DotBPE.Protocol.Amp\DotBPE.Protocol.Amp.csproj", "{CFBEED14-1FB5-4C57-BF2E-A260F3D9EBE7}"
EndProject
Project("{2150E333-8FDC-42A3-9474-1A3956D46DE8}") = "sample", "sample", "{8C724D8D-4073-4A47-A588-AF825A7EAAEF}"
EndProject
Project("{2150E333-8FDC-42A3-9474-1A3956D46DE8}") = "echo", "echo", "{3CEF66BD-989A-4E50-8349-8D2B013BE10B}"
EndProject
Project("{FAE04EC0-301F-11D3-BF4B-00C04F79EFBC}") = "HelloRpc.Server", "sample\echo\HelloRpc.Server\HelloRpc.Server.csproj", "{81066E51-BF97-4D38-8CAD-2F52E9C5BD49}"
EndProject
Project("{FAE04EC0-301F-11D3-BF4B-00C04F79EFBC}") = "HelloRpc.Client", "sample\echo\HelloRpc.Client\HelloRpc.Client.csproj", "{A9E460A2-4F40-4CD2-8EEC-2EC7A91DF705}"
EndProject
Project("{FAE04EC0-301F-11D3-BF4B-00C04F79EFBC}") = "HelloRpc.Common", "sample\echo\HelloRpc.Common\HelloRpc.Common.csproj", "{FC675D96-CB7E-45DC-B3BE-9BC353F2C7D6}"
EndProject
Project("{2150E333-8FDC-42A3-9474-1A3956D46DE8}") = "protocol", "protocol", "{24F11944-A046-4398-BE33-3CD7BF870237}"
EndProject
Project("{2150E333-8FDC-42A3-9474-1A3956D46DE8}") = "test", "test", "{BEA7B3AB-D8AA-43B9-AEA7-7C04FBD3F5B0}"
EndProject
Project("{2150E333-8FDC-42A3-9474-1A3956D46DE8}") = "tool", "tool", "{185A86A0-C120-4E58-BB94-A9DB4484BD8E}"
EndProject
Project("{FAE04EC0-301F-11D3-BF4B-00C04F79EFBC}") = "Protobuff.Plugin", "Protobuff.Plugin\Protobuff.Plugin.csproj", "{9847211A-225F-48C5-96A7-CA6BBF9C51EF}"
EndProject
Global
	GlobalSection(SolutionConfigurationPlatforms) = preSolution
		Debug|Any CPU = Debug|Any CPU
		Debug|x64 = Debug|x64
		Debug|x86 = Debug|x86
		Release|Any CPU = Release|Any CPU
		Release|x64 = Release|x64
		Release|x86 = Release|x86
	EndGlobalSection
	GlobalSection(ProjectConfigurationPlatforms) = postSolution
		{1C25E1A9-A965-4680-A86A-775224B2FAD4}.Debug|Any CPU.ActiveCfg = Debug|Any CPU
		{1C25E1A9-A965-4680-A86A-775224B2FAD4}.Debug|Any CPU.Build.0 = Debug|Any CPU
		{1C25E1A9-A965-4680-A86A-775224B2FAD4}.Debug|x64.ActiveCfg = Debug|Any CPU
		{1C25E1A9-A965-4680-A86A-775224B2FAD4}.Debug|x64.Build.0 = Debug|Any CPU
		{1C25E1A9-A965-4680-A86A-775224B2FAD4}.Debug|x86.ActiveCfg = Debug|Any CPU
		{1C25E1A9-A965-4680-A86A-775224B2FAD4}.Debug|x86.Build.0 = Debug|Any CPU
		{1C25E1A9-A965-4680-A86A-775224B2FAD4}.Release|Any CPU.ActiveCfg = Release|Any CPU
		{1C25E1A9-A965-4680-A86A-775224B2FAD4}.Release|Any CPU.Build.0 = Release|Any CPU
		{1C25E1A9-A965-4680-A86A-775224B2FAD4}.Release|x64.ActiveCfg = Release|Any CPU
		{1C25E1A9-A965-4680-A86A-775224B2FAD4}.Release|x64.Build.0 = Release|Any CPU
		{1C25E1A9-A965-4680-A86A-775224B2FAD4}.Release|x86.ActiveCfg = Release|Any CPU
		{1C25E1A9-A965-4680-A86A-775224B2FAD4}.Release|x86.Build.0 = Release|Any CPU
		{104C8210-2989-4B1A-9CC0-9F6C0D58A595}.Debug|Any CPU.ActiveCfg = Debug|Any CPU
		{104C8210-2989-4B1A-9CC0-9F6C0D58A595}.Debug|Any CPU.Build.0 = Debug|Any CPU
		{104C8210-2989-4B1A-9CC0-9F6C0D58A595}.Debug|x64.ActiveCfg = Debug|Any CPU
		{104C8210-2989-4B1A-9CC0-9F6C0D58A595}.Debug|x64.Build.0 = Debug|Any CPU
		{104C8210-2989-4B1A-9CC0-9F6C0D58A595}.Debug|x86.ActiveCfg = Debug|Any CPU
		{104C8210-2989-4B1A-9CC0-9F6C0D58A595}.Debug|x86.Build.0 = Debug|Any CPU
		{104C8210-2989-4B1A-9CC0-9F6C0D58A595}.Release|Any CPU.ActiveCfg = Release|Any CPU
		{104C8210-2989-4B1A-9CC0-9F6C0D58A595}.Release|Any CPU.Build.0 = Release|Any CPU
		{104C8210-2989-4B1A-9CC0-9F6C0D58A595}.Release|x64.ActiveCfg = Release|Any CPU
		{104C8210-2989-4B1A-9CC0-9F6C0D58A595}.Release|x64.Build.0 = Release|Any CPU
		{104C8210-2989-4B1A-9CC0-9F6C0D58A595}.Release|x86.ActiveCfg = Release|Any CPU
		{104C8210-2989-4B1A-9CC0-9F6C0D58A595}.Release|x86.Build.0 = Release|Any CPU
		{61F8DDEF-0FFB-42A1-ACAF-453D5AFC4A48}.Debug|Any CPU.ActiveCfg = Debug|Any CPU
		{61F8DDEF-0FFB-42A1-ACAF-453D5AFC4A48}.Debug|Any CPU.Build.0 = Debug|Any CPU
		{61F8DDEF-0FFB-42A1-ACAF-453D5AFC4A48}.Debug|x64.ActiveCfg = Debug|Any CPU
		{61F8DDEF-0FFB-42A1-ACAF-453D5AFC4A48}.Debug|x64.Build.0 = Debug|Any CPU
		{61F8DDEF-0FFB-42A1-ACAF-453D5AFC4A48}.Debug|x86.ActiveCfg = Debug|Any CPU
		{61F8DDEF-0FFB-42A1-ACAF-453D5AFC4A48}.Debug|x86.Build.0 = Debug|Any CPU
		{61F8DDEF-0FFB-42A1-ACAF-453D5AFC4A48}.Release|Any CPU.ActiveCfg = Release|Any CPU
		{61F8DDEF-0FFB-42A1-ACAF-453D5AFC4A48}.Release|Any CPU.Build.0 = Release|Any CPU
		{61F8DDEF-0FFB-42A1-ACAF-453D5AFC4A48}.Release|x64.ActiveCfg = Release|Any CPU
		{61F8DDEF-0FFB-42A1-ACAF-453D5AFC4A48}.Release|x64.Build.0 = Release|Any CPU
		{61F8DDEF-0FFB-42A1-ACAF-453D5AFC4A48}.Release|x86.ActiveCfg = Release|Any CPU
		{61F8DDEF-0FFB-42A1-ACAF-453D5AFC4A48}.Release|x86.Build.0 = Release|Any CPU
		{B544C901-50A8-444B-BB22-EF0AB7F5DEB5}.Debug|Any CPU.ActiveCfg = Debug|Any CPU
		{B544C901-50A8-444B-BB22-EF0AB7F5DEB5}.Debug|Any CPU.Build.0 = Debug|Any CPU
		{B544C901-50A8-444B-BB22-EF0AB7F5DEB5}.Debug|x64.ActiveCfg = Debug|Any CPU
		{B544C901-50A8-444B-BB22-EF0AB7F5DEB5}.Debug|x64.Build.0 = Debug|Any CPU
		{B544C901-50A8-444B-BB22-EF0AB7F5DEB5}.Debug|x86.ActiveCfg = Debug|Any CPU
		{B544C901-50A8-444B-BB22-EF0AB7F5DEB5}.Debug|x86.Build.0 = Debug|Any CPU
		{B544C901-50A8-444B-BB22-EF0AB7F5DEB5}.Release|Any CPU.ActiveCfg = Release|Any CPU
		{B544C901-50A8-444B-BB22-EF0AB7F5DEB5}.Release|Any CPU.Build.0 = Release|Any CPU
		{B544C901-50A8-444B-BB22-EF0AB7F5DEB5}.Release|x64.ActiveCfg = Release|Any CPU
		{B544C901-50A8-444B-BB22-EF0AB7F5DEB5}.Release|x64.Build.0 = Release|Any CPU
		{B544C901-50A8-444B-BB22-EF0AB7F5DEB5}.Release|x86.ActiveCfg = Release|Any CPU
		{B544C901-50A8-444B-BB22-EF0AB7F5DEB5}.Release|x86.Build.0 = Release|Any CPU
		{CFBEED14-1FB5-4C57-BF2E-A260F3D9EBE7}.Debug|Any CPU.ActiveCfg = Debug|Any CPU
		{CFBEED14-1FB5-4C57-BF2E-A260F3D9EBE7}.Debug|Any CPU.Build.0 = Debug|Any CPU
		{CFBEED14-1FB5-4C57-BF2E-A260F3D9EBE7}.Debug|x64.ActiveCfg = Debug|Any CPU
		{CFBEED14-1FB5-4C57-BF2E-A260F3D9EBE7}.Debug|x64.Build.0 = Debug|Any CPU
		{CFBEED14-1FB5-4C57-BF2E-A260F3D9EBE7}.Debug|x86.ActiveCfg = Debug|Any CPU
		{CFBEED14-1FB5-4C57-BF2E-A260F3D9EBE7}.Debug|x86.Build.0 = Debug|Any CPU
		{CFBEED14-1FB5-4C57-BF2E-A260F3D9EBE7}.Release|Any CPU.ActiveCfg = Release|Any CPU
		{CFBEED14-1FB5-4C57-BF2E-A260F3D9EBE7}.Release|Any CPU.Build.0 = Release|Any CPU
		{CFBEED14-1FB5-4C57-BF2E-A260F3D9EBE7}.Release|x64.ActiveCfg = Release|Any CPU
		{CFBEED14-1FB5-4C57-BF2E-A260F3D9EBE7}.Release|x64.Build.0 = Release|Any CPU
		{CFBEED14-1FB5-4C57-BF2E-A260F3D9EBE7}.Release|x86.ActiveCfg = Release|Any CPU
		{CFBEED14-1FB5-4C57-BF2E-A260F3D9EBE7}.Release|x86.Build.0 = Release|Any CPU
		{81066E51-BF97-4D38-8CAD-2F52E9C5BD49}.Debug|Any CPU.ActiveCfg = Debug|Any CPU
		{81066E51-BF97-4D38-8CAD-2F52E9C5BD49}.Debug|Any CPU.Build.0 = Debug|Any CPU
		{81066E51-BF97-4D38-8CAD-2F52E9C5BD49}.Debug|x64.ActiveCfg = Debug|Any CPU
		{81066E51-BF97-4D38-8CAD-2F52E9C5BD49}.Debug|x64.Build.0 = Debug|Any CPU
		{81066E51-BF97-4D38-8CAD-2F52E9C5BD49}.Debug|x86.ActiveCfg = Debug|Any CPU
		{81066E51-BF97-4D38-8CAD-2F52E9C5BD49}.Debug|x86.Build.0 = Debug|Any CPU
		{81066E51-BF97-4D38-8CAD-2F52E9C5BD49}.Release|Any CPU.ActiveCfg = Release|Any CPU
		{81066E51-BF97-4D38-8CAD-2F52E9C5BD49}.Release|Any CPU.Build.0 = Release|Any CPU
		{81066E51-BF97-4D38-8CAD-2F52E9C5BD49}.Release|x64.ActiveCfg = Release|Any CPU
		{81066E51-BF97-4D38-8CAD-2F52E9C5BD49}.Release|x64.Build.0 = Release|Any CPU
		{81066E51-BF97-4D38-8CAD-2F52E9C5BD49}.Release|x86.ActiveCfg = Release|Any CPU
		{81066E51-BF97-4D38-8CAD-2F52E9C5BD49}.Release|x86.Build.0 = Release|Any CPU
		{A9E460A2-4F40-4CD2-8EEC-2EC7A91DF705}.Debug|Any CPU.ActiveCfg = Debug|Any CPU
		{A9E460A2-4F40-4CD2-8EEC-2EC7A91DF705}.Debug|Any CPU.Build.0 = Debug|Any CPU
		{A9E460A2-4F40-4CD2-8EEC-2EC7A91DF705}.Debug|x64.ActiveCfg = Debug|Any CPU
		{A9E460A2-4F40-4CD2-8EEC-2EC7A91DF705}.Debug|x64.Build.0 = Debug|Any CPU
		{A9E460A2-4F40-4CD2-8EEC-2EC7A91DF705}.Debug|x86.ActiveCfg = Debug|Any CPU
		{A9E460A2-4F40-4CD2-8EEC-2EC7A91DF705}.Debug|x86.Build.0 = Debug|Any CPU
		{A9E460A2-4F40-4CD2-8EEC-2EC7A91DF705}.Release|Any CPU.ActiveCfg = Release|Any CPU
		{A9E460A2-4F40-4CD2-8EEC-2EC7A91DF705}.Release|Any CPU.Build.0 = Release|Any CPU
		{A9E460A2-4F40-4CD2-8EEC-2EC7A91DF705}.Release|x64.ActiveCfg = Release|Any CPU
		{A9E460A2-4F40-4CD2-8EEC-2EC7A91DF705}.Release|x64.Build.0 = Release|Any CPU
		{A9E460A2-4F40-4CD2-8EEC-2EC7A91DF705}.Release|x86.ActiveCfg = Release|Any CPU
		{A9E460A2-4F40-4CD2-8EEC-2EC7A91DF705}.Release|x86.Build.0 = Release|Any CPU
		{FC675D96-CB7E-45DC-B3BE-9BC353F2C7D6}.Debug|Any CPU.ActiveCfg = Debug|Any CPU
		{FC675D96-CB7E-45DC-B3BE-9BC353F2C7D6}.Debug|Any CPU.Build.0 = Debug|Any CPU
		{FC675D96-CB7E-45DC-B3BE-9BC353F2C7D6}.Debug|x64.ActiveCfg = Debug|Any CPU
		{FC675D96-CB7E-45DC-B3BE-9BC353F2C7D6}.Debug|x64.Build.0 = Debug|Any CPU
		{FC675D96-CB7E-45DC-B3BE-9BC353F2C7D6}.Debug|x86.ActiveCfg = Debug|Any CPU
		{FC675D96-CB7E-45DC-B3BE-9BC353F2C7D6}.Debug|x86.Build.0 = Debug|Any CPU
		{FC675D96-CB7E-45DC-B3BE-9BC353F2C7D6}.Release|Any CPU.ActiveCfg = Release|Any CPU
		{FC675D96-CB7E-45DC-B3BE-9BC353F2C7D6}.Release|Any CPU.Build.0 = Release|Any CPU
		{FC675D96-CB7E-45DC-B3BE-9BC353F2C7D6}.Release|x64.ActiveCfg = Release|Any CPU
		{FC675D96-CB7E-45DC-B3BE-9BC353F2C7D6}.Release|x64.Build.0 = Release|Any CPU
		{FC675D96-CB7E-45DC-B3BE-9BC353F2C7D6}.Release|x86.ActiveCfg = Release|Any CPU
		{FC675D96-CB7E-45DC-B3BE-9BC353F2C7D6}.Release|x86.Build.0 = Release|Any CPU
		{9847211A-225F-48C5-96A7-CA6BBF9C51EF}.Debug|Any CPU.ActiveCfg = Debug|Any CPU
		{9847211A-225F-48C5-96A7-CA6BBF9C51EF}.Debug|Any CPU.Build.0 = Debug|Any CPU
		{9847211A-225F-48C5-96A7-CA6BBF9C51EF}.Debug|x64.ActiveCfg = Debug|Any CPU
		{9847211A-225F-48C5-96A7-CA6BBF9C51EF}.Debug|x64.Build.0 = Debug|Any CPU
		{9847211A-225F-48C5-96A7-CA6BBF9C51EF}.Debug|x86.ActiveCfg = Debug|Any CPU
		{9847211A-225F-48C5-96A7-CA6BBF9C51EF}.Debug|x86.Build.0 = Debug|Any CPU
		{9847211A-225F-48C5-96A7-CA6BBF9C51EF}.Release|Any CPU.ActiveCfg = Release|Any CPU
		{9847211A-225F-48C5-96A7-CA6BBF9C51EF}.Release|Any CPU.Build.0 = Release|Any CPU
		{9847211A-225F-48C5-96A7-CA6BBF9C51EF}.Release|x64.ActiveCfg = Release|Any CPU
		{9847211A-225F-48C5-96A7-CA6BBF9C51EF}.Release|x64.Build.0 = Release|Any CPU
		{9847211A-225F-48C5-96A7-CA6BBF9C51EF}.Release|x86.ActiveCfg = Release|Any CPU
		{9847211A-225F-48C5-96A7-CA6BBF9C51EF}.Release|x86.Build.0 = Release|Any CPU
	EndGlobalSection
	GlobalSection(SolutionProperties) = preSolution
		HideSolutionNode = FALSE
	EndGlobalSection
	GlobalSection(NestedProjects) = preSolution
		{1C25E1A9-A965-4680-A86A-775224B2FAD4} = {BEA7B3AB-D8AA-43B9-AEA7-7C04FBD3F5B0}
		{B544C901-50A8-444B-BB22-EF0AB7F5DEB5} = {24F11944-A046-4398-BE33-3CD7BF870237}
		{CFBEED14-1FB5-4C57-BF2E-A260F3D9EBE7} = {24F11944-A046-4398-BE33-3CD7BF870237}
		{3CEF66BD-989A-4E50-8349-8D2B013BE10B} = {8C724D8D-4073-4A47-A588-AF825A7EAAEF}
		{81066E51-BF97-4D38-8CAD-2F52E9C5BD49} = {3CEF66BD-989A-4E50-8349-8D2B013BE10B}
		{A9E460A2-4F40-4CD2-8EEC-2EC7A91DF705} = {3CEF66BD-989A-4E50-8349-8D2B013BE10B}
		{FC675D96-CB7E-45DC-B3BE-9BC353F2C7D6} = {3CEF66BD-989A-4E50-8349-8D2B013BE10B}
		{9847211A-225F-48C5-96A7-CA6BBF9C51EF} = {185A86A0-C120-4E58-BB94-A9DB4484BD8E}
	EndGlobalSection
EndGlobal
